// !$*UTF8*$!
{
	archiveVersion = 1;
	classes = {
	};
	objectVersion = 55;
	objects = {

/* Begin PBXBuildFile section */
		1F0B6752276FA6C900011A7E /* Better_StepApp.swift in Sources */ = {isa = PBXBuildFile; fileRef = 1F0B6751276FA6C900011A7E /* Better_StepApp.swift */; };
		1F0B6754276FA6C900011A7E /* ContentView.swift in Sources */ = {isa = PBXBuildFile; fileRef = 1F0B6753276FA6C900011A7E /* ContentView.swift */; };
		1F0B6756276FA6CA00011A7E /* Assets.xcassets in Resources */ = {isa = PBXBuildFile; fileRef = 1F0B6755276FA6CA00011A7E /* Assets.xcassets */; };
		1F0B6759276FA6CA00011A7E /* Preview Assets.xcassets in Resources */ = {isa = PBXBuildFile; fileRef = 1F0B6758276FA6CA00011A7E /* Preview Assets.xcassets */; };
		1F0B6763276FA6CA00011A7E /* Better_StepTests.swift in Sources */ = {isa = PBXBuildFile; fileRef = 1F0B6762276FA6CA00011A7E /* Better_StepTests.swift */; };
		1F1701A62777B65A00E510AE /* EmailFormView.swift in Sources */ = {isa = PBXBuildFile; fileRef = 1F1701A52777B65A00E510AE /* EmailFormView.swift */; };
		1F1701AA2777D00300E510AE /* DurationStepper.swift in Sources */ = {isa = PBXBuildFile; fileRef = 1F1701A92777D00300E510AE /* DurationStepper.swift */; };
		1F1BD8D527D1450300568ADF /* ComplexModule in Frameworks */ = {isa = PBXBuildFile; productRef = 1F1BD8D427D1450300568ADF /* ComplexModule */; };
		1F1BD8D727D1450300568ADF /* Numerics in Frameworks */ = {isa = PBXBuildFile; productRef = 1F1BD8D627D1450300568ADF /* Numerics */; };
		1F1BD8D927D1450300568ADF /* RealModule in Frameworks */ = {isa = PBXBuildFile; productRef = 1F1BD8D827D1450300568ADF /* RealModule */; };
		1F60B09E276FB6E20026D28B /* GenericInstructionView.swift in Sources */ = {isa = PBXBuildFile; fileRef = 1F60B09D276FB6E20026D28B /* GenericInstructionView.swift */; };
		1F60B0A0276FBD1B0026D28B /* WalkView.swift in Sources */ = {isa = PBXBuildFile; fileRef = 1F60B09F276FBD1B0026D28B /* WalkView.swift */; };
		1F60B0A2276FCE410026D28B /* ReportView.swift in Sources */ = {isa = PBXBuildFile; fileRef = 1F60B0A1276FCE410026D28B /* ReportView.swift */; };
		1F60B0A4276FCF690026D28B /* SetupView.swift in Sources */ = {isa = PBXBuildFile; fileRef = 1F60B0A3276FCF690026D28B /* SetupView.swift */; };
		1F8A064B27A3401700477379 /* DASIResponseTests.swift in Sources */ = {isa = PBXBuildFile; fileRef = 1F8A064A27A3401700477379 /* DASIResponseTests.swift */; };
		1F8A064C27A34EA900477379 /* Better_StepUITests.swift in Sources */ = {isa = PBXBuildFile; fileRef = 1F0B676C276FA6CA00011A7E /* Better_StepUITests.swift */; };
		1F8A064D27A34EAC00477379 /* Better_StepUITestsLaunchTests.swift in Sources */ = {isa = PBXBuildFile; fileRef = 1F0B676E276FA6CA00011A7E /* Better_StepUITestsLaunchTests.swift */; };
		1F8A065027A3528E00477379 /* Algorithms in Frameworks */ = {isa = PBXBuildFile; productRef = 1F8A064F27A3528E00477379 /* Algorithms */; };
		1F8A065427A4724500477379 /* DASICompleteView.swift in Sources */ = {isa = PBXBuildFile; fileRef = 1F8A065327A4724500477379 /* DASICompleteView.swift */; };
		1F8A065627A478B400477379 /* STGlobalState.swift in Sources */ = {isa = PBXBuildFile; fileRef = 1F8A065527A478B400477379 /* STGlobalState.swift */; };
		1F8A065827A4841400477379 /* ApplicationOnboardView.swift in Sources */ = {isa = PBXBuildFile; fileRef = 1F8A065727A4841400477379 /* ApplicationOnboardView.swift */; };
		1FA3B8B827D699DB0058F1AF /* SurveyContainerView.swift in Sources */ = {isa = PBXBuildFile; fileRef = 1FA3B8B727D699DB0058F1AF /* SurveyContainerView.swift */; };
		1FA3B8BC27D69BFC0058F1AF /* YesNoStack.swift in Sources */ = {isa = PBXBuildFile; fileRef = 1FA3B8B927D69BFC0058F1AF /* YesNoStack.swift */; };
		1FA3B8BD27D69BFC0058F1AF /* YesNoButton.swift in Sources */ = {isa = PBXBuildFile; fileRef = 1FA3B8BA27D69BFC0058F1AF /* YesNoButton.swift */; };
		1FA3B8BE27D69BFC0058F1AF /* YesNoView.swift in Sources */ = {isa = PBXBuildFile; fileRef = 1FA3B8BB27D69BFC0058F1AF /* YesNoView.swift */; };
		1FA3B8C027D69C440058F1AF /* DASIQuestionView.swift in Sources */ = {isa = PBXBuildFile; fileRef = 1FA3B8BF27D69C440058F1AF /* DASIQuestionView.swift */; };
		1FA3B8C227D69E360058F1AF /* DASICardView.swift in Sources */ = {isa = PBXBuildFile; fileRef = 1FA3B8C127D69E360058F1AF /* DASICardView.swift */; };
		1FA3B8C427D6B0CA0058F1AF /* ForwardBackBar.swift in Sources */ = {isa = PBXBuildFile; fileRef = 1FA3B8C327D6B0CA0058F1AF /* ForwardBackBar.swift */; };
		1FA3B8C627D6C0250058F1AF /* DASIOnboardView.swift in Sources */ = {isa = PBXBuildFile; fileRef = 1FA3B8C527D6C0250058F1AF /* DASIOnboardView.swift */; };
		1FB367B3279B551B0056600A /* WrappedTimer.swift in Sources */ = {isa = PBXBuildFile; fileRef = 1FB367B2279B551B0056600A /* WrappedTimer.swift */; };
		1FD4566D279B68DC00B5429A /* Voice.swift in Sources */ = {isa = PBXBuildFile; fileRef = 1FD4566C279B68DC00B5429A /* Voice.swift */; };
		1FD4566F279CAE2B00B5429A /* TimeSpeaker.swift in Sources */ = {isa = PBXBuildFile; fileRef = 1FD4566E279CAE2B00B5429A /* TimeSpeaker.swift */; };
		1FD4568B279F208400B5429A /* FileManager+extensions.swift in Sources */ = {isa = PBXBuildFile; fileRef = 1FD4568A279F208400B5429A /* FileManager+extensions.swift */; };
		1FD4568D279F217700B5429A /* CoreGraphics+Extensions.swift in Sources */ = {isa = PBXBuildFile; fileRef = 1FD4568C279F217700B5429A /* CoreGraphics+Extensions.swift */; };
		1FD4568F279F318900B5429A /* AcceleratorFileSink.swift in Sources */ = {isa = PBXBuildFile; fileRef = 1FD4568E279F318900B5429A /* AcceleratorFileSink.swift */; };
		1FD45691279F40B600B5429A /* DASIReportContents.swift in Sources */ = {isa = PBXBuildFile; fileRef = 1FD45690279F40B600B5429A /* DASIReportContents.swift */; };
		1FD45695279F589A00B5429A /* DASIResponse.swift in Sources */ = {isa = PBXBuildFile; fileRef = 1FD45694279F589900B5429A /* DASIResponse.swift */; };
		1FEA9ED7279A23B3004F3B83 /* SubsecondHandView.swift in Sources */ = {isa = PBXBuildFile; fileRef = 1FEA9ED6279A23B3004F3B83 /* SubsecondHandView.swift */; };
		1FF11B352799D54100E319ED /* AccelerationWriter.swift in Sources */ = {isa = PBXBuildFile; fileRef = 1FF11B342799D54100E319ED /* AccelerationWriter.swift */; };
		1FF11B37279A0A0A00E319ED /* WalkProgressView.swift in Sources */ = {isa = PBXBuildFile; fileRef = 1FF11B36279A0A0A00E319ED /* WalkProgressView.swift */; };
		1FF11B39279A140600E319ED /* WalkCountdownView.swift in Sources */ = {isa = PBXBuildFile; fileRef = 1FF11B38279A140600E319ED /* WalkCountdownView.swift */; };
		1FF11B3C279A184A00E319ED /* SweepSecondView.swift in Sources */ = {isa = PBXBuildFile; fileRef = 1FF11B3B279A184A00E319ED /* SweepSecondView.swift */; };
		1FF1330B27A05FD3004D6647 /* QuestionID.swift in Sources */ = {isa = PBXBuildFile; fileRef = 1FF1330A27A05FD3004D6647 /* QuestionID.swift */; };
		1FF1330E27A07973004D6647 /* QuestionIDTests.swift in Sources */ = {isa = PBXBuildFile; fileRef = 1FF1330C27A07213004D6647 /* QuestionIDTests.swift */; };
		1FF1331127A09979004D6647 /* ZIPFoundation in Frameworks */ = {isa = PBXBuildFile; productRef = 1FF1331027A09979004D6647 /* ZIPFoundation */; };
		1FF1331327A0BE78004D6647 /* DASIReportTests.swift in Sources */ = {isa = PBXBuildFile; fileRef = 1FF1331227A0BE78004D6647 /* DASIReportTests.swift */; };
		1FF1331627A1D0DF004D6647 /* FMExtensionsTests.swift in Sources */ = {isa = PBXBuildFile; fileRef = 1FF1331427A1D049004D6647 /* FMExtensionsTests.swift */; };
		1FF35438278F61FB000894B8 /* CodableCSV in Frameworks */ = {isa = PBXBuildFile; productRef = 1FF35437278F61FB000894B8 /* CodableCSV */; };
		1FF3543C278FA9C2000894B8 /* SubjectFileCoordinator.swift in Sources */ = {isa = PBXBuildFile; fileRef = 1FF3543B278FA9C2000894B8 /* SubjectFileCoordinator.swift */; };
		1FF3543F2790A96C000894B8 /* AccelerometerItem.swift in Sources */ = {isa = PBXBuildFile; fileRef = 1FF3543E2790A96C000894B8 /* AccelerometerItem.swift */; };
		1FF354412790A99E000894B8 /* XYZ.swift in Sources */ = {isa = PBXBuildFile; fileRef = 1FF354402790A99E000894B8 /* XYZ.swift */; };
		1FF354442790D1F5000894B8 /* Collections in Frameworks */ = {isa = PBXBuildFile; productRef = 1FF354432790D1F5000894B8 /* Collections */; };
		1FF354462790D1F5000894B8 /* DequeModule in Frameworks */ = {isa = PBXBuildFile; productRef = 1FF354452790D1F5000894B8 /* DequeModule */; };
		1FF354482790D1F5000894B8 /* OrderedCollections in Frameworks */ = {isa = PBXBuildFile; productRef = 1FF354472790D1F5000894B8 /* OrderedCollections */; };
		1FF3544B2791FCFF000894B8 /* CoreMotion.swift in Sources */ = {isa = PBXBuildFile; fileRef = 1FF3544A2791FCFF000894B8 /* CoreMotion.swift */; };
		1FF3544D27920A1C000894B8 /* Configuration.swift in Sources */ = {isa = PBXBuildFile; fileRef = 1FF3544C27920A1C000894B8 /* Configuration.swift */; };
		1FF3545127921204000894B8 /* Formatting+Extensions.swift in Sources */ = {isa = PBXBuildFile; fileRef = 1FF3545027921204000894B8 /* Formatting+Extensions.swift */; };
		1FF354552799D47A000894B8 /* AccelerometerItemTests.swift in Sources */ = {isa = PBXBuildFile; fileRef = 1FF3545227977302000894B8 /* AccelerometerItemTests.swift */; };
		1FFB30E1277BE5230099AE5E /* DASIQuestions.swift in Sources */ = {isa = PBXBuildFile; fileRef = 1FFB30E0277BE5230099AE5E /* DASIQuestions.swift */; };
		1FFB30E6277BF1E90099AE5E /* DASIQuestions.json in Resources */ = {isa = PBXBuildFile; fileRef = 1FFB30E2277BE8390099AE5E /* DASIQuestions.json */; };
		1FFB31062787892B0099AE5E /* MinutePublisher.swift in Sources */ = {isa = PBXBuildFile; fileRef = 1FFB31052787892B0099AE5E /* MinutePublisher.swift */; };
		1FFB31082787991A0099AE5E /* TimerView.swift in Sources */ = {isa = PBXBuildFile; fileRef = 1FFB31072787991A0099AE5E /* TimerView.swift */; };
		1FFB310A2787997E0099AE5E /* MinSecFormatter.swift in Sources */ = {isa = PBXBuildFile; fileRef = 1FFB31092787997E0099AE5E /* MinSecFormatter.swift */; };
/* End PBXBuildFile section */

/* Begin PBXContainerItemProxy section */
		1F0B675F276FA6CA00011A7E /* PBXContainerItemProxy */ = {
			isa = PBXContainerItemProxy;
			containerPortal = 1F0B6746276FA6C900011A7E /* Project object */;
			proxyType = 1;
			remoteGlobalIDString = 1F0B674D276FA6C900011A7E;
			remoteInfo = "Better Step";
		};
		1F0B6769276FA6CA00011A7E /* PBXContainerItemProxy */ = {
			isa = PBXContainerItemProxy;
			containerPortal = 1F0B6746276FA6C900011A7E /* Project object */;
			proxyType = 1;
			remoteGlobalIDString = 1F0B674D276FA6C900011A7E;
			remoteInfo = "Better Step";
		};
/* End PBXContainerItemProxy section */

/* Begin PBXFileReference section */
		1F0B674E276FA6C900011A7E /* Better Step.app */ = {isa = PBXFileReference; explicitFileType = wrapper.application; includeInIndex = 0; path = "Better Step.app"; sourceTree = BUILT_PRODUCTS_DIR; };
		1F0B6751276FA6C900011A7E /* Better_StepApp.swift */ = {isa = PBXFileReference; lastKnownFileType = sourcecode.swift; path = Better_StepApp.swift; sourceTree = "<group>"; };
		1F0B6753276FA6C900011A7E /* ContentView.swift */ = {isa = PBXFileReference; lastKnownFileType = sourcecode.swift; path = ContentView.swift; sourceTree = "<group>"; };
		1F0B6755276FA6CA00011A7E /* Assets.xcassets */ = {isa = PBXFileReference; lastKnownFileType = folder.assetcatalog; path = Assets.xcassets; sourceTree = "<group>"; };
		1F0B6758276FA6CA00011A7E /* Preview Assets.xcassets */ = {isa = PBXFileReference; lastKnownFileType = folder.assetcatalog; path = "Preview Assets.xcassets"; sourceTree = "<group>"; };
		1F0B675E276FA6CA00011A7E /* Better StepTests.xctest */ = {isa = PBXFileReference; explicitFileType = wrapper.cfbundle; includeInIndex = 0; path = "Better StepTests.xctest"; sourceTree = BUILT_PRODUCTS_DIR; };
		1F0B6762276FA6CA00011A7E /* Better_StepTests.swift */ = {isa = PBXFileReference; lastKnownFileType = sourcecode.swift; path = Better_StepTests.swift; sourceTree = "<group>"; };
		1F0B6768276FA6CA00011A7E /* Better StepUITests.xctest */ = {isa = PBXFileReference; explicitFileType = wrapper.cfbundle; includeInIndex = 0; path = "Better StepUITests.xctest"; sourceTree = BUILT_PRODUCTS_DIR; };
		1F0B676C276FA6CA00011A7E /* Better_StepUITests.swift */ = {isa = PBXFileReference; lastKnownFileType = sourcecode.swift; path = Better_StepUITests.swift; sourceTree = "<group>"; };
		1F0B676E276FA6CA00011A7E /* Better_StepUITestsLaunchTests.swift */ = {isa = PBXFileReference; lastKnownFileType = sourcecode.swift; path = Better_StepUITestsLaunchTests.swift; sourceTree = "<group>"; };
		1F1701A52777B65A00E510AE /* EmailFormView.swift */ = {isa = PBXFileReference; lastKnownFileType = sourcecode.swift; path = EmailFormView.swift; sourceTree = "<group>"; };
		1F1701A92777D00300E510AE /* DurationStepper.swift */ = {isa = PBXFileReference; fileEncoding = 4; lastKnownFileType = sourcecode.swift; path = DurationStepper.swift; sourceTree = "<group>"; };
		1F60B09B276FAB3C0026D28B /* SurveyView.swift */ = {isa = PBXFileReference; lastKnownFileType = sourcecode.swift; path = SurveyView.swift; sourceTree = "<group>"; };
		1F60B09D276FB6E20026D28B /* GenericInstructionView.swift */ = {isa = PBXFileReference; lastKnownFileType = sourcecode.swift; path = GenericInstructionView.swift; sourceTree = "<group>"; };
		1F60B09F276FBD1B0026D28B /* WalkView.swift */ = {isa = PBXFileReference; lastKnownFileType = sourcecode.swift; path = WalkView.swift; sourceTree = "<group>"; };
		1F60B0A1276FCE410026D28B /* ReportView.swift */ = {isa = PBXFileReference; lastKnownFileType = sourcecode.swift; path = ReportView.swift; sourceTree = "<group>"; };
		1F60B0A3276FCF690026D28B /* SetupView.swift */ = {isa = PBXFileReference; lastKnownFileType = sourcecode.swift; path = SetupView.swift; sourceTree = "<group>"; };
		1F8A064A27A3401700477379 /* DASIResponseTests.swift */ = {isa = PBXFileReference; lastKnownFileType = sourcecode.swift; path = DASIResponseTests.swift; sourceTree = "<group>"; };
		1F8A065327A4724500477379 /* DASICompleteView.swift */ = {isa = PBXFileReference; lastKnownFileType = sourcecode.swift; path = DASICompleteView.swift; sourceTree = "<group>"; };
		1F8A065527A478B400477379 /* STGlobalState.swift */ = {isa = PBXFileReference; lastKnownFileType = sourcecode.swift; path = STGlobalState.swift; sourceTree = "<group>"; };
		1F8A065727A4841400477379 /* ApplicationOnboardView.swift */ = {isa = PBXFileReference; lastKnownFileType = sourcecode.swift; path = ApplicationOnboardView.swift; sourceTree = "<group>"; };
		1FA3B8B727D699DB0058F1AF /* SurveyContainerView.swift */ = {isa = PBXFileReference; lastKnownFileType = sourcecode.swift; path = SurveyContainerView.swift; sourceTree = "<group>"; };
		1FA3B8B927D69BFC0058F1AF /* YesNoStack.swift */ = {isa = PBXFileReference; fileEncoding = 4; lastKnownFileType = sourcecode.swift; path = YesNoStack.swift; sourceTree = "<group>"; };
		1FA3B8BA27D69BFC0058F1AF /* YesNoButton.swift */ = {isa = PBXFileReference; fileEncoding = 4; lastKnownFileType = sourcecode.swift; path = YesNoButton.swift; sourceTree = "<group>"; };
		1FA3B8BB27D69BFC0058F1AF /* YesNoView.swift */ = {isa = PBXFileReference; fileEncoding = 4; lastKnownFileType = sourcecode.swift; path = YesNoView.swift; sourceTree = "<group>"; };
		1FA3B8BF27D69C440058F1AF /* DASIQuestionView.swift */ = {isa = PBXFileReference; fileEncoding = 4; lastKnownFileType = sourcecode.swift; path = DASIQuestionView.swift; sourceTree = "<group>"; };
		1FA3B8C127D69E360058F1AF /* DASICardView.swift */ = {isa = PBXFileReference; lastKnownFileType = sourcecode.swift; path = DASICardView.swift; sourceTree = "<group>"; };
		1FA3B8C327D6B0CA0058F1AF /* ForwardBackBar.swift */ = {isa = PBXFileReference; lastKnownFileType = sourcecode.swift; path = ForwardBackBar.swift; sourceTree = "<group>"; };
		1FA3B8C527D6C0250058F1AF /* DASIOnboardView.swift */ = {isa = PBXFileReference; lastKnownFileType = sourcecode.swift; path = DASIOnboardView.swift; sourceTree = "<group>"; };
		1FB367B2279B551B0056600A /* WrappedTimer.swift */ = {isa = PBXFileReference; lastKnownFileType = sourcecode.swift; path = WrappedTimer.swift; sourceTree = "<group>"; };
		1FD4566C279B68DC00B5429A /* Voice.swift */ = {isa = PBXFileReference; lastKnownFileType = sourcecode.swift; path = Voice.swift; sourceTree = "<group>"; };
		1FD4566E279CAE2B00B5429A /* TimeSpeaker.swift */ = {isa = PBXFileReference; lastKnownFileType = sourcecode.swift; path = TimeSpeaker.swift; sourceTree = "<group>"; };
		1FD4568A279F208400B5429A /* FileManager+extensions.swift */ = {isa = PBXFileReference; lastKnownFileType = sourcecode.swift; path = "FileManager+extensions.swift"; sourceTree = "<group>"; };
		1FD4568C279F217700B5429A /* CoreGraphics+Extensions.swift */ = {isa = PBXFileReference; lastKnownFileType = sourcecode.swift; path = "CoreGraphics+Extensions.swift"; sourceTree = "<group>"; };
		1FD4568E279F318900B5429A /* AcceleratorFileSink.swift */ = {isa = PBXFileReference; lastKnownFileType = sourcecode.swift; path = AcceleratorFileSink.swift; sourceTree = "<group>"; };
		1FD45690279F40B600B5429A /* DASIReportContents.swift */ = {isa = PBXFileReference; lastKnownFileType = sourcecode.swift; path = DASIReportContents.swift; sourceTree = "<group>"; };
		1FD45694279F589900B5429A /* DASIResponse.swift */ = {isa = PBXFileReference; lastKnownFileType = sourcecode.swift; name = DASIResponse.swift; path = "Better Step/Model/DASIResponse.swift"; sourceTree = SOURCE_ROOT; };
		1FEA9ED6279A23B3004F3B83 /* SubsecondHandView.swift */ = {isa = PBXFileReference; lastKnownFileType = sourcecode.swift; path = SubsecondHandView.swift; sourceTree = "<group>"; };
		1FF11B342799D54100E319ED /* AccelerationWriter.swift */ = {isa = PBXFileReference; lastKnownFileType = sourcecode.swift; path = AccelerationWriter.swift; sourceTree = "<group>"; };
		1FF11B36279A0A0A00E319ED /* WalkProgressView.swift */ = {isa = PBXFileReference; lastKnownFileType = sourcecode.swift; path = WalkProgressView.swift; sourceTree = "<group>"; };
		1FF11B38279A140600E319ED /* WalkCountdownView.swift */ = {isa = PBXFileReference; lastKnownFileType = sourcecode.swift; path = WalkCountdownView.swift; sourceTree = "<group>"; };
		1FF11B3B279A184A00E319ED /* SweepSecondView.swift */ = {isa = PBXFileReference; lastKnownFileType = sourcecode.swift; path = SweepSecondView.swift; sourceTree = "<group>"; };
		1FF1330A27A05FD3004D6647 /* QuestionID.swift */ = {isa = PBXFileReference; lastKnownFileType = sourcecode.swift; path = QuestionID.swift; sourceTree = "<group>"; };
		1FF1330C27A07213004D6647 /* QuestionIDTests.swift */ = {isa = PBXFileReference; lastKnownFileType = sourcecode.swift; path = QuestionIDTests.swift; sourceTree = "<group>"; };
		1FF1331227A0BE78004D6647 /* DASIReportTests.swift */ = {isa = PBXFileReference; lastKnownFileType = sourcecode.swift; path = DASIReportTests.swift; sourceTree = "<group>"; };
		1FF1331427A1D049004D6647 /* FMExtensionsTests.swift */ = {isa = PBXFileReference; lastKnownFileType = sourcecode.swift; path = FMExtensionsTests.swift; sourceTree = "<group>"; };
		1FF35433278F5ED0000894B8 /* Better-Step-Info.plist */ = {isa = PBXFileReference; lastKnownFileType = text.plist; path = "Better-Step-Info.plist"; sourceTree = SOURCE_ROOT; };
		1FF3543B278FA9C2000894B8 /* SubjectFileCoordinator.swift */ = {isa = PBXFileReference; lastKnownFileType = sourcecode.swift; path = SubjectFileCoordinator.swift; sourceTree = "<group>"; };
		1FF3543E2790A96C000894B8 /* AccelerometerItem.swift */ = {isa = PBXFileReference; lastKnownFileType = sourcecode.swift; path = AccelerometerItem.swift; sourceTree = "<group>"; };
		1FF354402790A99E000894B8 /* XYZ.swift */ = {isa = PBXFileReference; lastKnownFileType = sourcecode.swift; path = XYZ.swift; sourceTree = "<group>"; };
		1FF3544A2791FCFF000894B8 /* CoreMotion.swift */ = {isa = PBXFileReference; lastKnownFileType = sourcecode.swift; path = CoreMotion.swift; sourceTree = "<group>"; };
		1FF3544C27920A1C000894B8 /* Configuration.swift */ = {isa = PBXFileReference; lastKnownFileType = sourcecode.swift; path = Configuration.swift; sourceTree = "<group>"; };
		1FF3544E27920A3B000894B8 /* config-mini.plist */ = {isa = PBXFileReference; lastKnownFileType = text.plist.xml; path = "config-mini.plist"; sourceTree = "<group>"; };
		1FF3545027921204000894B8 /* Formatting+Extensions.swift */ = {isa = PBXFileReference; lastKnownFileType = sourcecode.swift; path = "Formatting+Extensions.swift"; sourceTree = "<group>"; };
		1FF3545227977302000894B8 /* AccelerometerItemTests.swift */ = {isa = PBXFileReference; lastKnownFileType = sourcecode.swift; name = AccelerometerItemTests.swift; path = "Better StepTests/AccelerometerItemTests.swift"; sourceTree = SOURCE_ROOT; };
		1FFB30E0277BE5230099AE5E /* DASIQuestions.swift */ = {isa = PBXFileReference; lastKnownFileType = sourcecode.swift; path = DASIQuestions.swift; sourceTree = "<group>"; };
		1FFB30E2277BE8390099AE5E /* DASIQuestions.json */ = {isa = PBXFileReference; fileEncoding = 4; lastKnownFileType = text.json; path = DASIQuestions.json; sourceTree = "<group>"; };
		1FFB31052787892B0099AE5E /* MinutePublisher.swift */ = {isa = PBXFileReference; lastKnownFileType = sourcecode.swift; path = MinutePublisher.swift; sourceTree = "<group>"; };
		1FFB31072787991A0099AE5E /* TimerView.swift */ = {isa = PBXFileReference; lastKnownFileType = sourcecode.swift; name = TimerView.swift; path = "Better Step/Views/Walking/TimerView.swift"; sourceTree = SOURCE_ROOT; };
		1FFB31092787997E0099AE5E /* MinSecFormatter.swift */ = {isa = PBXFileReference; lastKnownFileType = sourcecode.swift; path = MinSecFormatter.swift; sourceTree = "<group>"; };
/* End PBXFileReference section */

/* Begin PBXFrameworksBuildPhase section */
		1F0B674B276FA6C900011A7E /* Frameworks */ = {
			isa = PBXFrameworksBuildPhase;
			buildActionMask = 2147483647;
			files = (
				1F8A065027A3528E00477379 /* Algorithms in Frameworks */,
				1FF354442790D1F5000894B8 /* Collections in Frameworks */,
				1F1BD8D527D1450300568ADF /* ComplexModule in Frameworks */,
				1FF35438278F61FB000894B8 /* CodableCSV in Frameworks */,
				1FF354482790D1F5000894B8 /* OrderedCollections in Frameworks */,
				1FF354462790D1F5000894B8 /* DequeModule in Frameworks */,
				1F1BD8D727D1450300568ADF /* Numerics in Frameworks */,
				1FF1331127A09979004D6647 /* ZIPFoundation in Frameworks */,
				1F1BD8D927D1450300568ADF /* RealModule in Frameworks */,
			);
			runOnlyForDeploymentPostprocessing = 0;
		};
		1F0B675B276FA6CA00011A7E /* Frameworks */ = {
			isa = PBXFrameworksBuildPhase;
			buildActionMask = 2147483647;
			files = (
			);
			runOnlyForDeploymentPostprocessing = 0;
		};
		1F0B6765276FA6CA00011A7E /* Frameworks */ = {
			isa = PBXFrameworksBuildPhase;
			buildActionMask = 2147483647;
			files = (
			);
			runOnlyForDeploymentPostprocessing = 0;
		};
/* End PBXFrameworksBuildPhase section */

/* Begin PBXGroup section */
		1F0B6745276FA6C900011A7E = {
			isa = PBXGroup;
			children = (
				1F0B6750276FA6C900011A7E /* Better Step */,
				1F0B6761276FA6CA00011A7E /* Better StepTests */,
				1F0B676B276FA6CA00011A7E /* Better StepUITests */,
				1F0B674F276FA6C900011A7E /* Products */,
			);
			sourceTree = "<group>";
		};
		1F0B674F276FA6C900011A7E /* Products */ = {
			isa = PBXGroup;
			children = (
				1F0B674E276FA6C900011A7E /* Better Step.app */,
				1F0B675E276FA6CA00011A7E /* Better StepTests.xctest */,
				1F0B6768276FA6CA00011A7E /* Better StepUITests.xctest */,
			);
			name = Products;
			sourceTree = "<group>";
		};
		1F0B6750276FA6C900011A7E /* Better Step */ = {
			isa = PBXGroup;
			children = (
				1FF35433278F5ED0000894B8 /* Better-Step-Info.plist */,
				1FF3544F27921191000894B8 /* Extensions */,
				1F0B6751276FA6C900011A7E /* Better_StepApp.swift */,
				1F8A065527A478B400477379 /* STGlobalState.swift */,
				1FF3543D2790A958000894B8 /* Storage */,
				1FFB30DF277BE5090099AE5E /* Model */,
				1FF354492791FCD1000894B8 /* Accelerometry */,
				1FFB30DE277BE4FA0099AE5E /* Views */,
				1F0B6755276FA6CA00011A7E /* Assets.xcassets */,
				1FF3544C27920A1C000894B8 /* Configuration.swift */,
				1FF3544E27920A3B000894B8 /* config-mini.plist */,
				1F0B6757276FA6CA00011A7E /* Preview Content */,
			);
			path = "Better Step";
			sourceTree = "<group>";
		};
		1F0B6757276FA6CA00011A7E /* Preview Content */ = {
			isa = PBXGroup;
			children = (
				1F0B6758276FA6CA00011A7E /* Preview Assets.xcassets */,
			);
			path = "Preview Content";
			sourceTree = "<group>";
		};
		1F0B6761276FA6CA00011A7E /* Better StepTests */ = {
			isa = PBXGroup;
			children = (
				1FF1331427A1D049004D6647 /* FMExtensionsTests.swift */,
				1FF1331227A0BE78004D6647 /* DASIReportTests.swift */,
				1F8A064A27A3401700477379 /* DASIResponseTests.swift */,
				1FF1330C27A07213004D6647 /* QuestionIDTests.swift */,
				1FF3545227977302000894B8 /* AccelerometerItemTests.swift */,
				1F0B6762276FA6CA00011A7E /* Better_StepTests.swift */,
			);
			path = "Better StepTests";
			sourceTree = "<group>";
		};
		1F0B676B276FA6CA00011A7E /* Better StepUITests */ = {
			isa = PBXGroup;
			children = (
				1F0B676C276FA6CA00011A7E /* Better_StepUITests.swift */,
				1F0B676E276FA6CA00011A7E /* Better_StepUITestsLaunchTests.swift */,
			);
			path = "Better StepUITests";
			sourceTree = "<group>";
		};
		1FF11B3A279A173D00E319ED /* DASI */ = {
			isa = PBXGroup;
			children = (
				1FA3B8C127D69E360058F1AF /* DASICardView.swift */,
				1FA3B8BF27D69C440058F1AF /* DASIQuestionView.swift */,
				1F8A065327A4724500477379 /* DASICompleteView.swift */,
				1F60B09B276FAB3C0026D28B /* SurveyView.swift */,
				1FA3B8C527D6C0250058F1AF /* DASIOnboardView.swift */,
				1FA3B8B727D699DB0058F1AF /* SurveyContainerView.swift */,
			);
			path = DASI;
			sourceTree = "<group>";
		};
		1FF3543D2790A958000894B8 /* Storage */ = {
			isa = PBXGroup;
			children = (
				1FF3543E2790A96C000894B8 /* AccelerometerItem.swift */,
				1FF354402790A99E000894B8 /* XYZ.swift */,
			);
			path = Storage;
			sourceTree = "<group>";
		};
		1FF354492791FCD1000894B8 /* Accelerometry */ = {
			isa = PBXGroup;
			children = (
				1FF3544A2791FCFF000894B8 /* CoreMotion.swift */,
				1FF11B342799D54100E319ED /* AccelerationWriter.swift */,
			);
			path = Accelerometry;
			sourceTree = "<group>";
		};
		1FF3544F27921191000894B8 /* Extensions */ = {
			isa = PBXGroup;
			children = (
				1FF3545027921204000894B8 /* Formatting+Extensions.swift */,
				1FD4568C279F217700B5429A /* CoreGraphics+Extensions.swift */,
				1FD4568A279F208400B5429A /* FileManager+extensions.swift */,
			);
			path = Extensions;
			sourceTree = "<group>";
		};
		1FFB30DE277BE4FA0099AE5E /* Views */ = {
			isa = PBXGroup;
			children = (
				1F1701A92777D00300E510AE /* DurationStepper.swift */,
				1FA3B8C327D6B0CA0058F1AF /* ForwardBackBar.swift */,
				1FFB310B27879BC80099AE5E /* Walking */,
				1F1701A52777B65A00E510AE /* EmailFormView.swift */,
				1FF11B3A279A173D00E319ED /* DASI */,
				1FFB30E9277F89A70099AE5E /* YesNoView */,
				1F60B0A1276FCE410026D28B /* ReportView.swift */,
				1F60B0A3276FCF690026D28B /* SetupView.swift */,
				1F60B09D276FB6E20026D28B /* GenericInstructionView.swift */,
				1F0B6753276FA6C900011A7E /* ContentView.swift */,
				1F8A065727A4841400477379 /* ApplicationOnboardView.swift */,
			);
			path = Views;
			sourceTree = "<group>";
		};
		1FFB30DF277BE5090099AE5E /* Model */ = {
			isa = PBXGroup;
			children = (
				1FF1330A27A05FD3004D6647 /* QuestionID.swift */,
				1FD45694279F589900B5429A /* DASIResponse.swift */,
				1FD45690279F40B600B5429A /* DASIReportContents.swift */,
				1FF3543B278FA9C2000894B8 /* SubjectFileCoordinator.swift */,
				1FD4568E279F318900B5429A /* AcceleratorFileSink.swift */,
				1FFB30E0277BE5230099AE5E /* DASIQuestions.swift */,
				1FFB30E2277BE8390099AE5E /* DASIQuestions.json */,
			);
			path = Model;
			sourceTree = "<group>";
		};
		1FFB30E9277F89A70099AE5E /* YesNoView */ = {
			isa = PBXGroup;
			children = (
				1FA3B8BA27D69BFC0058F1AF /* YesNoButton.swift */,
				1FA3B8B927D69BFC0058F1AF /* YesNoStack.swift */,
				1FA3B8BB27D69BFC0058F1AF /* YesNoView.swift */,
			);
			path = YesNoView;
			sourceTree = "<group>";
		};
		1FFB310B27879BC80099AE5E /* Walking */ = {
			isa = PBXGroup;
			children = (
				1FD4566C279B68DC00B5429A /* Voice.swift */,
				1FD4566E279CAE2B00B5429A /* TimeSpeaker.swift */,
				1FB367B2279B551B0056600A /* WrappedTimer.swift */,
				1FEA9ED6279A23B3004F3B83 /* SubsecondHandView.swift */,
				1FF11B38279A140600E319ED /* WalkCountdownView.swift */,
				1FF11B3B279A184A00E319ED /* SweepSecondView.swift */,
				1FFB31092787997E0099AE5E /* MinSecFormatter.swift */,
				1FFB31052787892B0099AE5E /* MinutePublisher.swift */,
				1FFB31072787991A0099AE5E /* TimerView.swift */,
				1F60B09F276FBD1B0026D28B /* WalkView.swift */,
				1FF11B36279A0A0A00E319ED /* WalkProgressView.swift */,
			);
			path = Walking;
			sourceTree = "<group>";
		};
/* End PBXGroup section */

/* Begin PBXNativeTarget section */
		1F0B674D276FA6C900011A7E /* Better Step */ = {
			isa = PBXNativeTarget;
			buildConfigurationList = 1F0B6772276FA6CA00011A7E /* Build configuration list for PBXNativeTarget "Better Step" */;
			buildPhases = (
				1F0B674A276FA6C900011A7E /* Sources */,
				1F0B674B276FA6C900011A7E /* Frameworks */,
				1F0B674C276FA6C900011A7E /* Resources */,
			);
			buildRules = (
			);
			dependencies = (
			);
			name = "Better Step";
			packageProductDependencies = (
				1FF35437278F61FB000894B8 /* CodableCSV */,
				1FF354432790D1F5000894B8 /* Collections */,
				1FF354452790D1F5000894B8 /* DequeModule */,
				1FF354472790D1F5000894B8 /* OrderedCollections */,
				1FF1331027A09979004D6647 /* ZIPFoundation */,
				1F8A064F27A3528E00477379 /* Algorithms */,
				1F1BD8D427D1450300568ADF /* ComplexModule */,
				1F1BD8D627D1450300568ADF /* Numerics */,
				1F1BD8D827D1450300568ADF /* RealModule */,
			);
			productName = "Better Step";
			productReference = 1F0B674E276FA6C900011A7E /* Better Step.app */;
			productType = "com.apple.product-type.application";
		};
		1F0B675D276FA6CA00011A7E /* Better StepTests */ = {
			isa = PBXNativeTarget;
			buildConfigurationList = 1F0B6775276FA6CA00011A7E /* Build configuration list for PBXNativeTarget "Better StepTests" */;
			buildPhases = (
				1F0B675A276FA6CA00011A7E /* Sources */,
				1F0B675B276FA6CA00011A7E /* Frameworks */,
				1F0B675C276FA6CA00011A7E /* Resources */,
			);
			buildRules = (
			);
			dependencies = (
				1F0B6760276FA6CA00011A7E /* PBXTargetDependency */,
			);
			name = "Better StepTests";
			productName = "Better StepTests";
			productReference = 1F0B675E276FA6CA00011A7E /* Better StepTests.xctest */;
			productType = "com.apple.product-type.bundle.unit-test";
		};
		1F0B6767276FA6CA00011A7E /* Better StepUITests */ = {
			isa = PBXNativeTarget;
			buildConfigurationList = 1F0B6778276FA6CA00011A7E /* Build configuration list for PBXNativeTarget "Better StepUITests" */;
			buildPhases = (
				1F0B6764276FA6CA00011A7E /* Sources */,
				1F0B6765276FA6CA00011A7E /* Frameworks */,
				1F0B6766276FA6CA00011A7E /* Resources */,
			);
			buildRules = (
			);
			dependencies = (
				1F0B676A276FA6CA00011A7E /* PBXTargetDependency */,
			);
			name = "Better StepUITests";
			productName = "Better StepUITests";
			productReference = 1F0B6768276FA6CA00011A7E /* Better StepUITests.xctest */;
			productType = "com.apple.product-type.bundle.ui-testing";
		};
/* End PBXNativeTarget section */

/* Begin PBXProject section */
		1F0B6746276FA6C900011A7E /* Project object */ = {
			isa = PBXProject;
			attributes = {
				BuildIndependentTargetsInParallel = 1;
				LastSwiftUpdateCheck = 1320;
				LastUpgradeCheck = 1320;
				TargetAttributes = {
					1F0B674D276FA6C900011A7E = {
						CreatedOnToolsVersion = 13.2.1;
					};
					1F0B675D276FA6CA00011A7E = {
						CreatedOnToolsVersion = 13.2.1;
						TestTargetID = 1F0B674D276FA6C900011A7E;
					};
					1F0B6767276FA6CA00011A7E = {
						CreatedOnToolsVersion = 13.2.1;
						TestTargetID = 1F0B674D276FA6C900011A7E;
					};
				};
			};
			buildConfigurationList = 1F0B6749276FA6C900011A7E /* Build configuration list for PBXProject "Better Step" */;
			compatibilityVersion = "Xcode 13.0";
			developmentRegion = en;
			hasScannedForEncodings = 0;
			knownRegions = (
				en,
				Base,
			);
			mainGroup = 1F0B6745276FA6C900011A7E;
			packageReferences = (
				1FF35436278F61FB000894B8 /* XCRemoteSwiftPackageReference "CodableCSV" */,
				1FF354422790D1F5000894B8 /* XCRemoteSwiftPackageReference "swift-collections" */,
				1FF1330F27A09979004D6647 /* XCRemoteSwiftPackageReference "ZIPFoundation" */,
				1F8A064E27A3528E00477379 /* XCRemoteSwiftPackageReference "swift-algorithms" */,
				1F1BD8D327D1450300568ADF /* XCRemoteSwiftPackageReference "swift-numerics" */,
			);
			productRefGroup = 1F0B674F276FA6C900011A7E /* Products */;
			projectDirPath = "";
			projectRoot = "";
			targets = (
				1F0B674D276FA6C900011A7E /* Better Step */,
				1F0B675D276FA6CA00011A7E /* Better StepTests */,
				1F0B6767276FA6CA00011A7E /* Better StepUITests */,
			);
		};
/* End PBXProject section */

/* Begin PBXResourcesBuildPhase section */
		1F0B674C276FA6C900011A7E /* Resources */ = {
			isa = PBXResourcesBuildPhase;
			buildActionMask = 2147483647;
			files = (
				1FFB30E6277BF1E90099AE5E /* DASIQuestions.json in Resources */,
				1F0B6759276FA6CA00011A7E /* Preview Assets.xcassets in Resources */,
				1F0B6756276FA6CA00011A7E /* Assets.xcassets in Resources */,
			);
			runOnlyForDeploymentPostprocessing = 0;
		};
		1F0B675C276FA6CA00011A7E /* Resources */ = {
			isa = PBXResourcesBuildPhase;
			buildActionMask = 2147483647;
			files = (
			);
			runOnlyForDeploymentPostprocessing = 0;
		};
		1F0B6766276FA6CA00011A7E /* Resources */ = {
			isa = PBXResourcesBuildPhase;
			buildActionMask = 2147483647;
			files = (
			);
			runOnlyForDeploymentPostprocessing = 0;
		};
/* End PBXResourcesBuildPhase section */

/* Begin PBXSourcesBuildPhase section */
		1F0B674A276FA6C900011A7E /* Sources */ = {
			isa = PBXSourcesBuildPhase;
			buildActionMask = 2147483647;
			files = (
				1FD4568F279F318900B5429A /* AcceleratorFileSink.swift in Sources */,
				1F8A065427A4724500477379 /* DASICompleteView.swift in Sources */,
				1FFB30E1277BE5230099AE5E /* DASIQuestions.swift in Sources */,
				1F0B6754276FA6C900011A7E /* ContentView.swift in Sources */,
				1F60B09E276FB6E20026D28B /* GenericInstructionView.swift in Sources */,
				1FFB31062787892B0099AE5E /* MinutePublisher.swift in Sources */,
				1FF3544D27920A1C000894B8 /* Configuration.swift in Sources */,
				1FFB310A2787997E0099AE5E /* MinSecFormatter.swift in Sources */,
				1FA3B8BE27D69BFC0058F1AF /* YesNoView.swift in Sources */,
				1FF3544B2791FCFF000894B8 /* CoreMotion.swift in Sources */,
				1FA3B8C027D69C440058F1AF /* DASIQuestionView.swift in Sources */,
				1F60B0A2276FCE410026D28B /* ReportView.swift in Sources */,
				1FF3543F2790A96C000894B8 /* AccelerometerItem.swift in Sources */,
				1FFB31082787991A0099AE5E /* TimerView.swift in Sources */,
				1FD45691279F40B600B5429A /* DASIReportContents.swift in Sources */,
				1FF11B37279A0A0A00E319ED /* WalkProgressView.swift in Sources */,
				1FA3B8B827D699DB0058F1AF /* SurveyContainerView.swift in Sources */,
				1FF3543C278FA9C2000894B8 /* SubjectFileCoordinator.swift in Sources */,
				1FEA9ED7279A23B3004F3B83 /* SubsecondHandView.swift in Sources */,
				1FF11B3C279A184A00E319ED /* SweepSecondView.swift in Sources */,
				1F1701AA2777D00300E510AE /* DurationStepper.swift in Sources */,
				1FA3B8C627D6C0250058F1AF /* DASIOnboardView.swift in Sources */,
				1FD45695279F589A00B5429A /* DASIResponse.swift in Sources */,
				1FA3B8C427D6B0CA0058F1AF /* ForwardBackBar.swift in Sources */,
				1F60B0A4276FCF690026D28B /* SetupView.swift in Sources */,
				1F8A065827A4841400477379 /* ApplicationOnboardView.swift in Sources */,
				1F1701A62777B65A00E510AE /* EmailFormView.swift in Sources */,
				1FD4568D279F217700B5429A /* CoreGraphics+Extensions.swift in Sources */,
				1F60B0A0276FBD1B0026D28B /* WalkView.swift in Sources */,
				1F8A065627A478B400477379 /* STGlobalState.swift in Sources */,
				1FA3B8C227D69E360058F1AF /* DASICardView.swift in Sources */,
				1FF354412790A99E000894B8 /* XYZ.swift in Sources */,
				1FF11B39279A140600E319ED /* WalkCountdownView.swift in Sources */,
				1FD4566F279CAE2B00B5429A /* TimeSpeaker.swift in Sources */,
				1FA3B8BD27D69BFC0058F1AF /* YesNoButton.swift in Sources */,
				1F0B6752276FA6C900011A7E /* Better_StepApp.swift in Sources */,
				1FA3B8BC27D69BFC0058F1AF /* YesNoStack.swift in Sources */,
				1FF11B352799D54100E319ED /* AccelerationWriter.swift in Sources */,
				1FF3545127921204000894B8 /* Formatting+Extensions.swift in Sources */,
				1FB367B3279B551B0056600A /* WrappedTimer.swift in Sources */,
				1FD4566D279B68DC00B5429A /* Voice.swift in Sources */,
				1FF1330B27A05FD3004D6647 /* QuestionID.swift in Sources */,
				1FD4568B279F208400B5429A /* FileManager+extensions.swift in Sources */,
			);
			runOnlyForDeploymentPostprocessing = 0;
		};
		1F0B675A276FA6CA00011A7E /* Sources */ = {
			isa = PBXSourcesBuildPhase;
			buildActionMask = 2147483647;
			files = (
				1FF1331627A1D0DF004D6647 /* FMExtensionsTests.swift in Sources */,
				1F8A064B27A3401700477379 /* DASIResponseTests.swift in Sources */,
				1FF1331327A0BE78004D6647 /* DASIReportTests.swift in Sources */,
				1FF1330E27A07973004D6647 /* QuestionIDTests.swift in Sources */,
				1FF354552799D47A000894B8 /* AccelerometerItemTests.swift in Sources */,
				1F0B6763276FA6CA00011A7E /* Better_StepTests.swift in Sources */,
			);
			runOnlyForDeploymentPostprocessing = 0;
		};
		1F0B6764276FA6CA00011A7E /* Sources */ = {
			isa = PBXSourcesBuildPhase;
			buildActionMask = 2147483647;
			files = (
				1F8A064D27A34EAC00477379 /* Better_StepUITestsLaunchTests.swift in Sources */,
				1F8A064C27A34EA900477379 /* Better_StepUITests.swift in Sources */,
			);
			runOnlyForDeploymentPostprocessing = 0;
		};
/* End PBXSourcesBuildPhase section */

/* Begin PBXTargetDependency section */
		1F0B6760276FA6CA00011A7E /* PBXTargetDependency */ = {
			isa = PBXTargetDependency;
			target = 1F0B674D276FA6C900011A7E /* Better Step */;
			targetProxy = 1F0B675F276FA6CA00011A7E /* PBXContainerItemProxy */;
		};
		1F0B676A276FA6CA00011A7E /* PBXTargetDependency */ = {
			isa = PBXTargetDependency;
			target = 1F0B674D276FA6C900011A7E /* Better Step */;
			targetProxy = 1F0B6769276FA6CA00011A7E /* PBXContainerItemProxy */;
		};
/* End PBXTargetDependency section */

/* Begin XCBuildConfiguration section */
		1F0B6770276FA6CA00011A7E /* Debug */ = {
			isa = XCBuildConfiguration;
			buildSettings = {
				ALWAYS_SEARCH_USER_PATHS = NO;
				CLANG_ANALYZER_NONNULL = YES;
				CLANG_ANALYZER_NUMBER_OBJECT_CONVERSION = YES_AGGRESSIVE;
				CLANG_CXX_LANGUAGE_STANDARD = "gnu++17";
				CLANG_CXX_LIBRARY = "libc++";
				CLANG_ENABLE_MODULES = YES;
				CLANG_ENABLE_OBJC_ARC = YES;
				CLANG_ENABLE_OBJC_WEAK = YES;
				CLANG_WARN_BLOCK_CAPTURE_AUTORELEASING = YES;
				CLANG_WARN_BOOL_CONVERSION = YES;
				CLANG_WARN_COMMA = YES;
				CLANG_WARN_CONSTANT_CONVERSION = YES;
				CLANG_WARN_DEPRECATED_OBJC_IMPLEMENTATIONS = YES;
				CLANG_WARN_DIRECT_OBJC_ISA_USAGE = YES_ERROR;
				CLANG_WARN_DOCUMENTATION_COMMENTS = YES;
				CLANG_WARN_EMPTY_BODY = YES;
				CLANG_WARN_ENUM_CONVERSION = YES;
				CLANG_WARN_INFINITE_RECURSION = YES;
				CLANG_WARN_INT_CONVERSION = YES;
				CLANG_WARN_NON_LITERAL_NULL_CONVERSION = YES;
				CLANG_WARN_OBJC_IMPLICIT_RETAIN_SELF = YES;
				CLANG_WARN_OBJC_LITERAL_CONVERSION = YES;
				CLANG_WARN_OBJC_ROOT_CLASS = YES_ERROR;
				CLANG_WARN_QUOTED_INCLUDE_IN_FRAMEWORK_HEADER = YES;
				CLANG_WARN_RANGE_LOOP_ANALYSIS = YES;
				CLANG_WARN_STRICT_PROTOTYPES = YES;
				CLANG_WARN_SUSPICIOUS_MOVE = YES;
				CLANG_WARN_UNGUARDED_AVAILABILITY = YES_AGGRESSIVE;
				CLANG_WARN_UNREACHABLE_CODE = YES;
				CLANG_WARN__DUPLICATE_METHOD_MATCH = YES;
				COPY_PHASE_STRIP = NO;
				DEBUG_INFORMATION_FORMAT = dwarf;
				ENABLE_STRICT_OBJC_MSGSEND = YES;
				ENABLE_TESTABILITY = YES;
				GCC_C_LANGUAGE_STANDARD = gnu11;
				GCC_DYNAMIC_NO_PIC = NO;
				GCC_NO_COMMON_BLOCKS = YES;
				GCC_OPTIMIZATION_LEVEL = 0;
				GCC_PREPROCESSOR_DEFINITIONS = (
					"DEBUG=1",
					"$(inherited)",
				);
				GCC_WARN_64_TO_32_BIT_CONVERSION = YES;
				GCC_WARN_ABOUT_RETURN_TYPE = YES_ERROR;
				GCC_WARN_UNDECLARED_SELECTOR = YES;
				GCC_WARN_UNINITIALIZED_AUTOS = YES_AGGRESSIVE;
				GCC_WARN_UNUSED_FUNCTION = YES;
				GCC_WARN_UNUSED_VARIABLE = YES;
				IPHONEOS_DEPLOYMENT_TARGET = 15.2;
				MTL_ENABLE_DEBUG_INFO = INCLUDE_SOURCE;
				MTL_FAST_MATH = YES;
				ONLY_ACTIVE_ARCH = YES;
				SDKROOT = iphoneos;
				SWIFT_ACTIVE_COMPILATION_CONDITIONS = "DEBUG FOR_BETTER_ST";
				SWIFT_OPTIMIZATION_LEVEL = "-Onone";
			};
			name = Debug;
		};
		1F0B6771276FA6CA00011A7E /* Release */ = {
			isa = XCBuildConfiguration;
			buildSettings = {
				ALWAYS_SEARCH_USER_PATHS = NO;
				CLANG_ANALYZER_NONNULL = YES;
				CLANG_ANALYZER_NUMBER_OBJECT_CONVERSION = YES_AGGRESSIVE;
				CLANG_CXX_LANGUAGE_STANDARD = "gnu++17";
				CLANG_CXX_LIBRARY = "libc++";
				CLANG_ENABLE_MODULES = YES;
				CLANG_ENABLE_OBJC_ARC = YES;
				CLANG_ENABLE_OBJC_WEAK = YES;
				CLANG_WARN_BLOCK_CAPTURE_AUTORELEASING = YES;
				CLANG_WARN_BOOL_CONVERSION = YES;
				CLANG_WARN_COMMA = YES;
				CLANG_WARN_CONSTANT_CONVERSION = YES;
				CLANG_WARN_DEPRECATED_OBJC_IMPLEMENTATIONS = YES;
				CLANG_WARN_DIRECT_OBJC_ISA_USAGE = YES_ERROR;
				CLANG_WARN_DOCUMENTATION_COMMENTS = YES;
				CLANG_WARN_EMPTY_BODY = YES;
				CLANG_WARN_ENUM_CONVERSION = YES;
				CLANG_WARN_INFINITE_RECURSION = YES;
				CLANG_WARN_INT_CONVERSION = YES;
				CLANG_WARN_NON_LITERAL_NULL_CONVERSION = YES;
				CLANG_WARN_OBJC_IMPLICIT_RETAIN_SELF = YES;
				CLANG_WARN_OBJC_LITERAL_CONVERSION = YES;
				CLANG_WARN_OBJC_ROOT_CLASS = YES_ERROR;
				CLANG_WARN_QUOTED_INCLUDE_IN_FRAMEWORK_HEADER = YES;
				CLANG_WARN_RANGE_LOOP_ANALYSIS = YES;
				CLANG_WARN_STRICT_PROTOTYPES = YES;
				CLANG_WARN_SUSPICIOUS_MOVE = YES;
				CLANG_WARN_UNGUARDED_AVAILABILITY = YES_AGGRESSIVE;
				CLANG_WARN_UNREACHABLE_CODE = YES;
				CLANG_WARN__DUPLICATE_METHOD_MATCH = YES;
				COPY_PHASE_STRIP = NO;
				DEBUG_INFORMATION_FORMAT = "dwarf-with-dsym";
				ENABLE_NS_ASSERTIONS = NO;
				ENABLE_STRICT_OBJC_MSGSEND = YES;
				GCC_C_LANGUAGE_STANDARD = gnu11;
				GCC_NO_COMMON_BLOCKS = YES;
				GCC_WARN_64_TO_32_BIT_CONVERSION = YES;
				GCC_WARN_ABOUT_RETURN_TYPE = YES_ERROR;
				GCC_WARN_UNDECLARED_SELECTOR = YES;
				GCC_WARN_UNINITIALIZED_AUTOS = YES_AGGRESSIVE;
				GCC_WARN_UNUSED_FUNCTION = YES;
				GCC_WARN_UNUSED_VARIABLE = YES;
				IPHONEOS_DEPLOYMENT_TARGET = 15.2;
				MTL_ENABLE_DEBUG_INFO = NO;
				MTL_FAST_MATH = YES;
				SDKROOT = iphoneos;
				SWIFT_ACTIVE_COMPILATION_CONDITIONS = FOR_BETTER_ST;
				SWIFT_COMPILATION_MODE = wholemodule;
				SWIFT_OPTIMIZATION_LEVEL = "-O";
				VALIDATE_PRODUCT = YES;
			};
			name = Release;
		};
		1F0B6773276FA6CA00011A7E /* Debug */ = {
			isa = XCBuildConfiguration;
			buildSettings = {
				ASSETCATALOG_COMPILER_APPICON_NAME = AppIcon;
				ASSETCATALOG_COMPILER_GLOBAL_ACCENT_COLOR_NAME = AccentColor;
				CODE_SIGN_STYLE = Automatic;
				CURRENT_PROJECT_VERSION = 1;
				DEVELOPMENT_ASSET_PATHS = "\"Better Step/Preview Content\"";
				DEVELOPMENT_TEAM = J2E8MMY7GM;
				ENABLE_PREVIEWS = YES;
				GENERATE_INFOPLIST_FILE = YES;
				INFOPLIST_FILE = "Better-Step-Info.plist";
				INFOPLIST_KEY_UIApplicationSceneManifest_Generation = YES;
				INFOPLIST_KEY_UIApplicationSupportsIndirectInputEvents = YES;
				INFOPLIST_KEY_UILaunchScreen_Generation = YES;
				INFOPLIST_KEY_UISupportedInterfaceOrientations_iPad = "UIInterfaceOrientationPortrait UIInterfaceOrientationPortraitUpsideDown UIInterfaceOrientationLandscapeLeft UIInterfaceOrientationLandscapeRight";
				INFOPLIST_KEY_UISupportedInterfaceOrientations_iPhone = "UIInterfaceOrientationPortrait UIInterfaceOrientationLandscapeLeft UIInterfaceOrientationLandscapeRight";
				INFOPLIST_KEY_UISupportsDocumentBrowser = YES;
				LD_RUNPATH_SEARCH_PATHS = (
					"$(inherited)",
					"@executable_path/Frameworks",
				);
				MARKETING_VERSION = 1.0;
				PRODUCT_BUNDLE_IDENTIFIER = "com.wt9t.Better-Step";
				PRODUCT_NAME = "$(TARGET_NAME)";
				SWIFT_EMIT_LOC_STRINGS = YES;
				SWIFT_VERSION = 5.0;
				TARGETED_DEVICE_FAMILY = 1;
			};
			name = Debug;
		};
		1F0B6774276FA6CA00011A7E /* Release */ = {
			isa = XCBuildConfiguration;
			buildSettings = {
				ASSETCATALOG_COMPILER_APPICON_NAME = AppIcon;
				ASSETCATALOG_COMPILER_GLOBAL_ACCENT_COLOR_NAME = AccentColor;
				CODE_SIGN_STYLE = Automatic;
				CURRENT_PROJECT_VERSION = 1;
				DEVELOPMENT_ASSET_PATHS = "\"Better Step/Preview Content\"";
				DEVELOPMENT_TEAM = J2E8MMY7GM;
				ENABLE_PREVIEWS = YES;
				GENERATE_INFOPLIST_FILE = YES;
				INFOPLIST_FILE = "Better-Step-Info.plist";
				INFOPLIST_KEY_UIApplicationSceneManifest_Generation = YES;
				INFOPLIST_KEY_UIApplicationSupportsIndirectInputEvents = YES;
				INFOPLIST_KEY_UILaunchScreen_Generation = YES;
				INFOPLIST_KEY_UISupportedInterfaceOrientations_iPad = "UIInterfaceOrientationPortrait UIInterfaceOrientationPortraitUpsideDown UIInterfaceOrientationLandscapeLeft UIInterfaceOrientationLandscapeRight";
				INFOPLIST_KEY_UISupportedInterfaceOrientations_iPhone = "UIInterfaceOrientationPortrait UIInterfaceOrientationLandscapeLeft UIInterfaceOrientationLandscapeRight";
				INFOPLIST_KEY_UISupportsDocumentBrowser = YES;
				LD_RUNPATH_SEARCH_PATHS = (
					"$(inherited)",
					"@executable_path/Frameworks",
				);
				MARKETING_VERSION = 1.0;
				PRODUCT_BUNDLE_IDENTIFIER = "com.wt9t.Better-Step";
				PRODUCT_NAME = "$(TARGET_NAME)";
				SWIFT_EMIT_LOC_STRINGS = YES;
				SWIFT_VERSION = 5.0;
				TARGETED_DEVICE_FAMILY = 1;
			};
			name = Release;
		};
		1F0B6776276FA6CA00011A7E /* Debug */ = {
			isa = XCBuildConfiguration;
			buildSettings = {
				ALWAYS_EMBED_SWIFT_STANDARD_LIBRARIES = YES;
				BUNDLE_LOADER = "$(TEST_HOST)";
				CODE_SIGN_STYLE = Automatic;
				CURRENT_PROJECT_VERSION = 1;
				DEVELOPMENT_TEAM = J2E8MMY7GM;
				GENERATE_INFOPLIST_FILE = YES;
				IPHONEOS_DEPLOYMENT_TARGET = 15.2;
				MARKETING_VERSION = 1.0;
				PRODUCT_BUNDLE_IDENTIFIER = "com.wt9t.Better-StepTests";
				PRODUCT_NAME = "$(TARGET_NAME)";
				SWIFT_EMIT_LOC_STRINGS = NO;
				SWIFT_VERSION = 5.0;
				TARGETED_DEVICE_FAMILY = "1,2";
				TEST_HOST = "$(BUILT_PRODUCTS_DIR)/Better Step.app/Better Step";
			};
			name = Debug;
		};
		1F0B6777276FA6CA00011A7E /* Release */ = {
			isa = XCBuildConfiguration;
			buildSettings = {
				ALWAYS_EMBED_SWIFT_STANDARD_LIBRARIES = YES;
				BUNDLE_LOADER = "$(TEST_HOST)";
				CODE_SIGN_STYLE = Automatic;
				CURRENT_PROJECT_VERSION = 1;
				DEVELOPMENT_TEAM = J2E8MMY7GM;
				GENERATE_INFOPLIST_FILE = YES;
				IPHONEOS_DEPLOYMENT_TARGET = 15.2;
				MARKETING_VERSION = 1.0;
				PRODUCT_BUNDLE_IDENTIFIER = "com.wt9t.Better-StepTests";
				PRODUCT_NAME = "$(TARGET_NAME)";
				SWIFT_EMIT_LOC_STRINGS = NO;
				SWIFT_VERSION = 5.0;
				TARGETED_DEVICE_FAMILY = "1,2";
				TEST_HOST = "$(BUILT_PRODUCTS_DIR)/Better Step.app/Better Step";
			};
			name = Release;
		};
		1F0B6779276FA6CA00011A7E /* Debug */ = {
			isa = XCBuildConfiguration;
			buildSettings = {
				ALWAYS_EMBED_SWIFT_STANDARD_LIBRARIES = YES;
				CODE_SIGN_STYLE = Automatic;
				CURRENT_PROJECT_VERSION = 1;
				DEVELOPMENT_TEAM = J2E8MMY7GM;
				GENERATE_INFOPLIST_FILE = YES;
				MARKETING_VERSION = 1.0;
				PRODUCT_BUNDLE_IDENTIFIER = "com.wt9t.Better-StepUITests";
				PRODUCT_NAME = "$(TARGET_NAME)";
				SWIFT_EMIT_LOC_STRINGS = NO;
				SWIFT_VERSION = 5.0;
				TARGETED_DEVICE_FAMILY = "1,2";
				TEST_TARGET_NAME = "Better Step";
			};
			name = Debug;
		};
		1F0B677A276FA6CA00011A7E /* Release */ = {
			isa = XCBuildConfiguration;
			buildSettings = {
				ALWAYS_EMBED_SWIFT_STANDARD_LIBRARIES = YES;
				CODE_SIGN_STYLE = Automatic;
				CURRENT_PROJECT_VERSION = 1;
				DEVELOPMENT_TEAM = J2E8MMY7GM;
				GENERATE_INFOPLIST_FILE = YES;
				MARKETING_VERSION = 1.0;
				PRODUCT_BUNDLE_IDENTIFIER = "com.wt9t.Better-StepUITests";
				PRODUCT_NAME = "$(TARGET_NAME)";
				SWIFT_EMIT_LOC_STRINGS = NO;
				SWIFT_VERSION = 5.0;
				TARGETED_DEVICE_FAMILY = "1,2";
				TEST_TARGET_NAME = "Better Step";
			};
			name = Release;
		};
/* End XCBuildConfiguration section */

/* Begin XCConfigurationList section */
		1F0B6749276FA6C900011A7E /* Build configuration list for PBXProject "Better Step" */ = {
			isa = XCConfigurationList;
			buildConfigurations = (
				1F0B6770276FA6CA00011A7E /* Debug */,
				1F0B6771276FA6CA00011A7E /* Release */,
			);
			defaultConfigurationIsVisible = 0;
			defaultConfigurationName = Release;
		};
		1F0B6772276FA6CA00011A7E /* Build configuration list for PBXNativeTarget "Better Step" */ = {
			isa = XCConfigurationList;
			buildConfigurations = (
				1F0B6773276FA6CA00011A7E /* Debug */,
				1F0B6774276FA6CA00011A7E /* Release */,
			);
			defaultConfigurationIsVisible = 0;
			defaultConfigurationName = Release;
		};
		1F0B6775276FA6CA00011A7E /* Build configuration list for PBXNativeTarget "Better StepTests" */ = {
			isa = XCConfigurationList;
			buildConfigurations = (
				1F0B6776276FA6CA00011A7E /* Debug */,
				1F0B6777276FA6CA00011A7E /* Release */,
			);
			defaultConfigurationIsVisible = 0;
			defaultConfigurationName = Release;
		};
		1F0B6778276FA6CA00011A7E /* Build configuration list for PBXNativeTarget "Better StepUITests" */ = {
			isa = XCConfigurationList;
			buildConfigurations = (
				1F0B6779276FA6CA00011A7E /* Debug */,
				1F0B677A276FA6CA00011A7E /* Release */,
			);
			defaultConfigurationIsVisible = 0;
			defaultConfigurationName = Release;
		};
/* End XCConfigurationList section */

/* Begin XCRemoteSwiftPackageReference section */
		1F1BD8D327D1450300568ADF /* XCRemoteSwiftPackageReference "swift-numerics" */ = {
			isa = XCRemoteSwiftPackageReference;
			repositoryURL = "https://github.com/apple/swift-numerics.git";
			requirement = {
				kind = upToNextMajorVersion;
				minimumVersion = 1.0.0;
			};
		};
		1F8A064E27A3528E00477379 /* XCRemoteSwiftPackageReference "swift-algorithms" */ = {
			isa = XCRemoteSwiftPackageReference;
			repositoryURL = "https://github.com/apple/swift-algorithms.git";
			requirement = {
				kind = upToNextMinorVersion;
				minimumVersion = 1.0.0;
			};
		};
		1FF1330F27A09979004D6647 /* XCRemoteSwiftPackageReference "ZIPFoundation" */ = {
			isa = XCRemoteSwiftPackageReference;
			repositoryURL = "https://github.com/weichsel/ZIPFoundation";
			requirement = {
				kind = upToNextMajorVersion;
				minimumVersion = 0.9.9;
			};
		};
		1FF35436278F61FB000894B8 /* XCRemoteSwiftPackageReference "CodableCSV" */ = {
			isa = XCRemoteSwiftPackageReference;
			repositoryURL = "https://github.com/dehesa/CodableCSV";
			requirement = {
				kind = upToNextMajorVersion;
				minimumVersion = 0.6.7;
			};
		};
		1FF354422790D1F5000894B8 /* XCRemoteSwiftPackageReference "swift-collections" */ = {
			isa = XCRemoteSwiftPackageReference;
			repositoryURL = "https://github.com/apple/swift-collections.git";
			requirement = {
				kind = upToNextMinorVersion;
				minimumVersion = 1.0.0;
			};
		};
/* End XCRemoteSwiftPackageReference section */

/* Begin XCSwiftPackageProductDependency section */
		1F1BD8D427D1450300568ADF /* ComplexModule */ = {
			isa = XCSwiftPackageProductDependency;
			package = 1F1BD8D327D1450300568ADF /* XCRemoteSwiftPackageReference "swift-numerics" */;
			productName = ComplexModule;
		};
		1F1BD8D627D1450300568ADF /* Numerics */ = {
			isa = XCSwiftPackageProductDependency;
			package = 1F1BD8D327D1450300568ADF /* XCRemoteSwiftPackageReference "swift-numerics" */;
			productName = Numerics;
		};
		1F1BD8D827D1450300568ADF /* RealModule */ = {
			isa = XCSwiftPackageProductDependency;
			package = 1F1BD8D327D1450300568ADF /* XCRemoteSwiftPackageReference "swift-numerics" */;
			productName = RealModule;
		};
		1F8A064F27A3528E00477379 /* Algorithms */ = {
			isa = XCSwiftPackageProductDependency;
			package = 1F8A064E27A3528E00477379 /* XCRemoteSwiftPackageReference "swift-algorithms" */;
			productName = Algorithms;
		};
		1FF1331027A09979004D6647 /* ZIPFoundation */ = {
			isa = XCSwiftPackageProductDependency;
			package = 1FF1330F27A09979004D6647 /* XCRemoteSwiftPackageReference "ZIPFoundation" */;
			productName = ZIPFoundation;
		};
		1FF35437278F61FB000894B8 /* CodableCSV */ = {
			isa = XCSwiftPackageProductDependency;
			package = 1FF35436278F61FB000894B8 /* XCRemoteSwiftPackageReference "CodableCSV" */;
			productName = CodableCSV;
		};
		1FF354432790D1F5000894B8 /* Collections */ = {
			isa = XCSwiftPackageProductDependency;
			package = 1FF354422790D1F5000894B8 /* XCRemoteSwiftPackageReference "swift-collections" */;
			productName = Collections;
		};
		1FF354452790D1F5000894B8 /* DequeModule */ = {
			isa = XCSwiftPackageProductDependency;
			package = 1FF354422790D1F5000894B8 /* XCRemoteSwiftPackageReference "swift-collections" */;
			productName = DequeModule;
		};
		1FF354472790D1F5000894B8 /* OrderedCollections */ = {
			isa = XCSwiftPackageProductDependency;
			package = 1FF354422790D1F5000894B8 /* XCRemoteSwiftPackageReference "swift-collections" */;
			productName = OrderedCollections;
		};
/* End XCSwiftPackageProductDependency section */
	};
	rootObject = 1F0B6746276FA6C900011A7E /* Project object */;
}
