// !$*UTF8*$!
{
	archiveVersion = 1;
	classes = {
	};
	objectVersion = 55;
	objects = {

/* Begin PBXBuildFile section */
		1F023C5B27ECE52700C1EBC5 /* AWSS3 in Frameworks */ = {isa = PBXBuildFile; productRef = 1F023C5A27ECE52700C1EBC5 /* AWSS3 */; };
		1F023C5D27ECE52700C1EBC5 /* AWSS3Control in Frameworks */ = {isa = PBXBuildFile; productRef = 1F023C5C27ECE52700C1EBC5 /* AWSS3Control */; };
		1F023C5F27ECE52700C1EBC5 /* AWSS3Outposts in Frameworks */ = {isa = PBXBuildFile; productRef = 1F023C5E27ECE52700C1EBC5 /* AWSS3Outposts */; };
		1F023C6127ECE58B00C1EBC5 /* AWSS3 in Frameworks */ = {isa = PBXBuildFile; productRef = 1F023C6027ECE58B00C1EBC5 /* AWSS3 */; };
		1F023C6327ECE58B00C1EBC5 /* AWSS3Control in Frameworks */ = {isa = PBXBuildFile; productRef = 1F023C6227ECE58B00C1EBC5 /* AWSS3Control */; };
		1F023C6527ECE58B00C1EBC5 /* AWSS3Outposts in Frameworks */ = {isa = PBXBuildFile; productRef = 1F023C6427ECE58B00C1EBC5 /* AWSS3Outposts */; };
		1F023C6727ECE63600C1EBC5 /* AWSTryout.swift in Sources */ = {isa = PBXBuildFile; fileRef = 1F023C6627ECE63600C1EBC5 /* AWSTryout.swift */; };
		1F0B6752276FA6C900011A7E /* Better_StepApp.swift in Sources */ = {isa = PBXBuildFile; fileRef = 1F0B6751276FA6C900011A7E /* Better_StepApp.swift */; };
		1F0B6754276FA6C900011A7E /* ContentView.swift in Sources */ = {isa = PBXBuildFile; fileRef = 1F0B6753276FA6C900011A7E /* ContentView.swift */; };
		1F0B6756276FA6CA00011A7E /* Assets.xcassets in Resources */ = {isa = PBXBuildFile; fileRef = 1F0B6755276FA6CA00011A7E /* Assets.xcassets */; };
		1F0B6759276FA6CA00011A7E /* Preview Assets.xcassets in Resources */ = {isa = PBXBuildFile; fileRef = 1F0B6758276FA6CA00011A7E /* Preview Assets.xcassets */; };
		1F0B6763276FA6CA00011A7E /* Better_StepTests.swift in Sources */ = {isa = PBXBuildFile; fileRef = 1F0B6762276FA6CA00011A7E /* Better_StepTests.swift */; };
		1F1701A62777B65A00E510AE /* EmailFormView.swift in Sources */ = {isa = PBXBuildFile; fileRef = 1F1701A52777B65A00E510AE /* EmailFormView.swift */; };
		1F1BD8D527D1450300568ADF /* ComplexModule in Frameworks */ = {isa = PBXBuildFile; productRef = 1F1BD8D427D1450300568ADF /* ComplexModule */; };
		1F1BD8D727D1450300568ADF /* Numerics in Frameworks */ = {isa = PBXBuildFile; productRef = 1F1BD8D627D1450300568ADF /* Numerics */; };
		1F1BD8D927D1450300568ADF /* RealModule in Frameworks */ = {isa = PBXBuildFile; productRef = 1F1BD8D827D1450300568ADF /* RealModule */; };
		1F2432BB27FD0260008A5418 /* SurveyContainerView.swift in Sources */ = {isa = PBXBuildFile; fileRef = 1FA3B8B727D699DB0058F1AF /* SurveyContainerView.swift */; };
		1F2432BC27FD0264008A5418 /* DASIOnboardView.swift in Sources */ = {isa = PBXBuildFile; fileRef = 1FA3B8C527D6C0250058F1AF /* DASIOnboardView.swift */; };
		1F2432BE27FD026B008A5418 /* DASIQuestionView.swift in Sources */ = {isa = PBXBuildFile; fileRef = 1FA3B8BF27D69C440058F1AF /* DASIQuestionView.swift */; };
		1F2432C127FD0275008A5418 /* DASIQuestions.swift in Sources */ = {isa = PBXBuildFile; fileRef = 1FFB30E0277BE5230099AE5E /* DASIQuestions.swift */; };
		1F2432C227FD0278008A5418 /* DASIPages.swift in Sources */ = {isa = PBXBuildFile; fileRef = 1F8A337D27DFEE400093C896 /* DASIPages.swift */; };
		1F2432C327FD027B008A5418 /* DASIResponseList.swift in Sources */ = {isa = PBXBuildFile; fileRef = 1FD45690279F40B600B5429A /* DASIResponseList.swift */; };
		1F2432C427FD027F008A5418 /* DASIStages.swift in Sources */ = {isa = PBXBuildFile; fileRef = 1FA3B8C727D7C4170058F1AF /* DASIStages.swift */; };
		1F2432C527FD0283008A5418 /* DASIUserResponse.swift in Sources */ = {isa = PBXBuildFile; fileRef = 1F8A338027E122130093C896 /* DASIUserResponse.swift */; };
		1F2432C727FD0406008A5418 /* SurveyReportFile.swift in Sources */ = {isa = PBXBuildFile; fileRef = 1F2432C627FD0406008A5418 /* SurveyReportFile.swift */; };
		1F2432C927FD087C008A5418 /* SurveyCompleteView.swift in Sources */ = {isa = PBXBuildFile; fileRef = 1F2432C827FD087C008A5418 /* SurveyCompleteView.swift */; };
		1F2432CB27FD0CAC008A5418 /* PhaseManager.swift in Sources */ = {isa = PBXBuildFile; fileRef = 1F2432CA27FD0CAC008A5418 /* PhaseManager.swift */; };
		1F2432CC27FD0DA6008A5418 /* AppStages.swift in Sources */ = {isa = PBXBuildFile; fileRef = 1FDE825E27E29FFD00CD8368 /* AppStages.swift */; };
		1F2432CE27FD129D008A5418 /* ForwardBackBar.swift in Sources */ = {isa = PBXBuildFile; fileRef = 1FA3B8C327D6B0CA0058F1AF /* ForwardBackBar.swift */; };
		1F2432CF27FD134D008A5418 /* GenericInstructionView.swift in Sources */ = {isa = PBXBuildFile; fileRef = 1F60B09D276FB6E20026D28B /* GenericInstructionView.swift */; };
		1F2432D027FD1373008A5418 /* DASICompleteView.swift in Sources */ = {isa = PBXBuildFile; fileRef = 1F8A065327A4724500477379 /* DASICompleteView.swift */; };
		1F2432D127FD143A008A5418 /* YesNoButton.swift in Sources */ = {isa = PBXBuildFile; fileRef = 1FA3B8BA27D69BFC0058F1AF /* YesNoButton.swift */; };
		1F2432D227FD143A008A5418 /* YesNoView.swift in Sources */ = {isa = PBXBuildFile; fileRef = 1FA3B8BB27D69BFC0058F1AF /* YesNoView.swift */; };
		1F2432D327FD143A008A5418 /* YesNoStack.swift in Sources */ = {isa = PBXBuildFile; fileRef = 1FA3B8B927D69BFC0058F1AF /* YesNoStack.swift */; };
		1F2432DA27FDFD63008A5418 /* WalkInstructionView.swift in Sources */ = {isa = PBXBuildFile; fileRef = 1F2432D727FDF88E008A5418 /* WalkInstructionView.swift */; };
		1F2432DD27FE0757008A5418 /* WalkResources in Resources */ = {isa = PBXBuildFile; fileRef = 1F2432DB27FE0748008A5418 /* WalkResources */; };
		1F60B09E276FB6E20026D28B /* GenericInstructionView.swift in Sources */ = {isa = PBXBuildFile; fileRef = 1F60B09D276FB6E20026D28B /* GenericInstructionView.swift */; };
		1F60B0A0276FBD1B0026D28B /* WalkView.swift in Sources */ = {isa = PBXBuildFile; fileRef = 1F60B09F276FBD1B0026D28B /* WalkView.swift */; };
		1F60B0A2276FCE410026D28B /* ReportView.swift in Sources */ = {isa = PBXBuildFile; fileRef = 1F60B0A1276FCE410026D28B /* ReportView.swift */; };
		1F60B0A4276FCF690026D28B /* SetupView.swift in Sources */ = {isa = PBXBuildFile; fileRef = 1F60B0A3276FCF690026D28B /* SetupView.swift */; };
		1F7A6C3E27FE3A7500FBC296 /* AsyncDASIQuestions.json in Resources */ = {isa = PBXBuildFile; fileRef = 1F7A6C3D27FE3A7500FBC296 /* AsyncDASIQuestions.json */; };
		1F7A6C4027FF517200FBC296 /* WalkInstructionBase.swift in Sources */ = {isa = PBXBuildFile; fileRef = 1F7A6C3F27FF517200FBC296 /* WalkInstructionBase.swift */; };
		1F7A6C4227FF51E900FBC296 /* WalkInstructionPage.swift in Sources */ = {isa = PBXBuildFile; fileRef = 1F7A6C4127FF51E900FBC296 /* WalkInstructionPage.swift */; };
		1F8A064C27A34EA900477379 /* Better_StepUITests.swift in Sources */ = {isa = PBXBuildFile; fileRef = 1F0B676C276FA6CA00011A7E /* Better_StepUITests.swift */; };
		1F8A064D27A34EAC00477379 /* Better_StepUITestsLaunchTests.swift in Sources */ = {isa = PBXBuildFile; fileRef = 1F0B676E276FA6CA00011A7E /* Better_StepUITestsLaunchTests.swift */; };
		1F8A065027A3528E00477379 /* Algorithms in Frameworks */ = {isa = PBXBuildFile; productRef = 1F8A064F27A3528E00477379 /* Algorithms */; };
		1F8A065427A4724500477379 /* DASICompleteView.swift in Sources */ = {isa = PBXBuildFile; fileRef = 1F8A065327A4724500477379 /* DASICompleteView.swift */; };
		1F8A065627A478B400477379 /* RootState.swift in Sources */ = {isa = PBXBuildFile; fileRef = 1F8A065527A478B400477379 /* RootState.swift */; };
		1F8A065827A4841400477379 /* ApplicationOnboardView.swift in Sources */ = {isa = PBXBuildFile; fileRef = 1F8A065727A4841400477379 /* ApplicationOnboardView.swift */; };
		1F8A337E27DFEE400093C896 /* DASIPages.swift in Sources */ = {isa = PBXBuildFile; fileRef = 1F8A337D27DFEE400093C896 /* DASIPages.swift */; };
		1F8A338127E122130093C896 /* DASIUserResponse.swift in Sources */ = {isa = PBXBuildFile; fileRef = 1F8A338027E122130093C896 /* DASIUserResponse.swift */; };
		1FA3B8B827D699DB0058F1AF /* SurveyContainerView.swift in Sources */ = {isa = PBXBuildFile; fileRef = 1FA3B8B727D699DB0058F1AF /* SurveyContainerView.swift */; };
		1FA3B8BC27D69BFC0058F1AF /* YesNoStack.swift in Sources */ = {isa = PBXBuildFile; fileRef = 1FA3B8B927D69BFC0058F1AF /* YesNoStack.swift */; };
		1FA3B8BD27D69BFC0058F1AF /* YesNoButton.swift in Sources */ = {isa = PBXBuildFile; fileRef = 1FA3B8BA27D69BFC0058F1AF /* YesNoButton.swift */; };
		1FA3B8C027D69C440058F1AF /* DASIQuestionView.swift in Sources */ = {isa = PBXBuildFile; fileRef = 1FA3B8BF27D69C440058F1AF /* DASIQuestionView.swift */; };
		1FA3B8C427D6B0CA0058F1AF /* ForwardBackBar.swift in Sources */ = {isa = PBXBuildFile; fileRef = 1FA3B8C327D6B0CA0058F1AF /* ForwardBackBar.swift */; };
		1FA3B8C627D6C0250058F1AF /* DASIOnboardView.swift in Sources */ = {isa = PBXBuildFile; fileRef = 1FA3B8C527D6C0250058F1AF /* DASIOnboardView.swift */; };
		1FA3B8C827D7C4170058F1AF /* DASIStages.swift in Sources */ = {isa = PBXBuildFile; fileRef = 1FA3B8C727D7C4170058F1AF /* DASIStages.swift */; };
		1FB367B3279B551B0056600A /* WrappedTimer.swift in Sources */ = {isa = PBXBuildFile; fileRef = 1FB367B2279B551B0056600A /* WrappedTimer.swift */; };
		1FB684E427F2254400612924 /* AcceleratorFileSink.swift in Sources */ = {isa = PBXBuildFile; fileRef = 1FD4568E279F318900B5429A /* AcceleratorFileSink.swift */; };
		1FB684E627F225A300612924 /* SubjectID.swift in Sources */ = {isa = PBXBuildFile; fileRef = 1FB684E527F225A300612924 /* SubjectID.swift */; };
		1FB684E727F225BD00612924 /* SubjectID.swift in Sources */ = {isa = PBXBuildFile; fileRef = 1FB684E527F225A300612924 /* SubjectID.swift */; };
		1FB684E927F225EC00612924 /* AppStorageKeys.swift in Sources */ = {isa = PBXBuildFile; fileRef = 1FB684E827F225EC00612924 /* AppStorageKeys.swift */; };
		1FB684EA27F2260D00612924 /* AppStorageKeys.swift in Sources */ = {isa = PBXBuildFile; fileRef = 1FB684E827F225EC00612924 /* AppStorageKeys.swift */; };
		1FB684EB27F2263500612924 /* AccelerometerItem.swift in Sources */ = {isa = PBXBuildFile; fileRef = 1FF3543E2790A96C000894B8 /* AccelerometerItem.swift */; };
		1FB684EC27F2265900612924 /* XYZ.swift in Sources */ = {isa = PBXBuildFile; fileRef = 1FF354402790A99E000894B8 /* XYZ.swift */; };
		1FB684ED27F2269300612924 /* PerSubjectFileCoordinator.swift in Sources */ = {isa = PBXBuildFile; fileRef = 1FF3543B278FA9C2000894B8 /* PerSubjectFileCoordinator.swift */; };
		1FB684EE27F226C900612924 /* FileManager+extensions.swift in Sources */ = {isa = PBXBuildFile; fileRef = 1FD4568A279F208400B5429A /* FileManager+extensions.swift */; };
		1FB684F227F22AFE00612924 /* SubjectUIEditView.swift in Sources */ = {isa = PBXBuildFile; fileRef = 1FB684F127F22AFE00612924 /* SubjectUIEditView.swift */; };
		1FB684F427F2363500612924 /* SubjectIDSheetView.swift in Sources */ = {isa = PBXBuildFile; fileRef = 1FB684F327F2363500612924 /* SubjectIDSheetView.swift */; };
		1FB684F627F24FC100612924 /* SimpleHBarView.swift in Sources */ = {isa = PBXBuildFile; fileRef = 1FB684F527F24FC100612924 /* SimpleHBarView.swift */; };
		1FB684FA27F252BA00612924 /* Numeric+extensions.swift in Sources */ = {isa = PBXBuildFile; fileRef = 1FB684F927F252BA00612924 /* Numeric+extensions.swift */; };
		1FB684FB27F252BE00612924 /* Numeric+extensions.swift in Sources */ = {isa = PBXBuildFile; fileRef = 1FB684F927F252BA00612924 /* Numeric+extensions.swift */; };
		1FB684FD27F274CF00612924 /* CoreMotion+extensions.swift in Sources */ = {isa = PBXBuildFile; fileRef = 1FB684FC27F274CF00612924 /* CoreMotion+extensions.swift */; };
		1FB684FE27F274CF00612924 /* CoreMotion+extensions.swift in Sources */ = {isa = PBXBuildFile; fileRef = 1FB684FC27F274CF00612924 /* CoreMotion+extensions.swift */; };
		1FB6850027F4B96800612924 /* ReportingView.swift in Sources */ = {isa = PBXBuildFile; fileRef = 1FB684FF27F4B96700612924 /* ReportingView.swift */; };
		1FB6850227F4BAD100612924 /* CompletionDisplayView.swift in Sources */ = {isa = PBXBuildFile; fileRef = 1FB6850127F4BAD100612924 /* CompletionDisplayView.swift */; };
		1FB6850427F4DFDD00612924 /* CompletionRowView.swift in Sources */ = {isa = PBXBuildFile; fileRef = 1FB6850327F4DFDC00612924 /* CompletionRowView.swift */; };
		1FD4566D279B68DC00B5429A /* Voice.swift in Sources */ = {isa = PBXBuildFile; fileRef = 1FD4566C279B68DC00B5429A /* Voice.swift */; };
		1FD4566F279CAE2B00B5429A /* TimeSpeaker.swift in Sources */ = {isa = PBXBuildFile; fileRef = 1FD4566E279CAE2B00B5429A /* TimeSpeaker.swift */; };
		1FD4568B279F208400B5429A /* FileManager+extensions.swift in Sources */ = {isa = PBXBuildFile; fileRef = 1FD4568A279F208400B5429A /* FileManager+extensions.swift */; };
		1FD4568D279F217700B5429A /* CoreGraphics+Extensions.swift in Sources */ = {isa = PBXBuildFile; fileRef = 1FD4568C279F217700B5429A /* CoreGraphics+Extensions.swift */; };
		1FD4568F279F318900B5429A /* AcceleratorFileSink.swift in Sources */ = {isa = PBXBuildFile; fileRef = 1FD4568E279F318900B5429A /* AcceleratorFileSink.swift */; };
		1FD45691279F40B600B5429A /* DASIResponseList.swift in Sources */ = {isa = PBXBuildFile; fileRef = 1FD45690279F40B600B5429A /* DASIResponseList.swift */; };
		1FD64EB127F7999E006C1E59 /* Setup.swift in Sources */ = {isa = PBXBuildFile; fileRef = 1FD64EB027F7999E006C1E59 /* Setup.swift */; };
		1FD64EB227F79FA1006C1E59 /* EmailFormView.swift in Sources */ = {isa = PBXBuildFile; fileRef = 1F1701A52777B65A00E510AE /* EmailFormView.swift */; };
		1FDB373F27F789BD00E10D8E /* ClearingView.swift in Sources */ = {isa = PBXBuildFile; fileRef = 1FDB373E27F789BD00E10D8E /* ClearingView.swift */; };
		1FDB374127F789FB00E10D8E /* ConfirmClearingAlert.swift in Sources */ = {isa = PBXBuildFile; fileRef = 1FDB374027F789FB00E10D8E /* ConfirmClearingAlert.swift */; };
		1FDB374227F78CC900E10D8E /* ClearingView.swift in Sources */ = {isa = PBXBuildFile; fileRef = 1FDB373E27F789BD00E10D8E /* ClearingView.swift */; };
		1FDB374327F78CCD00E10D8E /* ConfirmClearingAlert.swift in Sources */ = {isa = PBXBuildFile; fileRef = 1FDB374027F789FB00E10D8E /* ConfirmClearingAlert.swift */; };
		1FDE825F27E29FFD00CD8368 /* AppStages.swift in Sources */ = {isa = PBXBuildFile; fileRef = 1FDE825E27E29FFD00CD8368 /* AppStages.swift */; };
		1FDE826127E3B45F00CD8368 /* DASIReportFile.swift in Sources */ = {isa = PBXBuildFile; fileRef = 1FDE826027E3B45F00CD8368 /* DASIReportFile.swift */; };
		1FDE826427E3D7F700CD8368 /* ActivityView in Frameworks */ = {isa = PBXBuildFile; productRef = 1FDE826327E3D7F700CD8368 /* ActivityView */; };
		1FDE828C27EBA00C00CD8368 /* RootState+Reset.swift in Sources */ = {isa = PBXBuildFile; fileRef = 1FDE828B27EBA00C00CD8368 /* RootState+Reset.swift */; };
		1FEA9ED7279A23B3004F3B83 /* SubsecondHandView.swift in Sources */ = {isa = PBXBuildFile; fileRef = 1FEA9ED6279A23B3004F3B83 /* SubsecondHandView.swift */; };
		1FED1C5D27FE1A4A00C290F7 /* DASIQuestions.json in Resources */ = {isa = PBXBuildFile; fileRef = 1F2432DF27FE11D9008A5418 /* DASIQuestions.json */; };
		1FF11B37279A0A0A00E319ED /* WalkProgressView.swift in Sources */ = {isa = PBXBuildFile; fileRef = 1FF11B36279A0A0A00E319ED /* WalkProgressView.swift */; };
		1FF11B39279A140600E319ED /* WalkCountdownView.swift in Sources */ = {isa = PBXBuildFile; fileRef = 1FF11B38279A140600E319ED /* WalkCountdownView.swift */; };
		1FF11B3C279A184A00E319ED /* SweepSecondView.swift in Sources */ = {isa = PBXBuildFile; fileRef = 1FF11B3B279A184A00E319ED /* SweepSecondView.swift */; };
		1FF1331127A09979004D6647 /* ZIPFoundation in Frameworks */ = {isa = PBXBuildFile; productRef = 1FF1331027A09979004D6647 /* ZIPFoundation */; };
		1FF1331327A0BE78004D6647 /* DASIReportTests.swift in Sources */ = {isa = PBXBuildFile; fileRef = 1FF1331227A0BE78004D6647 /* DASIReportTests.swift */; };
		1FF1331627A1D0DF004D6647 /* FMExtensionsTests.swift in Sources */ = {isa = PBXBuildFile; fileRef = 1FF1331427A1D049004D6647 /* FMExtensionsTests.swift */; };
		1FF1B58A27DA77590017E90C /* Async_AccelApp.swift in Sources */ = {isa = PBXBuildFile; fileRef = 1FF1B58927DA77590017E90C /* Async_AccelApp.swift */; };
		1FF1B58C27DA77590017E90C /* ContentView.swift in Sources */ = {isa = PBXBuildFile; fileRef = 1FF1B58B27DA77590017E90C /* ContentView.swift */; };
		1FF1B58E27DA775B0017E90C /* Assets.xcassets in Resources */ = {isa = PBXBuildFile; fileRef = 1FF1B58D27DA775B0017E90C /* Assets.xcassets */; };
		1FF1B59127DA775B0017E90C /* Preview Assets.xcassets in Resources */ = {isa = PBXBuildFile; fileRef = 1FF1B59027DA775B0017E90C /* Preview Assets.xcassets */; };
		1FF1B59527DA778B0017E90C /* CoreMotion.swift in Sources */ = {isa = PBXBuildFile; fileRef = 1FF3544A2791FCFF000894B8 /* CoreMotion.swift */; };
		1FF1B59827DA78C60017E90C /* Collections in Frameworks */ = {isa = PBXBuildFile; productRef = 1FF1B59727DA78C60017E90C /* Collections */; };
		1FF1B59927DA826D0017E90C /* Formatting+Extensions.swift in Sources */ = {isa = PBXBuildFile; fileRef = 1FF3545027921204000894B8 /* Formatting+Extensions.swift */; };
		1FF1B59B27DAA66C0017E90C /* SimpleBarView.swift in Sources */ = {isa = PBXBuildFile; fileRef = 1FF1B59A27DAA66C0017E90C /* SimpleBarView.swift */; };
		1FF35438278F61FB000894B8 /* CodableCSV in Frameworks */ = {isa = PBXBuildFile; productRef = 1FF35437278F61FB000894B8 /* CodableCSV */; };
		1FF3543C278FA9C2000894B8 /* PerSubjectFileCoordinator.swift in Sources */ = {isa = PBXBuildFile; fileRef = 1FF3543B278FA9C2000894B8 /* PerSubjectFileCoordinator.swift */; };
		1FF3543F2790A96C000894B8 /* AccelerometerItem.swift in Sources */ = {isa = PBXBuildFile; fileRef = 1FF3543E2790A96C000894B8 /* AccelerometerItem.swift */; };
		1FF354412790A99E000894B8 /* XYZ.swift in Sources */ = {isa = PBXBuildFile; fileRef = 1FF354402790A99E000894B8 /* XYZ.swift */; };
		1FF354442790D1F5000894B8 /* Collections in Frameworks */ = {isa = PBXBuildFile; productRef = 1FF354432790D1F5000894B8 /* Collections */; };
		1FF354462790D1F5000894B8 /* DequeModule in Frameworks */ = {isa = PBXBuildFile; productRef = 1FF354452790D1F5000894B8 /* DequeModule */; };
		1FF354482790D1F5000894B8 /* OrderedCollections in Frameworks */ = {isa = PBXBuildFile; productRef = 1FF354472790D1F5000894B8 /* OrderedCollections */; };
		1FF3544B2791FCFF000894B8 /* CoreMotion.swift in Sources */ = {isa = PBXBuildFile; fileRef = 1FF3544A2791FCFF000894B8 /* CoreMotion.swift */; };
		1FF3544D27920A1C000894B8 /* Configuration.swift in Sources */ = {isa = PBXBuildFile; fileRef = 1FF3544C27920A1C000894B8 /* Configuration.swift */; };
		1FF3545127921204000894B8 /* Formatting+Extensions.swift in Sources */ = {isa = PBXBuildFile; fileRef = 1FF3545027921204000894B8 /* Formatting+Extensions.swift */; };
		1FF354552799D47A000894B8 /* AccelerometerItemTests.swift in Sources */ = {isa = PBXBuildFile; fileRef = 1FF3545227977302000894B8 /* AccelerometerItemTests.swift */; };
		1FFB30E1277BE5230099AE5E /* DASIQuestions.swift in Sources */ = {isa = PBXBuildFile; fileRef = 1FFB30E0277BE5230099AE5E /* DASIQuestions.swift */; };
		1FFB31062787892B0099AE5E /* MinutePublisher.swift in Sources */ = {isa = PBXBuildFile; fileRef = 1FFB31052787892B0099AE5E /* MinutePublisher.swift */; };
		1FFB31082787991A0099AE5E /* TimerView.swift in Sources */ = {isa = PBXBuildFile; fileRef = 1FFB31072787991A0099AE5E /* TimerView.swift */; };
		1FFB310A2787997E0099AE5E /* MinSecFormatter.swift in Sources */ = {isa = PBXBuildFile; fileRef = 1FFB31092787997E0099AE5E /* MinSecFormatter.swift */; };
/* End PBXBuildFile section */

/* Begin PBXContainerItemProxy section */
		1F0B675F276FA6CA00011A7E /* PBXContainerItemProxy */ = {
			isa = PBXContainerItemProxy;
			containerPortal = 1F0B6746276FA6C900011A7E /* Project object */;
			proxyType = 1;
			remoteGlobalIDString = 1F0B674D276FA6C900011A7E;
			remoteInfo = "Better Step";
		};
		1F0B6769276FA6CA00011A7E /* PBXContainerItemProxy */ = {
			isa = PBXContainerItemProxy;
			containerPortal = 1F0B6746276FA6C900011A7E /* Project object */;
			proxyType = 1;
			remoteGlobalIDString = 1F0B674D276FA6C900011A7E;
			remoteInfo = "Better Step";
		};
/* End PBXContainerItemProxy section */

/* Begin PBXFileReference section */
		1F023C6627ECE63600C1EBC5 /* AWSTryout.swift */ = {isa = PBXFileReference; lastKnownFileType = sourcecode.swift; path = AWSTryout.swift; sourceTree = "<group>"; };
		1F0B674E276FA6C900011A7E /* Better Step.app */ = {isa = PBXFileReference; explicitFileType = wrapper.application; includeInIndex = 0; path = "Better Step.app"; sourceTree = BUILT_PRODUCTS_DIR; };
		1F0B6751276FA6C900011A7E /* Better_StepApp.swift */ = {isa = PBXFileReference; lastKnownFileType = sourcecode.swift; path = Better_StepApp.swift; sourceTree = "<group>"; };
		1F0B6753276FA6C900011A7E /* ContentView.swift */ = {isa = PBXFileReference; lastKnownFileType = sourcecode.swift; path = ContentView.swift; sourceTree = "<group>"; };
		1F0B6755276FA6CA00011A7E /* Assets.xcassets */ = {isa = PBXFileReference; lastKnownFileType = folder.assetcatalog; path = Assets.xcassets; sourceTree = "<group>"; };
		1F0B6758276FA6CA00011A7E /* Preview Assets.xcassets */ = {isa = PBXFileReference; lastKnownFileType = folder.assetcatalog; path = "Preview Assets.xcassets"; sourceTree = "<group>"; };
		1F0B675E276FA6CA00011A7E /* Better StepTests.xctest */ = {isa = PBXFileReference; explicitFileType = wrapper.cfbundle; includeInIndex = 0; path = "Better StepTests.xctest"; sourceTree = BUILT_PRODUCTS_DIR; };
		1F0B6762276FA6CA00011A7E /* Better_StepTests.swift */ = {isa = PBXFileReference; lastKnownFileType = sourcecode.swift; path = Better_StepTests.swift; sourceTree = "<group>"; };
		1F0B6768276FA6CA00011A7E /* Better StepUITests.xctest */ = {isa = PBXFileReference; explicitFileType = wrapper.cfbundle; includeInIndex = 0; path = "Better StepUITests.xctest"; sourceTree = BUILT_PRODUCTS_DIR; };
		1F0B676C276FA6CA00011A7E /* Better_StepUITests.swift */ = {isa = PBXFileReference; lastKnownFileType = sourcecode.swift; path = Better_StepUITests.swift; sourceTree = "<group>"; };
		1F0B676E276FA6CA00011A7E /* Better_StepUITestsLaunchTests.swift */ = {isa = PBXFileReference; lastKnownFileType = sourcecode.swift; path = Better_StepUITestsLaunchTests.swift; sourceTree = "<group>"; };
		1F1701A52777B65A00E510AE /* EmailFormView.swift */ = {isa = PBXFileReference; lastKnownFileType = sourcecode.swift; path = EmailFormView.swift; sourceTree = "<group>"; };
		1F2432C627FD0406008A5418 /* SurveyReportFile.swift */ = {isa = PBXFileReference; lastKnownFileType = sourcecode.swift; path = SurveyReportFile.swift; sourceTree = "<group>"; };
		1F2432C827FD087C008A5418 /* SurveyCompleteView.swift */ = {isa = PBXFileReference; lastKnownFileType = sourcecode.swift; path = SurveyCompleteView.swift; sourceTree = "<group>"; };
		1F2432CA27FD0CAC008A5418 /* PhaseManager.swift */ = {isa = PBXFileReference; lastKnownFileType = sourcecode.swift; path = PhaseManager.swift; sourceTree = "<group>"; };
		1F2432D727FDF88E008A5418 /* WalkInstructionView.swift */ = {isa = PBXFileReference; lastKnownFileType = sourcecode.swift; path = WalkInstructionView.swift; sourceTree = "<group>"; };
		1F2432DB27FE0748008A5418 /* WalkResources */ = {isa = PBXFileReference; lastKnownFileType = folder; path = WalkResources; sourceTree = "<group>"; };
		1F2432DF27FE11D9008A5418 /* DASIQuestions.json */ = {isa = PBXFileReference; fileEncoding = 4; lastKnownFileType = text.json; path = DASIQuestions.json; sourceTree = "<group>"; };
		1F60B09D276FB6E20026D28B /* GenericInstructionView.swift */ = {isa = PBXFileReference; lastKnownFileType = sourcecode.swift; path = GenericInstructionView.swift; sourceTree = "<group>"; };
		1F60B09F276FBD1B0026D28B /* WalkView.swift */ = {isa = PBXFileReference; lastKnownFileType = sourcecode.swift; path = WalkView.swift; sourceTree = "<group>"; };
		1F60B0A1276FCE410026D28B /* ReportView.swift */ = {isa = PBXFileReference; lastKnownFileType = sourcecode.swift; path = ReportView.swift; sourceTree = "<group>"; };
		1F60B0A3276FCF690026D28B /* SetupView.swift */ = {isa = PBXFileReference; lastKnownFileType = sourcecode.swift; path = SetupView.swift; sourceTree = "<group>"; };
		1F7A6C3D27FE3A7500FBC296 /* AsyncDASIQuestions.json */ = {isa = PBXFileReference; lastKnownFileType = text.json; name = AsyncDASIQuestions.json; path = "Better Step/Views/DASI/AsyncDASIQuestions.json"; sourceTree = SOURCE_ROOT; };
		1F7A6C3F27FF517200FBC296 /* WalkInstructionBase.swift */ = {isa = PBXFileReference; lastKnownFileType = sourcecode.swift; path = WalkInstructionBase.swift; sourceTree = "<group>"; };
		1F7A6C4127FF51E900FBC296 /* WalkInstructionPage.swift */ = {isa = PBXFileReference; lastKnownFileType = sourcecode.swift; path = WalkInstructionPage.swift; sourceTree = "<group>"; };
		1F8A064A27A3401700477379 /* DASIResponseTests.swift */ = {isa = PBXFileReference; lastKnownFileType = sourcecode.swift; path = DASIResponseTests.swift; sourceTree = "<group>"; };
		1F8A065327A4724500477379 /* DASICompleteView.swift */ = {isa = PBXFileReference; lastKnownFileType = sourcecode.swift; path = DASICompleteView.swift; sourceTree = "<group>"; };
		1F8A065527A478B400477379 /* RootState.swift */ = {isa = PBXFileReference; lastKnownFileType = sourcecode.swift; path = RootState.swift; sourceTree = "<group>"; };
		1F8A065727A4841400477379 /* ApplicationOnboardView.swift */ = {isa = PBXFileReference; lastKnownFileType = sourcecode.swift; path = ApplicationOnboardView.swift; sourceTree = "<group>"; };
		1F8A337D27DFEE400093C896 /* DASIPages.swift */ = {isa = PBXFileReference; lastKnownFileType = sourcecode.swift; path = DASIPages.swift; sourceTree = "<group>"; };
		1F8A338027E122130093C896 /* DASIUserResponse.swift */ = {isa = PBXFileReference; fileEncoding = 4; lastKnownFileType = sourcecode.swift; path = DASIUserResponse.swift; sourceTree = "<group>"; };
		1FA3B8B727D699DB0058F1AF /* SurveyContainerView.swift */ = {isa = PBXFileReference; lastKnownFileType = sourcecode.swift; path = SurveyContainerView.swift; sourceTree = "<group>"; };
		1FA3B8B927D69BFC0058F1AF /* YesNoStack.swift */ = {isa = PBXFileReference; fileEncoding = 4; lastKnownFileType = sourcecode.swift; path = YesNoStack.swift; sourceTree = "<group>"; };
		1FA3B8BA27D69BFC0058F1AF /* YesNoButton.swift */ = {isa = PBXFileReference; fileEncoding = 4; lastKnownFileType = sourcecode.swift; path = YesNoButton.swift; sourceTree = "<group>"; };
		1FA3B8BB27D69BFC0058F1AF /* YesNoView.swift */ = {isa = PBXFileReference; fileEncoding = 4; lastKnownFileType = sourcecode.swift; path = YesNoView.swift; sourceTree = "<group>"; };
		1FA3B8BF27D69C440058F1AF /* DASIQuestionView.swift */ = {isa = PBXFileReference; fileEncoding = 4; lastKnownFileType = sourcecode.swift; path = DASIQuestionView.swift; sourceTree = "<group>"; };
		1FA3B8C327D6B0CA0058F1AF /* ForwardBackBar.swift */ = {isa = PBXFileReference; lastKnownFileType = sourcecode.swift; path = ForwardBackBar.swift; sourceTree = "<group>"; };
		1FA3B8C527D6C0250058F1AF /* DASIOnboardView.swift */ = {isa = PBXFileReference; lastKnownFileType = sourcecode.swift; path = DASIOnboardView.swift; sourceTree = "<group>"; };
		1FA3B8C727D7C4170058F1AF /* DASIStages.swift */ = {isa = PBXFileReference; lastKnownFileType = sourcecode.swift; path = DASIStages.swift; sourceTree = "<group>"; };
		1FB367B2279B551B0056600A /* WrappedTimer.swift */ = {isa = PBXFileReference; lastKnownFileType = sourcecode.swift; path = WrappedTimer.swift; sourceTree = "<group>"; };
		1FB684E527F225A300612924 /* SubjectID.swift */ = {isa = PBXFileReference; lastKnownFileType = sourcecode.swift; name = SubjectID.swift; path = "Better Step/App Stages/SubjectID.swift"; sourceTree = "<group>"; };
		1FB684E827F225EC00612924 /* AppStorageKeys.swift */ = {isa = PBXFileReference; lastKnownFileType = sourcecode.swift; name = AppStorageKeys.swift; path = "Better Step/App Stages/AppStorageKeys.swift"; sourceTree = "<group>"; };
		1FB684F127F22AFE00612924 /* SubjectUIEditView.swift */ = {isa = PBXFileReference; lastKnownFileType = sourcecode.swift; path = SubjectUIEditView.swift; sourceTree = "<group>"; };
		1FB684F327F2363500612924 /* SubjectIDSheetView.swift */ = {isa = PBXFileReference; lastKnownFileType = sourcecode.swift; path = SubjectIDSheetView.swift; sourceTree = "<group>"; };
		1FB684F527F24FC100612924 /* SimpleHBarView.swift */ = {isa = PBXFileReference; lastKnownFileType = sourcecode.swift; path = SimpleHBarView.swift; sourceTree = "<group>"; };
		1FB684F927F252BA00612924 /* Numeric+extensions.swift */ = {isa = PBXFileReference; lastKnownFileType = sourcecode.swift; path = "Numeric+extensions.swift"; sourceTree = "<group>"; };
		1FB684FC27F274CF00612924 /* CoreMotion+extensions.swift */ = {isa = PBXFileReference; lastKnownFileType = sourcecode.swift; path = "CoreMotion+extensions.swift"; sourceTree = "<group>"; };
		1FB684FF27F4B96700612924 /* ReportingView.swift */ = {isa = PBXFileReference; lastKnownFileType = sourcecode.swift; path = ReportingView.swift; sourceTree = "<group>"; };
		1FB6850127F4BAD100612924 /* CompletionDisplayView.swift */ = {isa = PBXFileReference; lastKnownFileType = sourcecode.swift; path = CompletionDisplayView.swift; sourceTree = "<group>"; };
		1FB6850327F4DFDC00612924 /* CompletionRowView.swift */ = {isa = PBXFileReference; lastKnownFileType = sourcecode.swift; path = CompletionRowView.swift; sourceTree = "<group>"; };
		1FD4566C279B68DC00B5429A /* Voice.swift */ = {isa = PBXFileReference; lastKnownFileType = sourcecode.swift; path = Voice.swift; sourceTree = "<group>"; };
		1FD4566E279CAE2B00B5429A /* TimeSpeaker.swift */ = {isa = PBXFileReference; lastKnownFileType = sourcecode.swift; path = TimeSpeaker.swift; sourceTree = "<group>"; };
		1FD4568A279F208400B5429A /* FileManager+extensions.swift */ = {isa = PBXFileReference; lastKnownFileType = sourcecode.swift; path = "FileManager+extensions.swift"; sourceTree = "<group>"; };
		1FD4568C279F217700B5429A /* CoreGraphics+Extensions.swift */ = {isa = PBXFileReference; lastKnownFileType = sourcecode.swift; path = "CoreGraphics+Extensions.swift"; sourceTree = "<group>"; };
		1FD4568E279F318900B5429A /* AcceleratorFileSink.swift */ = {isa = PBXFileReference; lastKnownFileType = sourcecode.swift; path = AcceleratorFileSink.swift; sourceTree = "<group>"; };
		1FD45690279F40B600B5429A /* DASIResponseList.swift */ = {isa = PBXFileReference; lastKnownFileType = sourcecode.swift; path = DASIResponseList.swift; sourceTree = "<group>"; };
		1FD64EB027F7999E006C1E59 /* Setup.swift */ = {isa = PBXFileReference; lastKnownFileType = sourcecode.swift; path = Setup.swift; sourceTree = "<group>"; };
		1FDB373E27F789BD00E10D8E /* ClearingView.swift */ = {isa = PBXFileReference; lastKnownFileType = sourcecode.swift; path = ClearingView.swift; sourceTree = "<group>"; };
		1FDB374027F789FB00E10D8E /* ConfirmClearingAlert.swift */ = {isa = PBXFileReference; lastKnownFileType = sourcecode.swift; path = ConfirmClearingAlert.swift; sourceTree = "<group>"; };
		1FDE825E27E29FFD00CD8368 /* AppStages.swift */ = {isa = PBXFileReference; lastKnownFileType = sourcecode.swift; path = AppStages.swift; sourceTree = "<group>"; };
		1FDE826027E3B45F00CD8368 /* DASIReportFile.swift */ = {isa = PBXFileReference; lastKnownFileType = sourcecode.swift; path = DASIReportFile.swift; sourceTree = "<group>"; };
		1FDE828B27EBA00C00CD8368 /* RootState+Reset.swift */ = {isa = PBXFileReference; lastKnownFileType = sourcecode.swift; path = "RootState+Reset.swift"; sourceTree = "<group>"; };
		1FEA9ED6279A23B3004F3B83 /* SubsecondHandView.swift */ = {isa = PBXFileReference; lastKnownFileType = sourcecode.swift; path = SubsecondHandView.swift; sourceTree = "<group>"; };
		1FF11B36279A0A0A00E319ED /* WalkProgressView.swift */ = {isa = PBXFileReference; lastKnownFileType = sourcecode.swift; path = WalkProgressView.swift; sourceTree = "<group>"; };
		1FF11B38279A140600E319ED /* WalkCountdownView.swift */ = {isa = PBXFileReference; lastKnownFileType = sourcecode.swift; path = WalkCountdownView.swift; sourceTree = "<group>"; };
		1FF11B3B279A184A00E319ED /* SweepSecondView.swift */ = {isa = PBXFileReference; lastKnownFileType = sourcecode.swift; path = SweepSecondView.swift; sourceTree = "<group>"; };
		1FF1331227A0BE78004D6647 /* DASIReportTests.swift */ = {isa = PBXFileReference; lastKnownFileType = sourcecode.swift; path = DASIReportTests.swift; sourceTree = "<group>"; };
		1FF1331427A1D049004D6647 /* FMExtensionsTests.swift */ = {isa = PBXFileReference; lastKnownFileType = sourcecode.swift; path = FMExtensionsTests.swift; sourceTree = "<group>"; };
		1FF1B58727DA77590017E90C /* Async Accel.app */ = {isa = PBXFileReference; explicitFileType = wrapper.application; includeInIndex = 0; path = "Async Accel.app"; sourceTree = BUILT_PRODUCTS_DIR; };
		1FF1B58927DA77590017E90C /* Async_AccelApp.swift */ = {isa = PBXFileReference; lastKnownFileType = sourcecode.swift; path = Async_AccelApp.swift; sourceTree = "<group>"; };
		1FF1B58B27DA77590017E90C /* ContentView.swift */ = {isa = PBXFileReference; lastKnownFileType = sourcecode.swift; path = ContentView.swift; sourceTree = "<group>"; };
		1FF1B58D27DA775B0017E90C /* Assets.xcassets */ = {isa = PBXFileReference; lastKnownFileType = folder.assetcatalog; path = Assets.xcassets; sourceTree = "<group>"; };
		1FF1B59027DA775B0017E90C /* Preview Assets.xcassets */ = {isa = PBXFileReference; lastKnownFileType = folder.assetcatalog; path = "Preview Assets.xcassets"; sourceTree = "<group>"; };
		1FF1B59A27DAA66C0017E90C /* SimpleBarView.swift */ = {isa = PBXFileReference; lastKnownFileType = sourcecode.swift; path = SimpleBarView.swift; sourceTree = "<group>"; };
		1FF35433278F5ED0000894B8 /* Better-Step-Info.plist */ = {isa = PBXFileReference; lastKnownFileType = text.plist; path = "Better-Step-Info.plist"; sourceTree = SOURCE_ROOT; };
		1FF3543B278FA9C2000894B8 /* PerSubjectFileCoordinator.swift */ = {isa = PBXFileReference; lastKnownFileType = sourcecode.swift; path = PerSubjectFileCoordinator.swift; sourceTree = "<group>"; };
		1FF3543E2790A96C000894B8 /* AccelerometerItem.swift */ = {isa = PBXFileReference; lastKnownFileType = sourcecode.swift; path = AccelerometerItem.swift; sourceTree = "<group>"; };
		1FF354402790A99E000894B8 /* XYZ.swift */ = {isa = PBXFileReference; lastKnownFileType = sourcecode.swift; path = XYZ.swift; sourceTree = "<group>"; };
		1FF3544A2791FCFF000894B8 /* CoreMotion.swift */ = {isa = PBXFileReference; lastKnownFileType = sourcecode.swift; path = CoreMotion.swift; sourceTree = "<group>"; };
		1FF3544C27920A1C000894B8 /* Configuration.swift */ = {isa = PBXFileReference; lastKnownFileType = sourcecode.swift; path = Configuration.swift; sourceTree = "<group>"; };
		1FF3544E27920A3B000894B8 /* config-mini.plist */ = {isa = PBXFileReference; lastKnownFileType = text.plist.xml; path = "config-mini.plist"; sourceTree = "<group>"; };
		1FF3545027921204000894B8 /* Formatting+Extensions.swift */ = {isa = PBXFileReference; lastKnownFileType = sourcecode.swift; path = "Formatting+Extensions.swift"; sourceTree = "<group>"; };
		1FF3545227977302000894B8 /* AccelerometerItemTests.swift */ = {isa = PBXFileReference; lastKnownFileType = sourcecode.swift; name = AccelerometerItemTests.swift; path = "Better StepTests/AccelerometerItemTests.swift"; sourceTree = SOURCE_ROOT; };
		1FFB30E0277BE5230099AE5E /* DASIQuestions.swift */ = {isa = PBXFileReference; lastKnownFileType = sourcecode.swift; path = DASIQuestions.swift; sourceTree = "<group>"; };
		1FFB31052787892B0099AE5E /* MinutePublisher.swift */ = {isa = PBXFileReference; lastKnownFileType = sourcecode.swift; path = MinutePublisher.swift; sourceTree = "<group>"; };
		1FFB31072787991A0099AE5E /* TimerView.swift */ = {isa = PBXFileReference; lastKnownFileType = sourcecode.swift; name = TimerView.swift; path = "Better Step/Views/Walking/TimerView.swift"; sourceTree = SOURCE_ROOT; };
		1FFB31092787997E0099AE5E /* MinSecFormatter.swift */ = {isa = PBXFileReference; lastKnownFileType = sourcecode.swift; path = MinSecFormatter.swift; sourceTree = "<group>"; };
/* End PBXFileReference section */

/* Begin PBXFrameworksBuildPhase section */
		1F0B674B276FA6C900011A7E /* Frameworks */ = {
			isa = PBXFrameworksBuildPhase;
			buildActionMask = 2147483647;
			files = (
				1F023C5B27ECE52700C1EBC5 /* AWSS3 in Frameworks */,
				1FDE826427E3D7F700CD8368 /* ActivityView in Frameworks */,
				1F8A065027A3528E00477379 /* Algorithms in Frameworks */,
				1FF354442790D1F5000894B8 /* Collections in Frameworks */,
				1F1BD8D527D1450300568ADF /* ComplexModule in Frameworks */,
				1FF35438278F61FB000894B8 /* CodableCSV in Frameworks */,
				1F023C5D27ECE52700C1EBC5 /* AWSS3Control in Frameworks */,
				1FF354482790D1F5000894B8 /* OrderedCollections in Frameworks */,
				1FF354462790D1F5000894B8 /* DequeModule in Frameworks */,
				1F1BD8D727D1450300568ADF /* Numerics in Frameworks */,
				1F023C5F27ECE52700C1EBC5 /* AWSS3Outposts in Frameworks */,
				1FF1331127A09979004D6647 /* ZIPFoundation in Frameworks */,
				1F1BD8D927D1450300568ADF /* RealModule in Frameworks */,
			);
			runOnlyForDeploymentPostprocessing = 0;
		};
		1F0B675B276FA6CA00011A7E /* Frameworks */ = {
			isa = PBXFrameworksBuildPhase;
			buildActionMask = 2147483647;
			files = (
			);
			runOnlyForDeploymentPostprocessing = 0;
		};
		1F0B6765276FA6CA00011A7E /* Frameworks */ = {
			isa = PBXFrameworksBuildPhase;
			buildActionMask = 2147483647;
			files = (
			);
			runOnlyForDeploymentPostprocessing = 0;
		};
		1FF1B58427DA77590017E90C /* Frameworks */ = {
			isa = PBXFrameworksBuildPhase;
			buildActionMask = 2147483647;
			files = (
				1F023C6327ECE58B00C1EBC5 /* AWSS3Control in Frameworks */,
				1F023C6127ECE58B00C1EBC5 /* AWSS3 in Frameworks */,
				1FF1B59827DA78C60017E90C /* Collections in Frameworks */,
				1F023C6527ECE58B00C1EBC5 /* AWSS3Outposts in Frameworks */,
			);
			runOnlyForDeploymentPostprocessing = 0;
		};
/* End PBXFrameworksBuildPhase section */

/* Begin PBXGroup section */
		1F0B6745276FA6C900011A7E = {
			isa = PBXGroup;
			children = (
				1FB684E827F225EC00612924 /* AppStorageKeys.swift */,
				1FB684E527F225A300612924 /* SubjectID.swift */,
				1F0B6750276FA6C900011A7E /* Better Step */,
				1F0B6761276FA6CA00011A7E /* Better StepTests */,
				1F0B676B276FA6CA00011A7E /* Better StepUITests */,
				1FF1B58827DA77590017E90C /* Async Accel */,
				1F0B674F276FA6C900011A7E /* Products */,
				1FF1B59627DA78C60017E90C /* Frameworks */,
			);
			sourceTree = "<group>";
		};
		1F0B674F276FA6C900011A7E /* Products */ = {
			isa = PBXGroup;
			children = (
				1F0B674E276FA6C900011A7E /* Better Step.app */,
				1F0B675E276FA6CA00011A7E /* Better StepTests.xctest */,
				1F0B6768276FA6CA00011A7E /* Better StepUITests.xctest */,
				1FF1B58727DA77590017E90C /* Async Accel.app */,
			);
			name = Products;
			sourceTree = "<group>";
		};
		1F0B6750276FA6C900011A7E /* Better Step */ = {
			isa = PBXGroup;
			children = (
				1FF35433278F5ED0000894B8 /* Better-Step-Info.plist */,
				1FF3544F27921191000894B8 /* Extensions */,
				1F0B6751276FA6C900011A7E /* Better_StepApp.swift */,
				1FF3543D2790A958000894B8 /* Storage */,
				1F8A337F27E119A30093C896 /* App Stages */,
				1F8A337C27DFEDAA0093C896 /* Reporting */,
				1FFB30DF277BE5090099AE5E /* Model */,
				1FF354492791FCD1000894B8 /* Accelerometry */,
				1FFB30DE277BE4FA0099AE5E /* Views */,
				1F0B6755276FA6CA00011A7E /* Assets.xcassets */,
				1FF3544C27920A1C000894B8 /* Configuration.swift */,
				1FF3544E27920A3B000894B8 /* config-mini.plist */,
				1F0B6757276FA6CA00011A7E /* Preview Content */,
			);
			path = "Better Step";
			sourceTree = "<group>";
		};
		1F0B6757276FA6CA00011A7E /* Preview Content */ = {
			isa = PBXGroup;
			children = (
				1F0B6758276FA6CA00011A7E /* Preview Assets.xcassets */,
			);
			path = "Preview Content";
			sourceTree = "<group>";
		};
		1F0B6761276FA6CA00011A7E /* Better StepTests */ = {
			isa = PBXGroup;
			children = (
				1FF1331427A1D049004D6647 /* FMExtensionsTests.swift */,
				1FF1331227A0BE78004D6647 /* DASIReportTests.swift */,
				1F8A064A27A3401700477379 /* DASIResponseTests.swift */,
				1FF3545227977302000894B8 /* AccelerometerItemTests.swift */,
				1F0B6762276FA6CA00011A7E /* Better_StepTests.swift */,
			);
			path = "Better StepTests";
			sourceTree = "<group>";
		};
		1F0B676B276FA6CA00011A7E /* Better StepUITests */ = {
			isa = PBXGroup;
			children = (
				1F0B676C276FA6CA00011A7E /* Better_StepUITests.swift */,
				1F0B676E276FA6CA00011A7E /* Better_StepUITestsLaunchTests.swift */,
			);
			path = "Better StepUITests";
			sourceTree = "<group>";
		};
		1F2432D427FDF843008A5418 /* Instructional */ = {
			isa = PBXGroup;
			children = (
				1F2432D727FDF88E008A5418 /* WalkInstructionView.swift */,
				1F7A6C4127FF51E900FBC296 /* WalkInstructionPage.swift */,
				1F7A6C3F27FF517200FBC296 /* WalkInstructionBase.swift */,
				1F2432DB27FE0748008A5418 /* WalkResources */,
			);
			path = Instructional;
			sourceTree = "<group>";
		};
		1F8A337C27DFEDAA0093C896 /* Reporting */ = {
			isa = PBXGroup;
			children = (
			);
			path = Reporting;
			sourceTree = "<group>";
		};
		1F8A337F27E119A30093C896 /* App Stages */ = {
			isa = PBXGroup;
			children = (
				1F2432D427FDF843008A5418 /* Instructional */,
				1FDE828A27EA463B00CD8368 /* DASI */,
				1F8A065527A478B400477379 /* RootState.swift */,
				1FDE828B27EBA00C00CD8368 /* RootState+Reset.swift */,
				1FDE825E27E29FFD00CD8368 /* AppStages.swift */,
			);
			path = "App Stages";
			sourceTree = "<group>";
		};
		1FDB373D27F789A700E10D8E /* Setup */ = {
			isa = PBXGroup;
			children = (
				1F60B0A3276FCF690026D28B /* SetupView.swift */,
				1FDB374027F789FB00E10D8E /* ConfirmClearingAlert.swift */,
				1FDB373E27F789BD00E10D8E /* ClearingView.swift */,
			);
			path = Setup;
			sourceTree = "<group>";
		};
		1FDE828A27EA463B00CD8368 /* DASI */ = {
			isa = PBXGroup;
			children = (
				1F8A338027E122130093C896 /* DASIUserResponse.swift */,
				1FA3B8C727D7C4170058F1AF /* DASIStages.swift */,
				1FD45690279F40B600B5429A /* DASIResponseList.swift */,
				1F8A337D27DFEE400093C896 /* DASIPages.swift */,
				1FFB30E0277BE5230099AE5E /* DASIQuestions.swift */,
				1F2432DF27FE11D9008A5418 /* DASIQuestions.json */,
				1FDE826027E3B45F00CD8368 /* DASIReportFile.swift */,
				1F2432C627FD0406008A5418 /* SurveyReportFile.swift */,
			);
			path = DASI;
			sourceTree = "<group>";
		};
		1FF11B3A279A173D00E319ED /* DASI */ = {
			isa = PBXGroup;
			children = (
				1FA3B8BF27D69C440058F1AF /* DASIQuestionView.swift */,
				1F8A065327A4724500477379 /* DASICompleteView.swift */,
				1FA3B8C527D6C0250058F1AF /* DASIOnboardView.swift */,
				1FA3B8B727D699DB0058F1AF /* SurveyContainerView.swift */,
			);
			path = DASI;
			sourceTree = "<group>";
		};
		1FF1B58827DA77590017E90C /* Async Accel */ = {
			isa = PBXGroup;
			children = (
				1F7A6C3D27FE3A7500FBC296 /* AsyncDASIQuestions.json */,
				1F2432C827FD087C008A5418 /* SurveyCompleteView.swift */,
				1FF1B58927DA77590017E90C /* Async_AccelApp.swift */,
				1FD64EB027F7999E006C1E59 /* Setup.swift */,
				1F023C6627ECE63600C1EBC5 /* AWSTryout.swift */,
				1FF1B59A27DAA66C0017E90C /* SimpleBarView.swift */,
				1FB684F527F24FC100612924 /* SimpleHBarView.swift */,
				1FB684F127F22AFE00612924 /* SubjectUIEditView.swift */,
				1FB684F327F2363500612924 /* SubjectIDSheetView.swift */,
				1FF1B58B27DA77590017E90C /* ContentView.swift */,
				1FB684FF27F4B96700612924 /* ReportingView.swift */,
				1FB6850327F4DFDC00612924 /* CompletionRowView.swift */,
				1FB6850127F4BAD100612924 /* CompletionDisplayView.swift */,
				1FF1B58D27DA775B0017E90C /* Assets.xcassets */,
				1FF1B58F27DA775B0017E90C /* Preview Content */,
				1F2432CA27FD0CAC008A5418 /* PhaseManager.swift */,
			);
			path = "Async Accel";
			sourceTree = "<group>";
		};
		1FF1B58F27DA775B0017E90C /* Preview Content */ = {
			isa = PBXGroup;
			children = (
				1FF1B59027DA775B0017E90C /* Preview Assets.xcassets */,
			);
			path = "Preview Content";
			sourceTree = "<group>";
		};
		1FF1B59627DA78C60017E90C /* Frameworks */ = {
			isa = PBXGroup;
			children = (
			);
			name = Frameworks;
			sourceTree = "<group>";
		};
		1FF3543D2790A958000894B8 /* Storage */ = {
			isa = PBXGroup;
			children = (
				1FF3543E2790A96C000894B8 /* AccelerometerItem.swift */,
				1FF354402790A99E000894B8 /* XYZ.swift */,
			);
			path = Storage;
			sourceTree = "<group>";
		};
		1FF354492791FCD1000894B8 /* Accelerometry */ = {
			isa = PBXGroup;
			children = (
				1FF3544A2791FCFF000894B8 /* CoreMotion.swift */,
			);
			path = Accelerometry;
			sourceTree = "<group>";
		};
		1FF3544F27921191000894B8 /* Extensions */ = {
			isa = PBXGroup;
			children = (
				1FF3545027921204000894B8 /* Formatting+Extensions.swift */,
				1FB684F927F252BA00612924 /* Numeric+extensions.swift */,
				1FD4568C279F217700B5429A /* CoreGraphics+Extensions.swift */,
				1FD4568A279F208400B5429A /* FileManager+extensions.swift */,
				1FB684FC27F274CF00612924 /* CoreMotion+extensions.swift */,
			);
			path = Extensions;
			sourceTree = "<group>";
		};
		1FFB30DE277BE4FA0099AE5E /* Views */ = {
			isa = PBXGroup;
			children = (
				1FA3B8C327D6B0CA0058F1AF /* ForwardBackBar.swift */,
				1FFB310B27879BC80099AE5E /* Walking */,
				1F1701A52777B65A00E510AE /* EmailFormView.swift */,
				1FF11B3A279A173D00E319ED /* DASI */,
				1FFB30E9277F89A70099AE5E /* YesNoView */,
				1F60B0A1276FCE410026D28B /* ReportView.swift */,
				1FDB373D27F789A700E10D8E /* Setup */,
				1F60B09D276FB6E20026D28B /* GenericInstructionView.swift */,
				1F0B6753276FA6C900011A7E /* ContentView.swift */,
				1F8A065727A4841400477379 /* ApplicationOnboardView.swift */,
			);
			path = Views;
			sourceTree = "<group>";
		};
		1FFB30DF277BE5090099AE5E /* Model */ = {
			isa = PBXGroup;
			children = (
				1FF3543B278FA9C2000894B8 /* PerSubjectFileCoordinator.swift */,
				1FD4568E279F318900B5429A /* AcceleratorFileSink.swift */,
			);
			path = Model;
			sourceTree = "<group>";
		};
		1FFB30E9277F89A70099AE5E /* YesNoView */ = {
			isa = PBXGroup;
			children = (
				1FA3B8BA27D69BFC0058F1AF /* YesNoButton.swift */,
				1FA3B8B927D69BFC0058F1AF /* YesNoStack.swift */,
				1FA3B8BB27D69BFC0058F1AF /* YesNoView.swift */,
			);
			path = YesNoView;
			sourceTree = "<group>";
		};
		1FFB310B27879BC80099AE5E /* Walking */ = {
			isa = PBXGroup;
			children = (
				1FD4566C279B68DC00B5429A /* Voice.swift */,
				1FD4566E279CAE2B00B5429A /* TimeSpeaker.swift */,
				1FB367B2279B551B0056600A /* WrappedTimer.swift */,
				1FEA9ED6279A23B3004F3B83 /* SubsecondHandView.swift */,
				1FF11B38279A140600E319ED /* WalkCountdownView.swift */,
				1FF11B3B279A184A00E319ED /* SweepSecondView.swift */,
				1FFB31092787997E0099AE5E /* MinSecFormatter.swift */,
				1FFB31052787892B0099AE5E /* MinutePublisher.swift */,
				1FFB31072787991A0099AE5E /* TimerView.swift */,
				1F60B09F276FBD1B0026D28B /* WalkView.swift */,
				1FF11B36279A0A0A00E319ED /* WalkProgressView.swift */,
			);
			path = Walking;
			sourceTree = "<group>";
		};
/* End PBXGroup section */

/* Begin PBXNativeTarget section */
		1F0B674D276FA6C900011A7E /* Better Step */ = {
			isa = PBXNativeTarget;
			buildConfigurationList = 1F0B6772276FA6CA00011A7E /* Build configuration list for PBXNativeTarget "Better Step" */;
			buildPhases = (
				1F0B674A276FA6C900011A7E /* Sources */,
				1F0B674B276FA6C900011A7E /* Frameworks */,
				1F0B674C276FA6C900011A7E /* Resources */,
			);
			buildRules = (
			);
			dependencies = (
			);
			name = "Better Step";
			packageProductDependencies = (
				1FF35437278F61FB000894B8 /* CodableCSV */,
				1FF354432790D1F5000894B8 /* Collections */,
				1FF354452790D1F5000894B8 /* DequeModule */,
				1FF354472790D1F5000894B8 /* OrderedCollections */,
				1FF1331027A09979004D6647 /* ZIPFoundation */,
				1F8A064F27A3528E00477379 /* Algorithms */,
				1F1BD8D427D1450300568ADF /* ComplexModule */,
				1F1BD8D627D1450300568ADF /* Numerics */,
				1F1BD8D827D1450300568ADF /* RealModule */,
				1FDE826327E3D7F700CD8368 /* ActivityView */,
				1F023C5A27ECE52700C1EBC5 /* AWSS3 */,
				1F023C5C27ECE52700C1EBC5 /* AWSS3Control */,
				1F023C5E27ECE52700C1EBC5 /* AWSS3Outposts */,
			);
			productName = "Better Step";
			productReference = 1F0B674E276FA6C900011A7E /* Better Step.app */;
			productType = "com.apple.product-type.application";
		};
		1F0B675D276FA6CA00011A7E /* Better StepTests */ = {
			isa = PBXNativeTarget;
			buildConfigurationList = 1F0B6775276FA6CA00011A7E /* Build configuration list for PBXNativeTarget "Better StepTests" */;
			buildPhases = (
				1F0B675A276FA6CA00011A7E /* Sources */,
				1F0B675B276FA6CA00011A7E /* Frameworks */,
				1F0B675C276FA6CA00011A7E /* Resources */,
			);
			buildRules = (
			);
			dependencies = (
				1F0B6760276FA6CA00011A7E /* PBXTargetDependency */,
			);
			name = "Better StepTests";
			productName = "Better StepTests";
			productReference = 1F0B675E276FA6CA00011A7E /* Better StepTests.xctest */;
			productType = "com.apple.product-type.bundle.unit-test";
		};
		1F0B6767276FA6CA00011A7E /* Better StepUITests */ = {
			isa = PBXNativeTarget;
			buildConfigurationList = 1F0B6778276FA6CA00011A7E /* Build configuration list for PBXNativeTarget "Better StepUITests" */;
			buildPhases = (
				1F0B6764276FA6CA00011A7E /* Sources */,
				1F0B6765276FA6CA00011A7E /* Frameworks */,
				1F0B6766276FA6CA00011A7E /* Resources */,
			);
			buildRules = (
			);
			dependencies = (
				1F0B676A276FA6CA00011A7E /* PBXTargetDependency */,
			);
			name = "Better StepUITests";
			productName = "Better StepUITests";
			productReference = 1F0B6768276FA6CA00011A7E /* Better StepUITests.xctest */;
			productType = "com.apple.product-type.bundle.ui-testing";
		};
		1FF1B58627DA77590017E90C /* Async Accel */ = {
			isa = PBXNativeTarget;
			buildConfigurationList = 1FF1B59227DA775B0017E90C /* Build configuration list for PBXNativeTarget "Async Accel" */;
			buildPhases = (
				1FED1C5E27FE210B00C290F7 /* ShellScript */,
				1FF1B58327DA77590017E90C /* Sources */,
				1FF1B58427DA77590017E90C /* Frameworks */,
				1FF1B58527DA77590017E90C /* Resources */,
			);
			buildRules = (
			);
			dependencies = (
			);
			name = "Async Accel";
			packageProductDependencies = (
				1FF1B59727DA78C60017E90C /* Collections */,
				1F023C6027ECE58B00C1EBC5 /* AWSS3 */,
				1F023C6227ECE58B00C1EBC5 /* AWSS3Control */,
				1F023C6427ECE58B00C1EBC5 /* AWSS3Outposts */,
			);
			productName = "Async Accel";
			productReference = 1FF1B58727DA77590017E90C /* Async Accel.app */;
			productType = "com.apple.product-type.application";
		};
/* End PBXNativeTarget section */

/* Begin PBXProject section */
		1F0B6746276FA6C900011A7E /* Project object */ = {
			isa = PBXProject;
			attributes = {
				BuildIndependentTargetsInParallel = 1;
				LastSwiftUpdateCheck = 1320;
				LastUpgradeCheck = 1320;
				TargetAttributes = {
					1F0B674D276FA6C900011A7E = {
						CreatedOnToolsVersion = 13.2.1;
					};
					1F0B675D276FA6CA00011A7E = {
						CreatedOnToolsVersion = 13.2.1;
						TestTargetID = 1F0B674D276FA6C900011A7E;
					};
					1F0B6767276FA6CA00011A7E = {
						CreatedOnToolsVersion = 13.2.1;
						TestTargetID = 1F0B674D276FA6C900011A7E;
					};
					1FF1B58627DA77590017E90C = {
						CreatedOnToolsVersion = 13.2.1;
					};
				};
			};
			buildConfigurationList = 1F0B6749276FA6C900011A7E /* Build configuration list for PBXProject "Better Step" */;
			compatibilityVersion = "Xcode 13.0";
			developmentRegion = en;
			hasScannedForEncodings = 0;
			knownRegions = (
				en,
				Base,
			);
			mainGroup = 1F0B6745276FA6C900011A7E;
			packageReferences = (
				1FF35436278F61FB000894B8 /* XCRemoteSwiftPackageReference "CodableCSV" */,
				1FF354422790D1F5000894B8 /* XCRemoteSwiftPackageReference "swift-collections" */,
				1FF1330F27A09979004D6647 /* XCRemoteSwiftPackageReference "ZIPFoundation" */,
				1F8A064E27A3528E00477379 /* XCRemoteSwiftPackageReference "swift-algorithms" */,
				1F1BD8D327D1450300568ADF /* XCRemoteSwiftPackageReference "swift-numerics" */,
				1FDE826227E3D7F700CD8368 /* XCRemoteSwiftPackageReference "ActivityView" */,
				1F023C5927ECE52700C1EBC5 /* XCRemoteSwiftPackageReference "aws-sdk-swift" */,
			);
			productRefGroup = 1F0B674F276FA6C900011A7E /* Products */;
			projectDirPath = "";
			projectRoot = "";
			targets = (
				1F0B674D276FA6C900011A7E /* Better Step */,
				1F0B675D276FA6CA00011A7E /* Better StepTests */,
				1F0B6767276FA6CA00011A7E /* Better StepUITests */,
				1FF1B58627DA77590017E90C /* Async Accel */,
			);
		};
/* End PBXProject section */

/* Begin PBXResourcesBuildPhase section */
		1F0B674C276FA6C900011A7E /* Resources */ = {
			isa = PBXResourcesBuildPhase;
			buildActionMask = 2147483647;
			files = (
				1FED1C5D27FE1A4A00C290F7 /* DASIQuestions.json in Resources */,
				1F0B6759276FA6CA00011A7E /* Preview Assets.xcassets in Resources */,
				1F0B6756276FA6CA00011A7E /* Assets.xcassets in Resources */,
			);
			runOnlyForDeploymentPostprocessing = 0;
		};
		1F0B675C276FA6CA00011A7E /* Resources */ = {
			isa = PBXResourcesBuildPhase;
			buildActionMask = 2147483647;
			files = (
			);
			runOnlyForDeploymentPostprocessing = 0;
		};
		1F0B6766276FA6CA00011A7E /* Resources */ = {
			isa = PBXResourcesBuildPhase;
			buildActionMask = 2147483647;
			files = (
			);
			runOnlyForDeploymentPostprocessing = 0;
		};
		1FF1B58527DA77590017E90C /* Resources */ = {
			isa = PBXResourcesBuildPhase;
			buildActionMask = 2147483647;
			files = (
				1F2432DD27FE0757008A5418 /* WalkResources in Resources */,
				1F7A6C3E27FE3A7500FBC296 /* AsyncDASIQuestions.json in Resources */,
				1FF1B59127DA775B0017E90C /* Preview Assets.xcassets in Resources */,
				1FF1B58E27DA775B0017E90C /* Assets.xcassets in Resources */,
			);
			runOnlyForDeploymentPostprocessing = 0;
		};
/* End PBXResourcesBuildPhase section */

/* Begin PBXShellScriptBuildPhase section */
		1FED1C5E27FE210B00C290F7 /* ShellScript */ = {
			isa = PBXShellScriptBuildPhase;
			alwaysOutOfDate = 1;
			buildActionMask = 2147483647;
			files = (
			);
			inputFileListPaths = (
			);
			inputPaths = (
			);
			outputFileListPaths = (
			);
			outputPaths = (
			);
			runOnlyForDeploymentPostprocessing = 0;
			shellPath = /bin/sh;
			shellScript = "echo 'Just killing time'\n";
		};
/* End PBXShellScriptBuildPhase section */

/* Begin PBXSourcesBuildPhase section */
		1F0B674A276FA6C900011A7E /* Sources */ = {
			isa = PBXSourcesBuildPhase;
			buildActionMask = 2147483647;
			files = (
				1FD4568F279F318900B5429A /* AcceleratorFileSink.swift in Sources */,
				1FB684E927F225EC00612924 /* AppStorageKeys.swift in Sources */,
				1F8A065427A4724500477379 /* DASICompleteView.swift in Sources */,
				1FDE826127E3B45F00CD8368 /* DASIReportFile.swift in Sources */,
				1FFB30E1277BE5230099AE5E /* DASIQuestions.swift in Sources */,
				1F0B6754276FA6C900011A7E /* ContentView.swift in Sources */,
				1F60B09E276FB6E20026D28B /* GenericInstructionView.swift in Sources */,
				1FFB31062787892B0099AE5E /* MinutePublisher.swift in Sources */,
				1F8A337E27DFEE400093C896 /* DASIPages.swift in Sources */,
				1FF3544D27920A1C000894B8 /* Configuration.swift in Sources */,
				1FFB310A2787997E0099AE5E /* MinSecFormatter.swift in Sources */,
				1FF3544B2791FCFF000894B8 /* CoreMotion.swift in Sources */,
				1FA3B8C027D69C440058F1AF /* DASIQuestionView.swift in Sources */,
				1F60B0A2276FCE410026D28B /* ReportView.swift in Sources */,
				1FF3543F2790A96C000894B8 /* AccelerometerItem.swift in Sources */,
				1FFB31082787991A0099AE5E /* TimerView.swift in Sources */,
				1FD45691279F40B600B5429A /* DASIResponseList.swift in Sources */,
				1F8A338127E122130093C896 /* DASIUserResponse.swift in Sources */,
				1FF11B37279A0A0A00E319ED /* WalkProgressView.swift in Sources */,
				1FA3B8B827D699DB0058F1AF /* SurveyContainerView.swift in Sources */,
				1FF3543C278FA9C2000894B8 /* PerSubjectFileCoordinator.swift in Sources */,
				1FEA9ED7279A23B3004F3B83 /* SubsecondHandView.swift in Sources */,
				1FDE825F27E29FFD00CD8368 /* AppStages.swift in Sources */,
				1FB684FA27F252BA00612924 /* Numeric+extensions.swift in Sources */,
				1FA3B8C827D7C4170058F1AF /* DASIStages.swift in Sources */,
				1FF11B3C279A184A00E319ED /* SweepSecondView.swift in Sources */,
				1FA3B8C627D6C0250058F1AF /* DASIOnboardView.swift in Sources */,
				1FA3B8C427D6B0CA0058F1AF /* ForwardBackBar.swift in Sources */,
				1F60B0A4276FCF690026D28B /* SetupView.swift in Sources */,
				1F8A065827A4841400477379 /* ApplicationOnboardView.swift in Sources */,
				1F1701A62777B65A00E510AE /* EmailFormView.swift in Sources */,
				1FD4568D279F217700B5429A /* CoreGraphics+Extensions.swift in Sources */,
				1FB684FD27F274CF00612924 /* CoreMotion+extensions.swift in Sources */,
				1F60B0A0276FBD1B0026D28B /* WalkView.swift in Sources */,
				1FDB374127F789FB00E10D8E /* ConfirmClearingAlert.swift in Sources */,
				1F8A065627A478B400477379 /* RootState.swift in Sources */,
				1FF354412790A99E000894B8 /* XYZ.swift in Sources */,
				1FF11B39279A140600E319ED /* WalkCountdownView.swift in Sources */,
				1FD4566F279CAE2B00B5429A /* TimeSpeaker.swift in Sources */,
				1FB684E627F225A300612924 /* SubjectID.swift in Sources */,
				1FA3B8BD27D69BFC0058F1AF /* YesNoButton.swift in Sources */,
				1F0B6752276FA6C900011A7E /* Better_StepApp.swift in Sources */,
				1FA3B8BC27D69BFC0058F1AF /* YesNoStack.swift in Sources */,
				1FF3545127921204000894B8 /* Formatting+Extensions.swift in Sources */,
				1FB367B3279B551B0056600A /* WrappedTimer.swift in Sources */,
				1FD4566D279B68DC00B5429A /* Voice.swift in Sources */,
				1FDB373F27F789BD00E10D8E /* ClearingView.swift in Sources */,
				1FD4568B279F208400B5429A /* FileManager+extensions.swift in Sources */,
				1FDE828C27EBA00C00CD8368 /* RootState+Reset.swift in Sources */,
			);
			runOnlyForDeploymentPostprocessing = 0;
		};
		1F0B675A276FA6CA00011A7E /* Sources */ = {
			isa = PBXSourcesBuildPhase;
			buildActionMask = 2147483647;
			files = (
				1FF1331627A1D0DF004D6647 /* FMExtensionsTests.swift in Sources */,
				1FF1331327A0BE78004D6647 /* DASIReportTests.swift in Sources */,
				1FF354552799D47A000894B8 /* AccelerometerItemTests.swift in Sources */,
				1F0B6763276FA6CA00011A7E /* Better_StepTests.swift in Sources */,
			);
			runOnlyForDeploymentPostprocessing = 0;
		};
		1F0B6764276FA6CA00011A7E /* Sources */ = {
			isa = PBXSourcesBuildPhase;
			buildActionMask = 2147483647;
			files = (
				1F8A064D27A34EAC00477379 /* Better_StepUITestsLaunchTests.swift in Sources */,
				1F8A064C27A34EA900477379 /* Better_StepUITests.swift in Sources */,
			);
			runOnlyForDeploymentPostprocessing = 0;
		};
		1FF1B58327DA77590017E90C /* Sources */ = {
			isa = PBXSourcesBuildPhase;
			buildActionMask = 2147483647;
			files = (
				1FF1B59B27DAA66C0017E90C /* SimpleBarView.swift in Sources */,
				1F2432D327FD143A008A5418 /* YesNoStack.swift in Sources */,
				1FF1B59927DA826D0017E90C /* Formatting+Extensions.swift in Sources */,
				1FB684F227F22AFE00612924 /* SubjectUIEditView.swift in Sources */,
				1FDB374327F78CCD00E10D8E /* ConfirmClearingAlert.swift in Sources */,
				1F2432C927FD087C008A5418 /* SurveyCompleteView.swift in Sources */,
				1F2432BB27FD0260008A5418 /* SurveyContainerView.swift in Sources */,
				1F2432D027FD1373008A5418 /* DASICompleteView.swift in Sources */,
				1F2432C527FD0283008A5418 /* DASIUserResponse.swift in Sources */,
				1F2432C327FD027B008A5418 /* DASIResponseList.swift in Sources */,
				1F7A6C4027FF517200FBC296 /* WalkInstructionBase.swift in Sources */,
				1FB684F427F2363500612924 /* SubjectIDSheetView.swift in Sources */,
				1F2432CB27FD0CAC008A5418 /* PhaseManager.swift in Sources */,
				1F2432DA27FDFD63008A5418 /* WalkInstructionView.swift in Sources */,
				1FB6850427F4DFDD00612924 /* CompletionRowView.swift in Sources */,
				1FB684EA27F2260D00612924 /* AppStorageKeys.swift in Sources */,
				1F2432CE27FD129D008A5418 /* ForwardBackBar.swift in Sources */,
				1FD64EB127F7999E006C1E59 /* Setup.swift in Sources */,
				1FB684FB27F252BE00612924 /* Numeric+extensions.swift in Sources */,
				1FB684E427F2254400612924 /* AcceleratorFileSink.swift in Sources */,
				1F023C6727ECE63600C1EBC5 /* AWSTryout.swift in Sources */,
				1FB684ED27F2269300612924 /* PerSubjectFileCoordinator.swift in Sources */,
				1FF1B58C27DA77590017E90C /* ContentView.swift in Sources */,
				1F2432D127FD143A008A5418 /* YesNoButton.swift in Sources */,
				1FB684EC27F2265900612924 /* XYZ.swift in Sources */,
				1FF1B59527DA778B0017E90C /* CoreMotion.swift in Sources */,
				1FDB374227F78CC900E10D8E /* ClearingView.swift in Sources */,
				1F2432BE27FD026B008A5418 /* DASIQuestionView.swift in Sources */,
				1F2432C127FD0275008A5418 /* DASIQuestions.swift in Sources */,
				1FB6850027F4B96800612924 /* ReportingView.swift in Sources */,
				1FB6850227F4BAD100612924 /* CompletionDisplayView.swift in Sources */,
				1F2432CC27FD0DA6008A5418 /* AppStages.swift in Sources */,
				1F7A6C4227FF51E900FBC296 /* WalkInstructionPage.swift in Sources */,
				1F2432C427FD027F008A5418 /* DASIStages.swift in Sources */,
				1FF1B58A27DA77590017E90C /* Async_AccelApp.swift in Sources */,
				1FD64EB227F79FA1006C1E59 /* EmailFormView.swift in Sources */,
				1FB684EE27F226C900612924 /* FileManager+extensions.swift in Sources */,
				1FB684FE27F274CF00612924 /* CoreMotion+extensions.swift in Sources */,
				1FB684F627F24FC100612924 /* SimpleHBarView.swift in Sources */,
				1F2432CF27FD134D008A5418 /* GenericInstructionView.swift in Sources */,
				1F2432C227FD0278008A5418 /* DASIPages.swift in Sources */,
				1F2432BC27FD0264008A5418 /* DASIOnboardView.swift in Sources */,
				1FB684EB27F2263500612924 /* AccelerometerItem.swift in Sources */,
				1F2432D227FD143A008A5418 /* YesNoView.swift in Sources */,
				1FB684E727F225BD00612924 /* SubjectID.swift in Sources */,
				1F2432C727FD0406008A5418 /* SurveyReportFile.swift in Sources */,
			);
			runOnlyForDeploymentPostprocessing = 0;
		};
/* End PBXSourcesBuildPhase section */

/* Begin PBXTargetDependency section */
		1F0B6760276FA6CA00011A7E /* PBXTargetDependency */ = {
			isa = PBXTargetDependency;
			target = 1F0B674D276FA6C900011A7E /* Better Step */;
			targetProxy = 1F0B675F276FA6CA00011A7E /* PBXContainerItemProxy */;
		};
		1F0B676A276FA6CA00011A7E /* PBXTargetDependency */ = {
			isa = PBXTargetDependency;
			target = 1F0B674D276FA6C900011A7E /* Better Step */;
			targetProxy = 1F0B6769276FA6CA00011A7E /* PBXContainerItemProxy */;
		};
/* End PBXTargetDependency section */

/* Begin XCBuildConfiguration section */
		1F0B6770276FA6CA00011A7E /* Debug */ = {
			isa = XCBuildConfiguration;
			buildSettings = {
				ALWAYS_SEARCH_USER_PATHS = NO;
				CLANG_ANALYZER_NONNULL = YES;
				CLANG_ANALYZER_NUMBER_OBJECT_CONVERSION = YES_AGGRESSIVE;
				CLANG_CXX_LANGUAGE_STANDARD = "gnu++17";
				CLANG_CXX_LIBRARY = "libc++";
				CLANG_ENABLE_MODULES = YES;
				CLANG_ENABLE_OBJC_ARC = YES;
				CLANG_ENABLE_OBJC_WEAK = YES;
				CLANG_WARN_BLOCK_CAPTURE_AUTORELEASING = YES;
				CLANG_WARN_BOOL_CONVERSION = YES;
				CLANG_WARN_COMMA = YES;
				CLANG_WARN_CONSTANT_CONVERSION = YES;
				CLANG_WARN_DEPRECATED_OBJC_IMPLEMENTATIONS = YES;
				CLANG_WARN_DIRECT_OBJC_ISA_USAGE = YES_ERROR;
				CLANG_WARN_DOCUMENTATION_COMMENTS = YES;
				CLANG_WARN_EMPTY_BODY = YES;
				CLANG_WARN_ENUM_CONVERSION = YES;
				CLANG_WARN_INFINITE_RECURSION = YES;
				CLANG_WARN_INT_CONVERSION = YES;
				CLANG_WARN_NON_LITERAL_NULL_CONVERSION = YES;
				CLANG_WARN_OBJC_IMPLICIT_RETAIN_SELF = YES;
				CLANG_WARN_OBJC_LITERAL_CONVERSION = YES;
				CLANG_WARN_OBJC_ROOT_CLASS = YES_ERROR;
				CLANG_WARN_QUOTED_INCLUDE_IN_FRAMEWORK_HEADER = YES;
				CLANG_WARN_RANGE_LOOP_ANALYSIS = YES;
				CLANG_WARN_STRICT_PROTOTYPES = YES;
				CLANG_WARN_SUSPICIOUS_MOVE = YES;
				CLANG_WARN_UNGUARDED_AVAILABILITY = YES_AGGRESSIVE;
				CLANG_WARN_UNREACHABLE_CODE = YES;
				CLANG_WARN__DUPLICATE_METHOD_MATCH = YES;
				CODE_SIGN_IDENTITY = "Apple Development";
				COPY_PHASE_STRIP = NO;
				DEBUG_INFORMATION_FORMAT = dwarf;
				ENABLE_STRICT_OBJC_MSGSEND = YES;
				ENABLE_TESTABILITY = YES;
				GCC_C_LANGUAGE_STANDARD = gnu11;
				GCC_DYNAMIC_NO_PIC = NO;
				GCC_NO_COMMON_BLOCKS = YES;
				GCC_OPTIMIZATION_LEVEL = 0;
				GCC_PREPROCESSOR_DEFINITIONS = (
					"DEBUG=1",
					"$(inherited)",
				);
				GCC_WARN_64_TO_32_BIT_CONVERSION = YES;
				GCC_WARN_ABOUT_RETURN_TYPE = YES_ERROR;
				GCC_WARN_UNDECLARED_SELECTOR = YES;
				GCC_WARN_UNINITIALIZED_AUTOS = YES_AGGRESSIVE;
				GCC_WARN_UNUSED_FUNCTION = YES;
				GCC_WARN_UNUSED_VARIABLE = YES;
				IPHONEOS_DEPLOYMENT_TARGET = 15.2;
				MTL_ENABLE_DEBUG_INFO = INCLUDE_SOURCE;
				MTL_FAST_MATH = YES;
				ONLY_ACTIVE_ARCH = YES;
				SDKROOT = iphoneos;
				SWIFT_ACTIVE_COMPILATION_CONDITIONS = DEBUG;
				SWIFT_OPTIMIZATION_LEVEL = "-Onone";
			};
			name = Debug;
		};
		1F0B6771276FA6CA00011A7E /* Release */ = {
			isa = XCBuildConfiguration;
			buildSettings = {
				ALWAYS_SEARCH_USER_PATHS = NO;
				CLANG_ANALYZER_NONNULL = YES;
				CLANG_ANALYZER_NUMBER_OBJECT_CONVERSION = YES_AGGRESSIVE;
				CLANG_CXX_LANGUAGE_STANDARD = "gnu++17";
				CLANG_CXX_LIBRARY = "libc++";
				CLANG_ENABLE_MODULES = YES;
				CLANG_ENABLE_OBJC_ARC = YES;
				CLANG_ENABLE_OBJC_WEAK = YES;
				CLANG_WARN_BLOCK_CAPTURE_AUTORELEASING = YES;
				CLANG_WARN_BOOL_CONVERSION = YES;
				CLANG_WARN_COMMA = YES;
				CLANG_WARN_CONSTANT_CONVERSION = YES;
				CLANG_WARN_DEPRECATED_OBJC_IMPLEMENTATIONS = YES;
				CLANG_WARN_DIRECT_OBJC_ISA_USAGE = YES_ERROR;
				CLANG_WARN_DOCUMENTATION_COMMENTS = YES;
				CLANG_WARN_EMPTY_BODY = YES;
				CLANG_WARN_ENUM_CONVERSION = YES;
				CLANG_WARN_INFINITE_RECURSION = YES;
				CLANG_WARN_INT_CONVERSION = YES;
				CLANG_WARN_NON_LITERAL_NULL_CONVERSION = YES;
				CLANG_WARN_OBJC_IMPLICIT_RETAIN_SELF = YES;
				CLANG_WARN_OBJC_LITERAL_CONVERSION = YES;
				CLANG_WARN_OBJC_ROOT_CLASS = YES_ERROR;
				CLANG_WARN_QUOTED_INCLUDE_IN_FRAMEWORK_HEADER = YES;
				CLANG_WARN_RANGE_LOOP_ANALYSIS = YES;
				CLANG_WARN_STRICT_PROTOTYPES = YES;
				CLANG_WARN_SUSPICIOUS_MOVE = YES;
				CLANG_WARN_UNGUARDED_AVAILABILITY = YES_AGGRESSIVE;
				CLANG_WARN_UNREACHABLE_CODE = YES;
				CLANG_WARN__DUPLICATE_METHOD_MATCH = YES;
				CODE_SIGN_IDENTITY = "Apple Development";
				COPY_PHASE_STRIP = NO;
				DEBUG_INFORMATION_FORMAT = "dwarf-with-dsym";
				ENABLE_NS_ASSERTIONS = NO;
				ENABLE_STRICT_OBJC_MSGSEND = YES;
				GCC_C_LANGUAGE_STANDARD = gnu11;
				GCC_NO_COMMON_BLOCKS = YES;
				GCC_WARN_64_TO_32_BIT_CONVERSION = YES;
				GCC_WARN_ABOUT_RETURN_TYPE = YES_ERROR;
				GCC_WARN_UNDECLARED_SELECTOR = YES;
				GCC_WARN_UNINITIALIZED_AUTOS = YES_AGGRESSIVE;
				GCC_WARN_UNUSED_FUNCTION = YES;
				GCC_WARN_UNUSED_VARIABLE = YES;
				IPHONEOS_DEPLOYMENT_TARGET = 15.2;
				MTL_ENABLE_DEBUG_INFO = NO;
				MTL_FAST_MATH = YES;
				SDKROOT = iphoneos;
				SWIFT_ACTIVE_COMPILATION_CONDITIONS = FOR_BETTER_ST;
				SWIFT_COMPILATION_MODE = wholemodule;
				SWIFT_OPTIMIZATION_LEVEL = "-O";
				VALIDATE_PRODUCT = YES;
			};
			name = Release;
		};
		1F0B6773276FA6CA00011A7E /* Debug */ = {
			isa = XCBuildConfiguration;
			buildSettings = {
				ASSETCATALOG_COMPILER_APPICON_NAME = AppIcon;
				ASSETCATALOG_COMPILER_GLOBAL_ACCENT_COLOR_NAME = AccentColor;
				CODE_SIGN_STYLE = Automatic;
				CURRENT_PROJECT_VERSION = 1;
				DEVELOPMENT_ASSET_PATHS = "\"Better Step/Preview Content\"";
				DEVELOPMENT_TEAM = J2E8MMY7GM;
				ENABLE_PREVIEWS = YES;
				GENERATE_INFOPLIST_FILE = YES;
				INFOPLIST_FILE = "Better-Step-Info.plist";
				INFOPLIST_KEY_UIApplicationSceneManifest_Generation = YES;
				INFOPLIST_KEY_UIApplicationSupportsIndirectInputEvents = YES;
				INFOPLIST_KEY_UILaunchScreen_Generation = YES;
				INFOPLIST_KEY_UISupportedInterfaceOrientations_iPad = "UIInterfaceOrientationPortrait UIInterfaceOrientationPortraitUpsideDown UIInterfaceOrientationLandscapeLeft UIInterfaceOrientationLandscapeRight";
				INFOPLIST_KEY_UISupportedInterfaceOrientations_iPhone = "UIInterfaceOrientationPortrait UIInterfaceOrientationLandscapeLeft UIInterfaceOrientationLandscapeRight";
				INFOPLIST_KEY_UISupportsDocumentBrowser = YES;
				LD_RUNPATH_SEARCH_PATHS = (
					"$(inherited)",
					"@executable_path/Frameworks",
				);
				MARKETING_VERSION = 1.0;
				PRODUCT_BUNDLE_IDENTIFIER = "com.wt9t.Better-Step";
				PRODUCT_NAME = "$(TARGET_NAME)";
				SWIFT_ACTIVE_COMPILATION_CONDITIONS = "DEBUG FOR_BETTER_ST";
				SWIFT_EMIT_LOC_STRINGS = YES;
				SWIFT_VERSION = 5.0;
				TARGETED_DEVICE_FAMILY = 1;
			};
			name = Debug;
		};
		1F0B6774276FA6CA00011A7E /* Release */ = {
			isa = XCBuildConfiguration;
			buildSettings = {
				ASSETCATALOG_COMPILER_APPICON_NAME = AppIcon;
				ASSETCATALOG_COMPILER_GLOBAL_ACCENT_COLOR_NAME = AccentColor;
				CODE_SIGN_STYLE = Automatic;
				CURRENT_PROJECT_VERSION = 1;
				DEVELOPMENT_ASSET_PATHS = "\"Better Step/Preview Content\"";
				DEVELOPMENT_TEAM = J2E8MMY7GM;
				ENABLE_PREVIEWS = YES;
				GENERATE_INFOPLIST_FILE = YES;
				INFOPLIST_FILE = "Better-Step-Info.plist";
				INFOPLIST_KEY_UIApplicationSceneManifest_Generation = YES;
				INFOPLIST_KEY_UIApplicationSupportsIndirectInputEvents = YES;
				INFOPLIST_KEY_UILaunchScreen_Generation = YES;
				INFOPLIST_KEY_UISupportedInterfaceOrientations_iPad = "UIInterfaceOrientationPortrait UIInterfaceOrientationPortraitUpsideDown UIInterfaceOrientationLandscapeLeft UIInterfaceOrientationLandscapeRight";
				INFOPLIST_KEY_UISupportedInterfaceOrientations_iPhone = "UIInterfaceOrientationPortrait UIInterfaceOrientationLandscapeLeft UIInterfaceOrientationLandscapeRight";
				INFOPLIST_KEY_UISupportsDocumentBrowser = YES;
				LD_RUNPATH_SEARCH_PATHS = (
					"$(inherited)",
					"@executable_path/Frameworks",
				);
				MARKETING_VERSION = 1.0;
				PRODUCT_BUNDLE_IDENTIFIER = "com.wt9t.Better-Step";
				PRODUCT_NAME = "$(TARGET_NAME)";
				SWIFT_EMIT_LOC_STRINGS = YES;
				SWIFT_VERSION = 5.0;
				TARGETED_DEVICE_FAMILY = 1;
			};
			name = Release;
		};
		1F0B6776276FA6CA00011A7E /* Debug */ = {
			isa = XCBuildConfiguration;
			buildSettings = {
				ALWAYS_EMBED_SWIFT_STANDARD_LIBRARIES = YES;
				BUNDLE_LOADER = "$(TEST_HOST)";
				CODE_SIGN_STYLE = Automatic;
				CURRENT_PROJECT_VERSION = 1;
				DEVELOPMENT_TEAM = J2E8MMY7GM;
				GENERATE_INFOPLIST_FILE = YES;
				IPHONEOS_DEPLOYMENT_TARGET = 15.2;
				MARKETING_VERSION = 1.0;
				PRODUCT_BUNDLE_IDENTIFIER = "com.wt9t.Better-StepTests";
				PRODUCT_NAME = "$(TARGET_NAME)";
				SWIFT_EMIT_LOC_STRINGS = NO;
				SWIFT_VERSION = 5.0;
				TARGETED_DEVICE_FAMILY = "1,2";
				TEST_HOST = "$(BUILT_PRODUCTS_DIR)/Better Step.app/Better Step";
			};
			name = Debug;
		};
		1F0B6777276FA6CA00011A7E /* Release */ = {
			isa = XCBuildConfiguration;
			buildSettings = {
				ALWAYS_EMBED_SWIFT_STANDARD_LIBRARIES = YES;
				BUNDLE_LOADER = "$(TEST_HOST)";
				CODE_SIGN_STYLE = Automatic;
				CURRENT_PROJECT_VERSION = 1;
				DEVELOPMENT_TEAM = J2E8MMY7GM;
				GENERATE_INFOPLIST_FILE = YES;
				IPHONEOS_DEPLOYMENT_TARGET = 15.2;
				MARKETING_VERSION = 1.0;
				PRODUCT_BUNDLE_IDENTIFIER = "com.wt9t.Better-StepTests";
				PRODUCT_NAME = "$(TARGET_NAME)";
				SWIFT_EMIT_LOC_STRINGS = NO;
				SWIFT_VERSION = 5.0;
				TARGETED_DEVICE_FAMILY = "1,2";
				TEST_HOST = "$(BUILT_PRODUCTS_DIR)/Better Step.app/Better Step";
			};
			name = Release;
		};
		1F0B6779276FA6CA00011A7E /* Debug */ = {
			isa = XCBuildConfiguration;
			buildSettings = {
				ALWAYS_EMBED_SWIFT_STANDARD_LIBRARIES = YES;
				CODE_SIGN_STYLE = Automatic;
				CURRENT_PROJECT_VERSION = 1;
				DEVELOPMENT_TEAM = J2E8MMY7GM;
				GENERATE_INFOPLIST_FILE = YES;
				MARKETING_VERSION = 1.0;
				PRODUCT_BUNDLE_IDENTIFIER = "com.wt9t.Better-StepUITests";
				PRODUCT_NAME = "$(TARGET_NAME)";
				SWIFT_EMIT_LOC_STRINGS = NO;
				SWIFT_VERSION = 5.0;
				TARGETED_DEVICE_FAMILY = "1,2";
				TEST_TARGET_NAME = "Better Step";
			};
			name = Debug;
		};
		1F0B677A276FA6CA00011A7E /* Release */ = {
			isa = XCBuildConfiguration;
			buildSettings = {
				ALWAYS_EMBED_SWIFT_STANDARD_LIBRARIES = YES;
				CODE_SIGN_STYLE = Automatic;
				CURRENT_PROJECT_VERSION = 1;
				DEVELOPMENT_TEAM = J2E8MMY7GM;
				GENERATE_INFOPLIST_FILE = YES;
				MARKETING_VERSION = 1.0;
				PRODUCT_BUNDLE_IDENTIFIER = "com.wt9t.Better-StepUITests";
				PRODUCT_NAME = "$(TARGET_NAME)";
				SWIFT_EMIT_LOC_STRINGS = NO;
				SWIFT_VERSION = 5.0;
				TARGETED_DEVICE_FAMILY = "1,2";
				TEST_TARGET_NAME = "Better Step";
			};
			name = Release;
		};
		1FF1B59327DA775B0017E90C /* Debug */ = {
			isa = XCBuildConfiguration;
			buildSettings = {
				ASSETCATALOG_COMPILER_APPICON_NAME = AppIcon;
				ASSETCATALOG_COMPILER_GLOBAL_ACCENT_COLOR_NAME = AccentColor;
				CODE_SIGN_IDENTITY = "Apple Development";
				CODE_SIGN_STYLE = Automatic;
				CURRENT_PROJECT_VERSION = 1;
				DEVELOPMENT_ASSET_PATHS = "\"Async Accel/Preview Content\"";
				DEVELOPMENT_TEAM = J2E8MMY7GM;
				ENABLE_PREVIEWS = YES;
				GENERATE_INFOPLIST_FILE = YES;
				INFOPLIST_KEY_UIApplicationSceneManifest_Generation = YES;
				INFOPLIST_KEY_UIApplicationSupportsIndirectInputEvents = YES;
				INFOPLIST_KEY_UILaunchScreen_Generation = YES;
				INFOPLIST_KEY_UISupportedInterfaceOrientations = UIInterfaceOrientationPortrait;
				LD_RUNPATH_SEARCH_PATHS = (
					"$(inherited)",
					"@executable_path/Frameworks",
				);
				MARKETING_VERSION = 1.0;
				PRODUCT_BUNDLE_IDENTIFIER = "com.wt9t.Async-Accel";
				PRODUCT_NAME = "$(TARGET_NAME)";
				PROVISIONING_PROFILE_SPECIFIER = "";
				SWIFT_ACTIVE_COMPILATION_CONDITIONS = "DEBUG FOR_AACCEL";
				SWIFT_EMIT_LOC_STRINGS = YES;
				SWIFT_VERSION = 5.0;
				TARGETED_DEVICE_FAMILY = "1,2";
			};
			name = Debug;
		};
		1FF1B59427DA775B0017E90C /* Release */ = {
			isa = XCBuildConfiguration;
			buildSettings = {
				ASSETCATALOG_COMPILER_APPICON_NAME = AppIcon;
				ASSETCATALOG_COMPILER_GLOBAL_ACCENT_COLOR_NAME = AccentColor;
				CODE_SIGN_IDENTITY = "Apple Development";
				CODE_SIGN_STYLE = Automatic;
				CURRENT_PROJECT_VERSION = 1;
				DEVELOPMENT_ASSET_PATHS = "\"Async Accel/Preview Content\"";
				DEVELOPMENT_TEAM = J2E8MMY7GM;
				ENABLE_PREVIEWS = YES;
				GENERATE_INFOPLIST_FILE = YES;
				INFOPLIST_KEY_UIApplicationSceneManifest_Generation = YES;
				INFOPLIST_KEY_UIApplicationSupportsIndirectInputEvents = YES;
				INFOPLIST_KEY_UILaunchScreen_Generation = YES;
				INFOPLIST_KEY_UISupportedInterfaceOrientations = UIInterfaceOrientationPortrait;
				LD_RUNPATH_SEARCH_PATHS = (
					"$(inherited)",
					"@executable_path/Frameworks",
				);
				MARKETING_VERSION = 1.0;
				PRODUCT_BUNDLE_IDENTIFIER = "com.wt9t.Async-Accel";
				PRODUCT_NAME = "$(TARGET_NAME)";
				PROVISIONING_PROFILE_SPECIFIER = "";
				SWIFT_ACTIVE_COMPILATION_CONDITIONS = FOR_AACCEL;
				SWIFT_EMIT_LOC_STRINGS = YES;
				SWIFT_VERSION = 5.0;
				TARGETED_DEVICE_FAMILY = "1,2";
			};
			name = Release;
		};
/* End XCBuildConfiguration section */

/* Begin XCConfigurationList section */
		1F0B6749276FA6C900011A7E /* Build configuration list for PBXProject "Better Step" */ = {
			isa = XCConfigurationList;
			buildConfigurations = (
				1F0B6770276FA6CA00011A7E /* Debug */,
				1F0B6771276FA6CA00011A7E /* Release */,
			);
			defaultConfigurationIsVisible = 0;
			defaultConfigurationName = Release;
		};
		1F0B6772276FA6CA00011A7E /* Build configuration list for PBXNativeTarget "Better Step" */ = {
			isa = XCConfigurationList;
			buildConfigurations = (
				1F0B6773276FA6CA00011A7E /* Debug */,
				1F0B6774276FA6CA00011A7E /* Release */,
			);
			defaultConfigurationIsVisible = 0;
			defaultConfigurationName = Release;
		};
		1F0B6775276FA6CA00011A7E /* Build configuration list for PBXNativeTarget "Better StepTests" */ = {
			isa = XCConfigurationList;
			buildConfigurations = (
				1F0B6776276FA6CA00011A7E /* Debug */,
				1F0B6777276FA6CA00011A7E /* Release */,
			);
			defaultConfigurationIsVisible = 0;
			defaultConfigurationName = Release;
		};
		1F0B6778276FA6CA00011A7E /* Build configuration list for PBXNativeTarget "Better StepUITests" */ = {
			isa = XCConfigurationList;
			buildConfigurations = (
				1F0B6779276FA6CA00011A7E /* Debug */,
				1F0B677A276FA6CA00011A7E /* Release */,
			);
			defaultConfigurationIsVisible = 0;
			defaultConfigurationName = Release;
		};
		1FF1B59227DA775B0017E90C /* Build configuration list for PBXNativeTarget "Async Accel" */ = {
			isa = XCConfigurationList;
			buildConfigurations = (
				1FF1B59327DA775B0017E90C /* Debug */,
				1FF1B59427DA775B0017E90C /* Release */,
			);
			defaultConfigurationIsVisible = 0;
			defaultConfigurationName = Release;
		};
/* End XCConfigurationList section */

/* Begin XCRemoteSwiftPackageReference section */
		1F023C5927ECE52700C1EBC5 /* XCRemoteSwiftPackageReference "aws-sdk-swift" */ = {
			isa = XCRemoteSwiftPackageReference;
			repositoryURL = "https://github.com/awslabs/aws-sdk-swift.git";
			requirement = {
				kind = upToNextMajorVersion;
				minimumVersion = 0.2.3;
			};
		};
		1F1BD8D327D1450300568ADF /* XCRemoteSwiftPackageReference "swift-numerics" */ = {
			isa = XCRemoteSwiftPackageReference;
			repositoryURL = "https://github.com/apple/swift-numerics.git";
			requirement = {
				kind = upToNextMajorVersion;
				minimumVersion = 1.0.0;
			};
		};
		1F8A064E27A3528E00477379 /* XCRemoteSwiftPackageReference "swift-algorithms" */ = {
			isa = XCRemoteSwiftPackageReference;
			repositoryURL = "https://github.com/apple/swift-algorithms.git";
			requirement = {
				kind = upToNextMinorVersion;
				minimumVersion = 1.0.0;
			};
		};
		1FDE826227E3D7F700CD8368 /* XCRemoteSwiftPackageReference "ActivityView" */ = {
			isa = XCRemoteSwiftPackageReference;
			repositoryURL = "https://github.com/SwiftUI-Plus/ActivityView";
			requirement = {
				kind = upToNextMajorVersion;
				minimumVersion = 1.0.0;
			};
		};
		1FF1330F27A09979004D6647 /* XCRemoteSwiftPackageReference "ZIPFoundation" */ = {
			isa = XCRemoteSwiftPackageReference;
			repositoryURL = "https://github.com/weichsel/ZIPFoundation";
			requirement = {
				kind = upToNextMajorVersion;
				minimumVersion = 0.9.9;
			};
		};
		1FF35436278F61FB000894B8 /* XCRemoteSwiftPackageReference "CodableCSV" */ = {
			isa = XCRemoteSwiftPackageReference;
			repositoryURL = "https://github.com/dehesa/CodableCSV";
			requirement = {
				kind = upToNextMajorVersion;
				minimumVersion = 0.6.7;
			};
		};
		1FF354422790D1F5000894B8 /* XCRemoteSwiftPackageReference "swift-collections" */ = {
			isa = XCRemoteSwiftPackageReference;
			repositoryURL = "https://github.com/apple/swift-collections.git";
			requirement = {
				kind = upToNextMinorVersion;
				minimumVersion = 1.0.0;
			};
		};
/* End XCRemoteSwiftPackageReference section */

/* Begin XCSwiftPackageProductDependency section */
		1F023C5A27ECE52700C1EBC5 /* AWSS3 */ = {
			isa = XCSwiftPackageProductDependency;
			package = 1F023C5927ECE52700C1EBC5 /* XCRemoteSwiftPackageReference "aws-sdk-swift" */;
			productName = AWSS3;
		};
		1F023C5C27ECE52700C1EBC5 /* AWSS3Control */ = {
			isa = XCSwiftPackageProductDependency;
			package = 1F023C5927ECE52700C1EBC5 /* XCRemoteSwiftPackageReference "aws-sdk-swift" */;
			productName = AWSS3Control;
		};
		1F023C5E27ECE52700C1EBC5 /* AWSS3Outposts */ = {
			isa = XCSwiftPackageProductDependency;
			package = 1F023C5927ECE52700C1EBC5 /* XCRemoteSwiftPackageReference "aws-sdk-swift" */;
			productName = AWSS3Outposts;
		};
		1F023C6027ECE58B00C1EBC5 /* AWSS3 */ = {
			isa = XCSwiftPackageProductDependency;
			package = 1F023C5927ECE52700C1EBC5 /* XCRemoteSwiftPackageReference "aws-sdk-swift" */;
			productName = AWSS3;
		};
		1F023C6227ECE58B00C1EBC5 /* AWSS3Control */ = {
			isa = XCSwiftPackageProductDependency;
			package = 1F023C5927ECE52700C1EBC5 /* XCRemoteSwiftPackageReference "aws-sdk-swift" */;
			productName = AWSS3Control;
		};
		1F023C6427ECE58B00C1EBC5 /* AWSS3Outposts */ = {
			isa = XCSwiftPackageProductDependency;
			package = 1F023C5927ECE52700C1EBC5 /* XCRemoteSwiftPackageReference "aws-sdk-swift" */;
			productName = AWSS3Outposts;
		};
		1F1BD8D427D1450300568ADF /* ComplexModule */ = {
			isa = XCSwiftPackageProductDependency;
			package = 1F1BD8D327D1450300568ADF /* XCRemoteSwiftPackageReference "swift-numerics" */;
			productName = ComplexModule;
		};
		1F1BD8D627D1450300568ADF /* Numerics */ = {
			isa = XCSwiftPackageProductDependency;
			package = 1F1BD8D327D1450300568ADF /* XCRemoteSwiftPackageReference "swift-numerics" */;
			productName = Numerics;
		};
		1F1BD8D827D1450300568ADF /* RealModule */ = {
			isa = XCSwiftPackageProductDependency;
			package = 1F1BD8D327D1450300568ADF /* XCRemoteSwiftPackageReference "swift-numerics" */;
			productName = RealModule;
		};
		1F8A064F27A3528E00477379 /* Algorithms */ = {
			isa = XCSwiftPackageProductDependency;
			package = 1F8A064E27A3528E00477379 /* XCRemoteSwiftPackageReference "swift-algorithms" */;
			productName = Algorithms;
		};
		1FDE826327E3D7F700CD8368 /* ActivityView */ = {
			isa = XCSwiftPackageProductDependency;
			package = 1FDE826227E3D7F700CD8368 /* XCRemoteSwiftPackageReference "ActivityView" */;
			productName = ActivityView;
		};
		1FF1331027A09979004D6647 /* ZIPFoundation */ = {
			isa = XCSwiftPackageProductDependency;
			package = 1FF1330F27A09979004D6647 /* XCRemoteSwiftPackageReference "ZIPFoundation" */;
			productName = ZIPFoundation;
		};
		1FF1B59727DA78C60017E90C /* Collections */ = {
			isa = XCSwiftPackageProductDependency;
			package = 1FF354422790D1F5000894B8 /* XCRemoteSwiftPackageReference "swift-collections" */;
			productName = Collections;
		};
		1FF35437278F61FB000894B8 /* CodableCSV */ = {
			isa = XCSwiftPackageProductDependency;
			package = 1FF35436278F61FB000894B8 /* XCRemoteSwiftPackageReference "CodableCSV" */;
			productName = CodableCSV;
		};
		1FF354432790D1F5000894B8 /* Collections */ = {
			isa = XCSwiftPackageProductDependency;
			package = 1FF354422790D1F5000894B8 /* XCRemoteSwiftPackageReference "swift-collections" */;
			productName = Collections;
		};
		1FF354452790D1F5000894B8 /* DequeModule */ = {
			isa = XCSwiftPackageProductDependency;
			package = 1FF354422790D1F5000894B8 /* XCRemoteSwiftPackageReference "swift-collections" */;
			productName = DequeModule;
		};
		1FF354472790D1F5000894B8 /* OrderedCollections */ = {
			isa = XCSwiftPackageProductDependency;
			package = 1FF354422790D1F5000894B8 /* XCRemoteSwiftPackageReference "swift-collections" */;
			productName = OrderedCollections;
		};
/* End XCSwiftPackageProductDependency section */
	};
	rootObject = 1F0B6746276FA6C900011A7E /* Project object */;
}
