// !$*UTF8*$!
{
	archiveVersion = 1;
	classes = {
	};
	objectVersion = 56;
	objects = {

/* Begin PBXBuildFile section */
		1F0B6763276FA6CA00011A7E /* Better_StepTests.swift in Sources */ = {isa = PBXBuildFile; fileRef = 1F0B6762276FA6CA00011A7E /* Better_StepTests.swift */; };
		1F1C79D7293E82290037B7AE /* WalkInfoResult.swift in Sources */ = {isa = PBXBuildFile; fileRef = 1F1C79D6293E82290037B7AE /* WalkInfoResult.swift */; };
		1F21D06729CCCF9B001AD9F4 /* conclusion.json in Resources */ = {isa = PBXBuildFile; fileRef = 1F21D06629CCCF9B001AD9F4 /* conclusion.json */; };
		1F2B8AAA294A54F500075248 /* SeriesTag.swift in Sources */ = {isa = PBXBuildFile; fileRef = 1F2B8AA9294A54F500075248 /* SeriesTag.swift */; };
		1F2B8AAC294A7A5400075248 /* WalkingContainer+Phases.swift in Sources */ = {isa = PBXBuildFile; fileRef = 1F2B8AAB294A7A5400075248 /* WalkingContainer+Phases.swift */; };
		1F2B8AAE294B688300075248 /* SevenDaysMockup.csv in Resources */ = {isa = PBXBuildFile; fileRef = 1F2B8AAD294B688300075248 /* SevenDaysMockup.csv */; };
		1F2FA76428F7585E007B2D74 /* NNNbeep.ahap in Resources */ = {isa = PBXBuildFile; fileRef = 1F2FA76228F7585E007B2D74 /* NNNbeep.ahap */; };
		1F2FA76528F7585E007B2D74 /* AAAbeep.ahap in Resources */ = {isa = PBXBuildFile; fileRef = 1F2FA76328F7585E007B2D74 /* AAAbeep.ahap */; };
		1F32980828F4C652003B9827 /* Timekeeper.swift in Sources */ = {isa = PBXBuildFile; fileRef = 1F32980728F4C652003B9827 /* Timekeeper.swift */; };
		1F373C1B2953B8CC00126C9C /* PhaseStorage.swift in Sources */ = {isa = PBXBuildFile; fileRef = 1F88683029479FF700085EC7 /* PhaseStorage.swift */; };
		1F415DEB295F841F00F49E82 /* PedometryBuffer.swift in Sources */ = {isa = PBXBuildFile; fileRef = 1F415DEA295F841F00F49E82 /* PedometryBuffer.swift */; };
		1F56E67428F0C94E00746FF9 /* FloatEquatable.swift in Sources */ = {isa = PBXBuildFile; fileRef = 1F56E67328F0C94E00746FF9 /* FloatEquatable.swift */; };
		1F59876529063A5E00B004CA /* SurveyContainerView+content.swift in Sources */ = {isa = PBXBuildFile; fileRef = 1F59876429063A5E00B004CA /* SurveyContainerView+content.swift */; };
		1F5D7CAC2999B88200FFB414 /* error-support.swift in Sources */ = {isa = PBXBuildFile; fileRef = 1F0D9352298DB6DF00B5194B /* error-support.swift */; };
		1F6456F4294CF6910064DADA /* TimedXYZ.swift in Sources */ = {isa = PBXBuildFile; fileRef = 1F56E73529439626001708F3 /* TimedXYZ.swift */; };
		1F6456F8294D29FA0064DADA /* TestXYZT.json in Resources */ = {isa = PBXBuildFile; fileRef = 1F6456F7294D29FA0064DADA /* TestXYZT.json */; };
		1F66586829709D4900EE75FE /* ZIPArchiver.swift in Sources */ = {isa = PBXBuildFile; fileRef = 1F66586729709D4900EE75FE /* ZIPArchiver.swift */; };
		1F6998322999A67A00A0AC80 /* UploadTaskDelegate.swift in Sources */ = {isa = PBXBuildFile; fileRef = 1F0D9353298DB6DF00B5194B /* UploadTaskDelegate.swift */; };
		1F6998332999A67A00A0AC80 /* PerformUpload.swift in Sources */ = {isa = PBXBuildFile; fileRef = 1F0D9351298DB6DF00B5194B /* PerformUpload.swift */; };
		1F6998342999A67A00A0AC80 /* UploadCreds.swift in Sources */ = {isa = PBXBuildFile; fileRef = 1F0D9350298DB6DF00B5194B /* UploadCreds.swift */; };
		1F6998362999A67A00A0AC80 /* SessionDelegate.swift in Sources */ = {isa = PBXBuildFile; fileRef = 1F0D934E298DB6DF00B5194B /* SessionDelegate.swift */; };
		1F6998372999A67A00A0AC80 /* UPLData.swift in Sources */ = {isa = PBXBuildFile; fileRef = 1F0D934F298DB6DF00B5194B /* UPLData.swift */; };
		1F87E1A32919979C000908AE /* TopPhases.swift in Sources */ = {isa = PBXBuildFile; fileRef = 1F87E1A22919979C000908AE /* TopPhases.swift */; };
		1F8868332947A2EE00085EC7 /* SevenDayPedometry.swift in Sources */ = {isa = PBXBuildFile; fileRef = 1F8868322947A2EE00085EC7 /* SevenDayPedometry.swift */; };
		1F891BB82950E9B3006C09DF /* Better_StepApp.swift in Sources */ = {isa = PBXBuildFile; fileRef = 1F0B6751276FA6C900011A7E /* Better_StepApp.swift */; };
		1F8A064D27A34EAC00477379 /* Better_StepUITestsLaunchTests.swift in Sources */ = {isa = PBXBuildFile; fileRef = 1F0B676E276FA6CA00011A7E /* Better_StepUITestsLaunchTests.swift */; };
		1F9A28AA28F9D7F80099F5D8 /* YesNoButtonView.swift in Sources */ = {isa = PBXBuildFile; fileRef = 1F9A28A928F9D7F80099F5D8 /* YesNoButtonView.swift */; };
		1F9A48AC29C4FB2400B956C9 /* CardContent.swift in Sources */ = {isa = PBXBuildFile; fileRef = 1F9A48AB29C4FB2400B956C9 /* CardContent.swift */; };
		1F9A48AE29C4FB5900B956C9 /* SimplestCard.swift in Sources */ = {isa = PBXBuildFile; fileRef = 1F9A48AD29C4FB5900B956C9 /* SimplestCard.swift */; };
		1F9A48B029C4FB9900B956C9 /* InterCarousel.swift in Sources */ = {isa = PBXBuildFile; fileRef = 1F9A48AF29C4FB9900B956C9 /* InterCarousel.swift */; };
		1F9A48B229C4FBA900B956C9 /* BackToolbarView.swift in Sources */ = {isa = PBXBuildFile; fileRef = 1F9A48B129C4FBA900B956C9 /* BackToolbarView.swift */; };
		1F9A48B429C4FBD500B956C9 /* CardErrorCodes.swift in Sources */ = {isa = PBXBuildFile; fileRef = 1F9A48B329C4FBD500B956C9 /* CardErrorCodes.swift */; };
		1FA17C0129CA310F0082FB53 /* UploadCompletionNotification.swift in Sources */ = {isa = PBXBuildFile; fileRef = 1F3543D12996D0BE003DD1D0 /* UploadCompletionNotification.swift */; };
		1FA281DC28DBBB270038353E /* TaggedField.swift in Sources */ = {isa = PBXBuildFile; fileRef = 1F1C4E0728D3DB0500547C7A /* TaggedField.swift */; };
		1FA281DF28DBBB270038353E /* Formatting+Extensions.swift in Sources */ = {isa = PBXBuildFile; fileRef = 1FF3545027921204000894B8 /* Formatting+Extensions.swift */; };
		1FA281E028DBBB270038353E /* ConclusionView.swift in Sources */ = {isa = PBXBuildFile; fileRef = 1F09EE3128DB745900CFBE4B /* ConclusionView.swift */; };
		1FA281E128DBBB270038353E /* PlaybackMilestone.swift in Sources */ = {isa = PBXBuildFile; fileRef = 1F60E70128DA71F700EC2593 /* PlaybackMilestone.swift */; };
		1FA281E528DBBB270038353E /* ASKeys.swift in Sources */ = {isa = PBXBuildFile; fileRef = 1FB684E827F225EC00612924 /* ASKeys.swift */; };
		1FA281E928DBBB270038353E /* DASICompleteView.swift in Sources */ = {isa = PBXBuildFile; fileRef = 1F8A065327A4724500477379 /* DASICompleteView.swift */; };
		1FA281EB28DBBB270038353E /* SubjectID.swift in Sources */ = {isa = PBXBuildFile; fileRef = 1FB684E527F225A300612924 /* SubjectID.swift */; };
		1FA281EC28DBBB270038353E /* DASIStages.swift in Sources */ = {isa = PBXBuildFile; fileRef = 1FA3B8C727D7C4170058F1AF /* DASIStages.swift */; };
		1FA281F028DBBB270038353E /* MorseHaptic.swift in Sources */ = {isa = PBXBuildFile; fileRef = 1F60E70328DA720500EC2593 /* MorseHaptic.swift */; };
		1FA281F328DBBB270038353E /* UsabilityQuestions.swift in Sources */ = {isa = PBXBuildFile; fileRef = 1F1C4E0D28D4D76800547C7A /* UsabilityQuestions.swift */; };
		1FA281F428DBBB270038353E /* DASIUserResponse.swift in Sources */ = {isa = PBXBuildFile; fileRef = 1F8A338027E122130093C896 /* DASIUserResponse.swift */; };
		1FA281F828DBBB270038353E /* DigitalTimerView.swift in Sources */ = {isa = PBXBuildFile; fileRef = 1F1C4DF328D3A2CC00547C7A /* DigitalTimerView.swift */; };
		1FA281F928DBBB270038353E /* DASIQuestionView.swift in Sources */ = {isa = PBXBuildFile; fileRef = 1FA3B8BF27D69C440058F1AF /* DASIQuestionView.swift */; };
		1FA281FB28DBBB270038353E /* SweepSecondView.swift in Sources */ = {isa = PBXBuildFile; fileRef = 1FF11B3B279A184A00E319ED /* SweepSecondView.swift */; };
		1FA281FC28DBBB270038353E /* DASIOnboardView.swift in Sources */ = {isa = PBXBuildFile; fileRef = 1FA3B8C527D6C0250058F1AF /* DASIOnboardView.swift */; };
		1FA281FD28DBBB270038353E /* CoreMotion+extensions.swift in Sources */ = {isa = PBXBuildFile; fileRef = 1FB684FC27F274CF00612924 /* CoreMotion+extensions.swift */; };
		1FA281FE28DBBB270038353E /* SubsecondHandView.swift in Sources */ = {isa = PBXBuildFile; fileRef = 1FEA9ED6279A23B3004F3B83 /* SubsecondHandView.swift */; };
		1FA2820328DBBB270038353E /* YesNoStack.swift in Sources */ = {isa = PBXBuildFile; fileRef = 1FA3B8B927D69BFC0058F1AF /* YesNoStack.swift */; };
		1FA2820528DBBB270038353E /* XYZ.swift in Sources */ = {isa = PBXBuildFile; fileRef = 1FF354402790A99E000894B8 /* XYZ.swift */; };
		1FA2820628DBBB270038353E /* ApplicationOnboardView.swift in Sources */ = {isa = PBXBuildFile; fileRef = 1F8A065727A4841400477379 /* ApplicationOnboardView.swift */; };
		1FA2820728DBBB270038353E /* UsabilitySummaryView.swift in Sources */ = {isa = PBXBuildFile; fileRef = 1F1C4E1028D4D76800547C7A /* UsabilitySummaryView.swift */; };
		1FA2820828DBBB270038353E /* WalkingContainerView.swift in Sources */ = {isa = PBXBuildFile; fileRef = 1F1C4DE828D39E3C00547C7A /* WalkingContainerView.swift */; };
		1FA2820928DBBB270038353E /* TopContainerView.swift in Sources */ = {isa = PBXBuildFile; fileRef = 1FB2F54128D22FB600593692 /* TopContainerView.swift */; };
		1FA2820B28DBBB270038353E /* OnboardContainerView.swift in Sources */ = {isa = PBXBuildFile; fileRef = 1F0AF27628D8DCEB00ED01AE /* OnboardContainerView.swift */; };
		1FA2820C28DBBB270038353E /* CoreMotion.swift in Sources */ = {isa = PBXBuildFile; fileRef = 1FF3544A2791FCFF000894B8 /* CoreMotion.swift */; };
		1FA2820D28DBBB270038353E /* FileManager+extensions.swift in Sources */ = {isa = PBXBuildFile; fileRef = 1FD4568A279F208400B5429A /* FileManager+extensions.swift */; };
		1FA2820F28DBBB270038353E /* Numeric+extensions.swift in Sources */ = {isa = PBXBuildFile; fileRef = 1FB684F927F252BA00612924 /* Numeric+extensions.swift */; };
		1FA2821028DBBB270038353E /* MinSecFormatter.swift in Sources */ = {isa = PBXBuildFile; fileRef = 1FFB31092787997E0099AE5E /* MinSecFormatter.swift */; };
		1FA2821428DBBB270038353E /* DASIQuestions.swift in Sources */ = {isa = PBXBuildFile; fileRef = 1FFB30E0277BE5230099AE5E /* DASIQuestions.swift */; };
		1FA2821528DBBB270038353E /* UsabilityView.swift in Sources */ = {isa = PBXBuildFile; fileRef = 1F1C4E0F28D4D76800547C7A /* UsabilityView.swift */; };
		1FA2821728DBBB270038353E /* ReportView.swift in Sources */ = {isa = PBXBuildFile; fileRef = 1F60B0A1276FCE410026D28B /* ReportView.swift */; };
		1FA2821828DBBB270038353E /* MinSecAndFraction.swift in Sources */ = {isa = PBXBuildFile; fileRef = 1FB2F53828D133E700593692 /* MinSecAndFraction.swift */; };
		1FA2821928DBBB270038353E /* InterstitialInfo.swift in Sources */ = {isa = PBXBuildFile; fileRef = 1F1C4DEA28D39E6900547C7A /* InterstitialInfo.swift */; };
		1FA2821D28DBBB270038353E /* DASIResponseList.swift in Sources */ = {isa = PBXBuildFile; fileRef = 1FD45690279F40B600B5429A /* DASIResponseList.swift */; };
		1FA2822028DBBB270038353E /* InterstitialPageView.swift in Sources */ = {isa = PBXBuildFile; fileRef = 1F1C4DEE28D3A27300547C7A /* InterstitialPageView.swift */; };
		1FA2822128DBBB270038353E /* SurveyContainerView.swift in Sources */ = {isa = PBXBuildFile; fileRef = 1FA3B8B727D699DB0058F1AF /* SurveyContainerView.swift */; };
		1FA2822428DBBB270038353E /* CoreGraphics+Extensions.swift in Sources */ = {isa = PBXBuildFile; fileRef = 1FD4568C279F217700B5429A /* CoreGraphics+Extensions.swift */; };
		1FA2822928DBBB620038353E /* LaunchScreen.storyboard in Resources */ = {isa = PBXBuildFile; fileRef = 1F5CE52728DBA8EE000BF284 /* LaunchScreen.storyboard */; };
		1FA2822B28DBBB940038353E /* walk-intro.json in Resources */ = {isa = PBXBuildFile; fileRef = 1F1C4E0028D3BD6700547C7A /* walk-intro.json */; };
		1FA2822C28DBBB940038353E /* usability-intro.json in Resources */ = {isa = PBXBuildFile; fileRef = 1F1C4DFE28D3BD6700547C7A /* usability-intro.json */; };
		1FA2822D28DBBB940038353E /* USurveyQuestions.json in Resources */ = {isa = PBXBuildFile; fileRef = 1F1C4E1428D4D76900547C7A /* USurveyQuestions.json */; };
		1FA2822E28DBBB940038353E /* onboard-intro.json in Resources */ = {isa = PBXBuildFile; fileRef = 1F1C4E0428D3BEA400547C7A /* onboard-intro.json */; };
		1FA2822F28DBBB940038353E /* DASIQuestions.json in Resources */ = {isa = PBXBuildFile; fileRef = 1F2432DF27FE11D9008A5418 /* DASIQuestions.json */; };
		1FA2823128DBBB940038353E /* second-walk-intro.json in Resources */ = {isa = PBXBuildFile; fileRef = 1F1C4DFF28D3BD6700547C7A /* second-walk-intro.json */; };
		1FA2823228DBBC070038353E /* Countdowns.m4a in Resources */ = {isa = PBXBuildFile; fileRef = 1F60E6FE28DA5CCA00EC2593 /* Countdowns.m4a */; };
		1FA2823428DBBC3F0038353E /* Collections in Frameworks */ = {isa = PBXBuildFile; productRef = 1FA2823328DBBC3F0038353E /* Collections */; };
		1FA2823628DBBC3F0038353E /* DequeModule in Frameworks */ = {isa = PBXBuildFile; productRef = 1FA2823528DBBC3F0038353E /* DequeModule */; };
		1FA2823828DBBC3F0038353E /* OrderedCollections in Frameworks */ = {isa = PBXBuildFile; productRef = 1FA2823728DBBC3F0038353E /* OrderedCollections */; };
		1FA2823A28DBBC3F0038353E /* Algorithms in Frameworks */ = {isa = PBXBuildFile; productRef = 1FA2823928DBBC3F0038353E /* Algorithms */; };
		1FA2823C28DBBC3F0038353E /* ActivityView in Frameworks */ = {isa = PBXBuildFile; productRef = 1FA2823B28DBBC3F0038353E /* ActivityView */; };
		1FA2823E28DBBC3F0038353E /* ZIPFoundation in Frameworks */ = {isa = PBXBuildFile; productRef = 1FA2823D28DBBC3F0038353E /* ZIPFoundation */; };
		1FA2824028DBBC800038353E /* RealModule in Frameworks */ = {isa = PBXBuildFile; productRef = 1FA2823F28DBBC800038353E /* RealModule */; };
		1FA2824228DBBDD10038353E /* Better_StepUITests.swift in Sources */ = {isa = PBXBuildFile; fileRef = 1F0B676C276FA6CA00011A7E /* Better_StepUITests.swift */; };
		1FA61F1A2909D393000D4824 /* UsabilityInterstitialView.swift in Sources */ = {isa = PBXBuildFile; fileRef = 1F1C4E0E28D4D76800547C7A /* UsabilityInterstitialView.swift */; };
		1FA9EA1A2911C1CD00498D01 /* ReportingPhase.swift in Sources */ = {isa = PBXBuildFile; fileRef = 1FA9EA192911C1CD00498D01 /* ReportingPhase.swift */; };
		1FA9EA1F29144C4A00498D01 /* UsabilityContainer.swift in Sources */ = {isa = PBXBuildFile; fileRef = 1F1C4E1128D4D76900547C7A /* UsabilityContainer.swift */; };
		1FAC0893299C2F9200772455 /* Assets.xcassets in Resources */ = {isa = PBXBuildFile; fileRef = 1F0B6755276FA6CA00011A7E /* Assets.xcassets */; };
		1FBCEEE9294CD4ED00A4D86F /* ApplicationGreetingView.swift in Sources */ = {isa = PBXBuildFile; fileRef = 1FBCEEE8294CD4ED00A4D86F /* ApplicationGreetingView.swift */; };
		1FC7477228E787AD00817041 /* A.ahap in Resources */ = {isa = PBXBuildFile; fileRef = 1FC7476E28E7694E00817041 /* A.ahap */; };
		1FC7477328E787AD00817041 /* N.ahap in Resources */ = {isa = PBXBuildFile; fileRef = 1FC7476C28E7694E00817041 /* N.ahap */; };
		1FC7477428E787AD00817041 /* AAA.ahap in Resources */ = {isa = PBXBuildFile; fileRef = 1FC7476D28E7694E00817041 /* AAA.ahap */; };
		1FC7477528E787AD00817041 /* NNN.ahap in Resources */ = {isa = PBXBuildFile; fileRef = 1FC7476F28E7694E00817041 /* NNN.ahap */; };
		1FC7477728EB55F500817041 /* IncomingAccelerometry.swift in Sources */ = {isa = PBXBuildFile; fileRef = 1FC7477628EB55F500817041 /* IncomingAccelerometry.swift */; };
		1FC7477928EB59F300817041 /* CoreMotion+async.swift in Sources */ = {isa = PBXBuildFile; fileRef = 1FC7477828EB59F300817041 /* CoreMotion+async.swift */; };
		1FC7477D28ECBE4500817041 /* IncomingAccelerometry+Marshalling.swift in Sources */ = {isa = PBXBuildFile; fileRef = 1FC7477C28ECBE4500817041 /* IncomingAccelerometry+Marshalling.swift */; };
		1FD0EAC529AFBD18003D9E7A /* SubjectIDFormatter.swift in Sources */ = {isa = PBXBuildFile; fileRef = 1FD0EAC429AFBD18003D9E7A /* SubjectIDFormatter.swift */; };
		1FD5139928DCF8AC00418F38 /* DASIResponseTests.swift in Sources */ = {isa = PBXBuildFile; fileRef = 1F8A064A27A3401700477379 /* DASIResponseTests.swift */; };
		1FDEAB8529A80AE6008A6919 /* InterstitalPageContainerView.swift in Sources */ = {isa = PBXBuildFile; fileRef = 1F1C4DED28D3A27300547C7A /* InterstitalPageContainerView.swift */; };
		1FDEAB8629A80C5C008A6919 /* GenericInstructionView.swift in Sources */ = {isa = PBXBuildFile; fileRef = 1F60B09D276FB6E20026D28B /* GenericInstructionView.swift */; };
		1FE86BF62941092D00BAF811 /* WalkUsabilityForm.swift in Sources */ = {isa = PBXBuildFile; fileRef = 1FE86BF52941092D00BAF811 /* WalkUsabilityForm.swift */; };
		1FF1331327A0BE78004D6647 /* DASIReportTests.swift in Sources */ = {isa = PBXBuildFile; fileRef = 1FF1331227A0BE78004D6647 /* DASIReportTests.swift */; };
		1FF1331627A1D0DF004D6647 /* FMExtensionsTests.swift in Sources */ = {isa = PBXBuildFile; fileRef = 1FF1331427A1D049004D6647 /* FMExtensionsTests.swift */; };
/* End PBXBuildFile section */

/* Begin PBXFileReference section */
		1F09EE3128DB745900CFBE4B /* ConclusionView.swift */ = {isa = PBXFileReference; lastKnownFileType = sourcecode.swift; path = ConclusionView.swift; sourceTree = "<group>"; };
		1F0AF27628D8DCEB00ED01AE /* OnboardContainerView.swift */ = {isa = PBXFileReference; lastKnownFileType = sourcecode.swift; path = OnboardContainerView.swift; sourceTree = "<group>"; };
		1F0B6751276FA6C900011A7E /* Better_StepApp.swift */ = {isa = PBXFileReference; lastKnownFileType = sourcecode.swift; path = Better_StepApp.swift; sourceTree = "<group>"; };
		1F0B6755276FA6CA00011A7E /* Assets.xcassets */ = {isa = PBXFileReference; lastKnownFileType = folder.assetcatalog; path = Assets.xcassets; sourceTree = "<group>"; };
		1F0B6758276FA6CA00011A7E /* Preview Assets.xcassets */ = {isa = PBXFileReference; lastKnownFileType = folder.assetcatalog; path = "Preview Assets.xcassets"; sourceTree = "<group>"; };
		1F0B675E276FA6CA00011A7E /* Better StepTests.xctest */ = {isa = PBXFileReference; explicitFileType = wrapper.cfbundle; includeInIndex = 0; path = "Better StepTests.xctest"; sourceTree = BUILT_PRODUCTS_DIR; };
		1F0B6762276FA6CA00011A7E /* Better_StepTests.swift */ = {isa = PBXFileReference; lastKnownFileType = sourcecode.swift; path = Better_StepTests.swift; sourceTree = "<group>"; };
		1F0B6768276FA6CA00011A7E /* Better StepUITests.xctest */ = {isa = PBXFileReference; explicitFileType = wrapper.cfbundle; includeInIndex = 0; path = "Better StepUITests.xctest"; sourceTree = BUILT_PRODUCTS_DIR; };
		1F0B676C276FA6CA00011A7E /* Better_StepUITests.swift */ = {isa = PBXFileReference; lastKnownFileType = sourcecode.swift; path = Better_StepUITests.swift; sourceTree = "<group>"; };
		1F0B676E276FA6CA00011A7E /* Better_StepUITestsLaunchTests.swift */ = {isa = PBXFileReference; lastKnownFileType = sourcecode.swift; path = Better_StepUITestsLaunchTests.swift; sourceTree = "<group>"; };
		1F0D934E298DB6DF00B5194B /* SessionDelegate.swift */ = {isa = PBXFileReference; fileEncoding = 4; lastKnownFileType = sourcecode.swift; path = SessionDelegate.swift; sourceTree = "<group>"; };
		1F0D934F298DB6DF00B5194B /* UPLData.swift */ = {isa = PBXFileReference; fileEncoding = 4; lastKnownFileType = sourcecode.swift; path = UPLData.swift; sourceTree = "<group>"; };
		1F0D9350298DB6DF00B5194B /* UploadCreds.swift */ = {isa = PBXFileReference; fileEncoding = 4; lastKnownFileType = sourcecode.swift; path = UploadCreds.swift; sourceTree = "<group>"; };
		1F0D9351298DB6DF00B5194B /* PerformUpload.swift */ = {isa = PBXFileReference; fileEncoding = 4; lastKnownFileType = sourcecode.swift; path = PerformUpload.swift; sourceTree = "<group>"; };
		1F0D9352298DB6DF00B5194B /* error-support.swift */ = {isa = PBXFileReference; fileEncoding = 4; lastKnownFileType = sourcecode.swift; path = "error-support.swift"; sourceTree = "<group>"; };
		1F0D9353298DB6DF00B5194B /* UploadTaskDelegate.swift */ = {isa = PBXFileReference; fileEncoding = 4; lastKnownFileType = sourcecode.swift; path = UploadTaskDelegate.swift; sourceTree = "<group>"; };
		1F1641F7281B018A00E4E2FA /* DASIQuestions.json */ = {isa = PBXFileReference; lastKnownFileType = text.json; path = DASIQuestions.json; sourceTree = "<group>"; };
		1F1C4DE828D39E3C00547C7A /* WalkingContainerView.swift */ = {isa = PBXFileReference; fileEncoding = 4; lastKnownFileType = sourcecode.swift; path = WalkingContainerView.swift; sourceTree = "<group>"; };
		1F1C4DEA28D39E6900547C7A /* InterstitialInfo.swift */ = {isa = PBXFileReference; fileEncoding = 4; lastKnownFileType = sourcecode.swift; path = InterstitialInfo.swift; sourceTree = "<group>"; };
		1F1C4DED28D3A27300547C7A /* InterstitalPageContainerView.swift */ = {isa = PBXFileReference; fileEncoding = 4; lastKnownFileType = sourcecode.swift; path = InterstitalPageContainerView.swift; sourceTree = "<group>"; };
		1F1C4DEE28D3A27300547C7A /* InterstitialPageView.swift */ = {isa = PBXFileReference; fileEncoding = 4; lastKnownFileType = sourcecode.swift; path = InterstitialPageView.swift; sourceTree = "<group>"; };
		1F1C4DF328D3A2CC00547C7A /* DigitalTimerView.swift */ = {isa = PBXFileReference; fileEncoding = 4; lastKnownFileType = sourcecode.swift; path = DigitalTimerView.swift; sourceTree = "<group>"; };
		1F1C4DFE28D3BD6700547C7A /* usability-intro.json */ = {isa = PBXFileReference; fileEncoding = 4; lastKnownFileType = text.json; path = "usability-intro.json"; sourceTree = "<group>"; };
		1F1C4DFF28D3BD6700547C7A /* second-walk-intro.json */ = {isa = PBXFileReference; fileEncoding = 4; lastKnownFileType = text.json; path = "second-walk-intro.json"; sourceTree = "<group>"; };
		1F1C4E0028D3BD6700547C7A /* walk-intro.json */ = {isa = PBXFileReference; fileEncoding = 4; lastKnownFileType = text.json; path = "walk-intro.json"; sourceTree = "<group>"; };
		1F1C4E0428D3BEA400547C7A /* onboard-intro.json */ = {isa = PBXFileReference; lastKnownFileType = text.json; path = "onboard-intro.json"; sourceTree = "<group>"; };
		1F1C4E0628D3C63B00547C7A /* onboard-intro.json */ = {isa = PBXFileReference; lastKnownFileType = text.json; path = "onboard-intro.json"; sourceTree = "<group>"; };
		1F1C4E0728D3DB0500547C7A /* TaggedField.swift */ = {isa = PBXFileReference; lastKnownFileType = sourcecode.swift; path = TaggedField.swift; sourceTree = "<group>"; };
		1F1C4E0D28D4D76800547C7A /* UsabilityQuestions.swift */ = {isa = PBXFileReference; fileEncoding = 4; lastKnownFileType = sourcecode.swift; path = UsabilityQuestions.swift; sourceTree = "<group>"; };
		1F1C4E0E28D4D76800547C7A /* UsabilityInterstitialView.swift */ = {isa = PBXFileReference; fileEncoding = 4; lastKnownFileType = sourcecode.swift; path = UsabilityInterstitialView.swift; sourceTree = "<group>"; };
		1F1C4E0F28D4D76800547C7A /* UsabilityView.swift */ = {isa = PBXFileReference; fileEncoding = 4; lastKnownFileType = sourcecode.swift; path = UsabilityView.swift; sourceTree = "<group>"; };
		1F1C4E1028D4D76800547C7A /* UsabilitySummaryView.swift */ = {isa = PBXFileReference; fileEncoding = 4; lastKnownFileType = sourcecode.swift; path = UsabilitySummaryView.swift; sourceTree = "<group>"; };
		1F1C4E1128D4D76900547C7A /* UsabilityContainer.swift */ = {isa = PBXFileReference; fileEncoding = 4; lastKnownFileType = sourcecode.swift; path = UsabilityContainer.swift; sourceTree = "<group>"; };
		1F1C4E1428D4D76900547C7A /* USurveyQuestions.json */ = {isa = PBXFileReference; fileEncoding = 4; lastKnownFileType = text.json; path = USurveyQuestions.json; sourceTree = "<group>"; };
		1F1C79D6293E82290037B7AE /* WalkInfoResult.swift */ = {isa = PBXFileReference; lastKnownFileType = sourcecode.swift; path = WalkInfoResult.swift; sourceTree = "<group>"; };
		1F1D8C0B2996EB1B00E7C4ED /* libstupload.a */ = {isa = PBXFileReference; lastKnownFileType = archive.ar; name = libstupload.a; path = "Better Step/Uploading/libstupload.a"; sourceTree = "<group>"; };
		1F21D06629CCCF9B001AD9F4 /* conclusion.json */ = {isa = PBXFileReference; lastKnownFileType = text.json; path = conclusion.json; sourceTree = "<group>"; };
		1F22BF42295A4D2B00FB5B81 /* ZIPGround.playground */ = {isa = PBXFileReference; lastKnownFileType = file.playground; path = ZIPGround.playground; sourceTree = "<group>"; xcLanguageSpecificationIdentifier = xcode.lang.swift; };
		1F2432DF27FE11D9008A5418 /* DASIQuestions.json */ = {isa = PBXFileReference; fileEncoding = 4; lastKnownFileType = text.json; path = DASIQuestions.json; sourceTree = "<group>"; };
		1F2B8AA9294A54F500075248 /* SeriesTag.swift */ = {isa = PBXFileReference; lastKnownFileType = sourcecode.swift; path = SeriesTag.swift; sourceTree = "<group>"; };
		1F2B8AAB294A7A5400075248 /* WalkingContainer+Phases.swift */ = {isa = PBXFileReference; lastKnownFileType = sourcecode.swift; path = "WalkingContainer+Phases.swift"; sourceTree = "<group>"; };
		1F2B8AAD294B688300075248 /* SevenDaysMockup.csv */ = {isa = PBXFileReference; lastKnownFileType = text; path = SevenDaysMockup.csv; sourceTree = "<group>"; };
		1F2FA76228F7585E007B2D74 /* NNNbeep.ahap */ = {isa = PBXFileReference; fileEncoding = 4; lastKnownFileType = text; path = NNNbeep.ahap; sourceTree = "<group>"; };
		1F2FA76328F7585E007B2D74 /* AAAbeep.ahap */ = {isa = PBXFileReference; fileEncoding = 4; lastKnownFileType = text; path = AAAbeep.ahap; sourceTree = "<group>"; };
		1F32980728F4C652003B9827 /* Timekeeper.swift */ = {isa = PBXFileReference; lastKnownFileType = sourcecode.swift; path = Timekeeper.swift; sourceTree = "<group>"; };
		1F3543D12996D0BE003DD1D0 /* UploadCompletionNotification.swift */ = {isa = PBXFileReference; lastKnownFileType = sourcecode.swift; path = UploadCompletionNotification.swift; sourceTree = "<group>"; };
		1F415DEA295F841F00F49E82 /* PedometryBuffer.swift */ = {isa = PBXFileReference; lastKnownFileType = sourcecode.swift; path = PedometryBuffer.swift; sourceTree = "<group>"; };
		1F415DEC295F938A00F49E82 /* Better Step.entitlements */ = {isa = PBXFileReference; lastKnownFileType = text.plist.entitlements; path = "Better Step.entitlements"; sourceTree = "<group>"; };
		1F56E67328F0C94E00746FF9 /* FloatEquatable.swift */ = {isa = PBXFileReference; fileEncoding = 4; lastKnownFileType = sourcecode.swift; path = FloatEquatable.swift; sourceTree = "<group>"; };
		1F56E73529439626001708F3 /* TimedXYZ.swift */ = {isa = PBXFileReference; lastKnownFileType = sourcecode.swift; path = TimedXYZ.swift; sourceTree = "<group>"; };
		1F59876429063A5E00B004CA /* SurveyContainerView+content.swift */ = {isa = PBXFileReference; lastKnownFileType = sourcecode.swift; path = "SurveyContainerView+content.swift"; sourceTree = "<group>"; };
		1F5CE52728DBA8EE000BF284 /* LaunchScreen.storyboard */ = {isa = PBXFileReference; lastKnownFileType = file.storyboard; name = LaunchScreen.storyboard; path = "Better Step/LaunchScreen.storyboard"; sourceTree = SOURCE_ROOT; };
		1F60B09D276FB6E20026D28B /* GenericInstructionView.swift */ = {isa = PBXFileReference; lastKnownFileType = sourcecode.swift; path = GenericInstructionView.swift; sourceTree = "<group>"; };
		1F60B0A1276FCE410026D28B /* ReportView.swift */ = {isa = PBXFileReference; lastKnownFileType = sourcecode.swift; path = ReportView.swift; sourceTree = "<group>"; };
		1F60E6FE28DA5CCA00EC2593 /* Countdowns.m4a */ = {isa = PBXFileReference; lastKnownFileType = file; path = Countdowns.m4a; sourceTree = "<group>"; };
		1F60E70128DA71F700EC2593 /* PlaybackMilestone.swift */ = {isa = PBXFileReference; lastKnownFileType = sourcecode.swift; path = PlaybackMilestone.swift; sourceTree = "<group>"; };
		1F60E70328DA720500EC2593 /* MorseHaptic.swift */ = {isa = PBXFileReference; lastKnownFileType = sourcecode.swift; path = MorseHaptic.swift; sourceTree = "<group>"; };
		1F6456F5294CFA3E0064DADA /* ActivityUIController.swift */ = {isa = PBXFileReference; fileEncoding = 4; lastKnownFileType = sourcecode.swift; path = ActivityUIController.swift; sourceTree = "<group>"; };
		1F6456F7294D29FA0064DADA /* TestXYZT.json */ = {isa = PBXFileReference; fileEncoding = 4; lastKnownFileType = text.json; path = TestXYZT.json; sourceTree = SOURCE_ROOT; };
		1F66586729709D4900EE75FE /* ZIPArchiver.swift */ = {isa = PBXFileReference; lastKnownFileType = sourcecode.swift; path = ZIPArchiver.swift; sourceTree = "<group>"; };
		1F6836C628E21A150016B5ED /* Better-Step-Info.plist */ = {isa = PBXFileReference; lastKnownFileType = text.plist; path = "Better-Step-Info.plist"; sourceTree = SOURCE_ROOT; };
		1F769EB127FF93F200A3CAE3 /* STBar.jpeg */ = {isa = PBXFileReference; lastKnownFileType = image.jpeg; path = STBar.jpeg; sourceTree = "<group>"; };
		1F87E1A22919979C000908AE /* TopPhases.swift */ = {isa = PBXFileReference; lastKnownFileType = sourcecode.swift; path = TopPhases.swift; sourceTree = "<group>"; };
		1F88683029479FF700085EC7 /* PhaseStorage.swift */ = {isa = PBXFileReference; lastKnownFileType = sourcecode.swift; path = PhaseStorage.swift; sourceTree = "<group>"; };
		1F8868322947A2EE00085EC7 /* SevenDayPedometry.swift */ = {isa = PBXFileReference; lastKnownFileType = sourcecode.swift; path = SevenDayPedometry.swift; sourceTree = "<group>"; };
		1F8A064A27A3401700477379 /* DASIResponseTests.swift */ = {isa = PBXFileReference; lastKnownFileType = sourcecode.swift; path = DASIResponseTests.swift; sourceTree = "<group>"; };
		1F8A065327A4724500477379 /* DASICompleteView.swift */ = {isa = PBXFileReference; lastKnownFileType = sourcecode.swift; path = DASICompleteView.swift; sourceTree = "<group>"; };
		1F8A065727A4841400477379 /* ApplicationOnboardView.swift */ = {isa = PBXFileReference; lastKnownFileType = sourcecode.swift; path = ApplicationOnboardView.swift; sourceTree = "<group>"; };
		1F8A338027E122130093C896 /* DASIUserResponse.swift */ = {isa = PBXFileReference; fileEncoding = 4; lastKnownFileType = sourcecode.swift; path = DASIUserResponse.swift; sourceTree = "<group>"; };
		1F9A28A928F9D7F80099F5D8 /* YesNoButtonView.swift */ = {isa = PBXFileReference; lastKnownFileType = sourcecode.swift; path = YesNoButtonView.swift; sourceTree = "<group>"; };
		1F9A48AB29C4FB2400B956C9 /* CardContent.swift */ = {isa = PBXFileReference; fileEncoding = 4; lastKnownFileType = sourcecode.swift; path = CardContent.swift; sourceTree = "<group>"; };
		1F9A48AD29C4FB5900B956C9 /* SimplestCard.swift */ = {isa = PBXFileReference; fileEncoding = 4; lastKnownFileType = sourcecode.swift; path = SimplestCard.swift; sourceTree = "<group>"; };
		1F9A48AF29C4FB9900B956C9 /* InterCarousel.swift */ = {isa = PBXFileReference; fileEncoding = 4; lastKnownFileType = sourcecode.swift; path = InterCarousel.swift; sourceTree = "<group>"; };
		1F9A48B129C4FBA900B956C9 /* BackToolbarView.swift */ = {isa = PBXFileReference; fileEncoding = 4; lastKnownFileType = sourcecode.swift; path = BackToolbarView.swift; sourceTree = "<group>"; };
		1F9A48B329C4FBD500B956C9 /* CardErrorCodes.swift */ = {isa = PBXFileReference; fileEncoding = 4; lastKnownFileType = sourcecode.swift; path = CardErrorCodes.swift; sourceTree = "<group>"; };
		1FA281CE28DBBA160038353E /* Better Step.app */ = {isa = PBXFileReference; explicitFileType = wrapper.application; includeInIndex = 0; path = "Better Step.app"; sourceTree = BUILT_PRODUCTS_DIR; };
		1FA3B8B727D699DB0058F1AF /* SurveyContainerView.swift */ = {isa = PBXFileReference; lastKnownFileType = sourcecode.swift; path = SurveyContainerView.swift; sourceTree = "<group>"; };
		1FA3B8B927D69BFC0058F1AF /* YesNoStack.swift */ = {isa = PBXFileReference; fileEncoding = 4; lastKnownFileType = sourcecode.swift; path = YesNoStack.swift; sourceTree = "<group>"; };
		1FA3B8BF27D69C440058F1AF /* DASIQuestionView.swift */ = {isa = PBXFileReference; fileEncoding = 4; lastKnownFileType = sourcecode.swift; path = DASIQuestionView.swift; sourceTree = "<group>"; };
		1FA3B8C527D6C0250058F1AF /* DASIOnboardView.swift */ = {isa = PBXFileReference; lastKnownFileType = sourcecode.swift; path = DASIOnboardView.swift; sourceTree = "<group>"; };
		1FA3B8C727D7C4170058F1AF /* DASIStages.swift */ = {isa = PBXFileReference; lastKnownFileType = sourcecode.swift; path = DASIStages.swift; sourceTree = "<group>"; };
		1FA9EA192911C1CD00498D01 /* ReportingPhase.swift */ = {isa = PBXFileReference; lastKnownFileType = sourcecode.swift; path = ReportingPhase.swift; sourceTree = "<group>"; };
		1FB2F53828D133E700593692 /* MinSecAndFraction.swift */ = {isa = PBXFileReference; fileEncoding = 4; lastKnownFileType = sourcecode.swift; path = MinSecAndFraction.swift; sourceTree = "<group>"; };
		1FB2F54128D22FB600593692 /* TopContainerView.swift */ = {isa = PBXFileReference; lastKnownFileType = sourcecode.swift; path = TopContainerView.swift; sourceTree = "<group>"; };
		1FB684E527F225A300612924 /* SubjectID.swift */ = {isa = PBXFileReference; lastKnownFileType = sourcecode.swift; path = SubjectID.swift; sourceTree = "<group>"; };
		1FB684E827F225EC00612924 /* ASKeys.swift */ = {isa = PBXFileReference; lastKnownFileType = sourcecode.swift; path = ASKeys.swift; sourceTree = "<group>"; };
		1FB684F927F252BA00612924 /* Numeric+extensions.swift */ = {isa = PBXFileReference; lastKnownFileType = sourcecode.swift; path = "Numeric+extensions.swift"; sourceTree = "<group>"; };
		1FB684FC27F274CF00612924 /* CoreMotion+extensions.swift */ = {isa = PBXFileReference; lastKnownFileType = sourcecode.swift; path = "CoreMotion+extensions.swift"; sourceTree = "<group>"; };
		1FBCEEE8294CD4ED00A4D86F /* ApplicationGreetingView.swift */ = {isa = PBXFileReference; lastKnownFileType = sourcecode.swift; path = ApplicationGreetingView.swift; sourceTree = "<group>"; };
		1FC7476C28E7694E00817041 /* N.ahap */ = {isa = PBXFileReference; lastKnownFileType = text; path = N.ahap; sourceTree = "<group>"; };
		1FC7476D28E7694E00817041 /* AAA.ahap */ = {isa = PBXFileReference; lastKnownFileType = text; path = AAA.ahap; sourceTree = "<group>"; };
		1FC7476E28E7694E00817041 /* A.ahap */ = {isa = PBXFileReference; lastKnownFileType = text; path = A.ahap; sourceTree = "<group>"; };
		1FC7476F28E7694E00817041 /* NNN.ahap */ = {isa = PBXFileReference; lastKnownFileType = text; path = NNN.ahap; sourceTree = "<group>"; };
		1FC7477628EB55F500817041 /* IncomingAccelerometry.swift */ = {isa = PBXFileReference; lastKnownFileType = sourcecode.swift; path = IncomingAccelerometry.swift; sourceTree = "<group>"; };
		1FC7477828EB59F300817041 /* CoreMotion+async.swift */ = {isa = PBXFileReference; lastKnownFileType = sourcecode.swift; path = "CoreMotion+async.swift"; sourceTree = "<group>"; };
		1FC7477C28ECBE4500817041 /* IncomingAccelerometry+Marshalling.swift */ = {isa = PBXFileReference; lastKnownFileType = sourcecode.swift; path = "IncomingAccelerometry+Marshalling.swift"; sourceTree = "<group>"; };
		1FD0EAC429AFBD18003D9E7A /* SubjectIDFormatter.swift */ = {isa = PBXFileReference; fileEncoding = 4; lastKnownFileType = sourcecode.swift; path = SubjectIDFormatter.swift; sourceTree = "<group>"; };
		1FD4568A279F208400B5429A /* FileManager+extensions.swift */ = {isa = PBXFileReference; lastKnownFileType = sourcecode.swift; path = "FileManager+extensions.swift"; sourceTree = "<group>"; };
		1FD4568C279F217700B5429A /* CoreGraphics+Extensions.swift */ = {isa = PBXFileReference; lastKnownFileType = sourcecode.swift; path = "CoreGraphics+Extensions.swift"; sourceTree = "<group>"; };
		1FD45690279F40B600B5429A /* DASIResponseList.swift */ = {isa = PBXFileReference; lastKnownFileType = sourcecode.swift; path = DASIResponseList.swift; sourceTree = "<group>"; };
		1FD458742996E767002178D6 /* libstupload.a */ = {isa = PBXFileReference; lastKnownFileType = archive.ar; name = libstupload.a; path = ../../../libstupload.a; sourceTree = "<group>"; };
		1FE86BF52941092D00BAF811 /* WalkUsabilityForm.swift */ = {isa = PBXFileReference; lastKnownFileType = sourcecode.swift; path = WalkUsabilityForm.swift; sourceTree = "<group>"; };
		1FEA9ED6279A23B3004F3B83 /* SubsecondHandView.swift */ = {isa = PBXFileReference; lastKnownFileType = sourcecode.swift; path = SubsecondHandView.swift; sourceTree = "<group>"; };
		1FF11B3B279A184A00E319ED /* SweepSecondView.swift */ = {isa = PBXFileReference; lastKnownFileType = sourcecode.swift; path = SweepSecondView.swift; sourceTree = "<group>"; };
		1FF1331227A0BE78004D6647 /* DASIReportTests.swift */ = {isa = PBXFileReference; lastKnownFileType = sourcecode.swift; path = DASIReportTests.swift; sourceTree = "<group>"; };
		1FF1331427A1D049004D6647 /* FMExtensionsTests.swift */ = {isa = PBXFileReference; lastKnownFileType = sourcecode.swift; path = FMExtensionsTests.swift; sourceTree = "<group>"; };
		1FF354402790A99E000894B8 /* XYZ.swift */ = {isa = PBXFileReference; lastKnownFileType = sourcecode.swift; path = XYZ.swift; sourceTree = "<group>"; };
		1FF3544A2791FCFF000894B8 /* CoreMotion.swift */ = {isa = PBXFileReference; lastKnownFileType = sourcecode.swift; path = CoreMotion.swift; sourceTree = "<group>"; };
		1FF3544E27920A3B000894B8 /* config-mini.plist */ = {isa = PBXFileReference; lastKnownFileType = text.plist.xml; path = "config-mini.plist"; sourceTree = "<group>"; };
		1FF3545027921204000894B8 /* Formatting+Extensions.swift */ = {isa = PBXFileReference; lastKnownFileType = sourcecode.swift; path = "Formatting+Extensions.swift"; sourceTree = "<group>"; };
		1FF3545227977302000894B8 /* AccelerometerItemTests.swift */ = {isa = PBXFileReference; lastKnownFileType = sourcecode.swift; name = AccelerometerItemTests.swift; path = "Better StepTests/AccelerometerItemTests.swift"; sourceTree = SOURCE_ROOT; };
		1FFB30E0277BE5230099AE5E /* DASIQuestions.swift */ = {isa = PBXFileReference; lastKnownFileType = sourcecode.swift; path = DASIQuestions.swift; sourceTree = "<group>"; };
		1FFB31092787997E0099AE5E /* MinSecFormatter.swift */ = {isa = PBXFileReference; lastKnownFileType = sourcecode.swift; path = MinSecFormatter.swift; sourceTree = "<group>"; };
/* End PBXFileReference section */

/* Begin PBXFrameworksBuildPhase section */
		1F0B675B276FA6CA00011A7E /* Frameworks */ = {
			isa = PBXFrameworksBuildPhase;
			buildActionMask = 2147483647;
			files = (
			);
			runOnlyForDeploymentPostprocessing = 0;
		};
		1F0B6765276FA6CA00011A7E /* Frameworks */ = {
			isa = PBXFrameworksBuildPhase;
			buildActionMask = 2147483647;
			files = (
			);
			runOnlyForDeploymentPostprocessing = 0;
		};
		1FA281CB28DBBA160038353E /* Frameworks */ = {
			isa = PBXFrameworksBuildPhase;
			buildActionMask = 2147483647;
			files = (
				1FA2823C28DBBC3F0038353E /* ActivityView in Frameworks */,
				1FA2823A28DBBC3F0038353E /* Algorithms in Frameworks */,
				1FA2824028DBBC800038353E /* RealModule in Frameworks */,
				1FA2823428DBBC3F0038353E /* Collections in Frameworks */,
				1FA2823628DBBC3F0038353E /* DequeModule in Frameworks */,
				1FA2823828DBBC3F0038353E /* OrderedCollections in Frameworks */,
				1FA2823E28DBBC3F0038353E /* ZIPFoundation in Frameworks */,
			);
			runOnlyForDeploymentPostprocessing = 0;
		};
/* End PBXFrameworksBuildPhase section */

/* Begin PBXGroup section */
		1F0B6745276FA6C900011A7E = {
			isa = PBXGroup;
			children = (
				1F22BF41295A4CE300FB5B81 /* Playgrounds */,
				1F0B6750276FA6C900011A7E /* Better Step */,
				1F1C4DFD28D3BD6700547C7A /* Resources */,
				1F0B6761276FA6CA00011A7E /* Better StepTests */,
				1F0B676B276FA6CA00011A7E /* Better StepUITests */,
				1F0B674F276FA6C900011A7E /* Products */,
				1FF1B59627DA78C60017E90C /* Frameworks */,
			);
			sourceTree = "<group>";
		};
		1F0B674F276FA6C900011A7E /* Products */ = {
			isa = PBXGroup;
			children = (
				1F0B675E276FA6CA00011A7E /* Better StepTests.xctest */,
				1F0B6768276FA6CA00011A7E /* Better StepUITests.xctest */,
				1FA281CE28DBBA160038353E /* Better Step.app */,
			);
			name = Products;
			sourceTree = "<group>";
		};
		1F0B6750276FA6C900011A7E /* Better Step */ = {
			isa = PBXGroup;
			children = (
				1F0B6751276FA6C900011A7E /* Better_StepApp.swift */,
				1FB2F54328D2619D00593692 /* Top container */,
				1F0D9341298DB58C00B5194B /* ZIP Upload */,
				1FF354492791FCD1000894B8 /* Accelerometry */,
				1F8A337F27E119A30093C896 /* App Stages */,
				1FB684E827F225EC00612924 /* ASKeys.swift */,
				1F0B6755276FA6CA00011A7E /* Assets.xcassets */,
				1F415DEC295F938A00F49E82 /* Better Step.entitlements */,
				1F6836C628E21A150016B5ED /* Better-Step-Info.plist */,
				1FF3544E27920A3B000894B8 /* config-mini.plist */,
				1FF3544F27921191000894B8 /* Extensions */,
				1F60E70028DA71AC00EC2593 /* Milestones */,
				1F0B6757276FA6CA00011A7E /* Preview Content */,
				1FF3543D2790A958000894B8 /* Storage */,
				1FB2F53728D133B600593692 /* Time */,
				1FCBA9FD2835AA040088EAF2 /* Usability */,
				1FFB30DE277BE4FA0099AE5E /* Views */,
			);
			path = "Better Step";
			sourceTree = "<group>";
		};
		1F0B6757276FA6CA00011A7E /* Preview Content */ = {
			isa = PBXGroup;
			children = (
				1F1641F7281B018A00E4E2FA /* DASIQuestions.json */,
				1F769EB127FF93F200A3CAE3 /* STBar.jpeg */,
				1F1C4E0628D3C63B00547C7A /* onboard-intro.json */,
				1F0B6758276FA6CA00011A7E /* Preview Assets.xcassets */,
			);
			path = "Preview Content";
			sourceTree = "<group>";
		};
		1F0B6761276FA6CA00011A7E /* Better StepTests */ = {
			isa = PBXGroup;
			children = (
				1FF1331427A1D049004D6647 /* FMExtensionsTests.swift */,
				1FF1331227A0BE78004D6647 /* DASIReportTests.swift */,
				1F8A064A27A3401700477379 /* DASIResponseTests.swift */,
				1FF3545227977302000894B8 /* AccelerometerItemTests.swift */,
				1F0B6762276FA6CA00011A7E /* Better_StepTests.swift */,
			);
			path = "Better StepTests";
			sourceTree = "<group>";
		};
		1F0B676B276FA6CA00011A7E /* Better StepUITests */ = {
			isa = PBXGroup;
			children = (
				1F0B676C276FA6CA00011A7E /* Better_StepUITests.swift */,
				1F0B676E276FA6CA00011A7E /* Better_StepUITestsLaunchTests.swift */,
			);
			path = "Better StepUITests";
			sourceTree = "<group>";
		};
		1F0D9341298DB58C00B5194B /* ZIP Upload */ = {
			isa = PBXGroup;
			children = (
				1F0D9352298DB6DF00B5194B /* error-support.swift */,
				1F0D9351298DB6DF00B5194B /* PerformUpload.swift */,
				1F0D934E298DB6DF00B5194B /* SessionDelegate.swift */,
				1F0D934F298DB6DF00B5194B /* UPLData.swift */,
				1F0D9350298DB6DF00B5194B /* UploadCreds.swift */,
				1F0D9353298DB6DF00B5194B /* UploadTaskDelegate.swift */,
			);
			name = "ZIP Upload";
			path = Uploading;
			sourceTree = "<group>";
		};
		1F1C4DFD28D3BD6700547C7A /* Resources */ = {
			isa = PBXGroup;
			children = (
				1F5CE52728DBA8EE000BF284 /* LaunchScreen.storyboard */,
				1F60E6FE28DA5CCA00EC2593 /* Countdowns.m4a */,
				1F1C4E0428D3BEA400547C7A /* onboard-intro.json */,
				1F1C4DFE28D3BD6700547C7A /* usability-intro.json */,
				1F1C4DFF28D3BD6700547C7A /* second-walk-intro.json */,
				1F1C4E0028D3BD6700547C7A /* walk-intro.json */,
			);
			path = Resources;
			sourceTree = "<group>";
		};
		1F22BF41295A4CE300FB5B81 /* Playgrounds */ = {
			isa = PBXGroup;
			children = (
				1F22BF42295A4D2B00FB5B81 /* ZIPGround.playground */,
			);
			path = Playgrounds;
			sourceTree = "<group>";
		};
		1F60E70028DA71AC00EC2593 /* Milestones */ = {
			isa = PBXGroup;
			children = (
				1F60E70128DA71F700EC2593 /* PlaybackMilestone.swift */,
				1F60E70328DA720500EC2593 /* MorseHaptic.swift */,
				1FC7476E28E7694E00817041 /* A.ahap */,
				1FC7476D28E7694E00817041 /* AAA.ahap */,
				1F2FA76328F7585E007B2D74 /* AAAbeep.ahap */,
				1F2FA76228F7585E007B2D74 /* NNNbeep.ahap */,
				1FC7476C28E7694E00817041 /* N.ahap */,
				1FC7476F28E7694E00817041 /* NNN.ahap */,
			);
			path = Milestones;
			sourceTree = "<group>";
		};
		1F8A337F27E119A30093C896 /* App Stages */ = {
			isa = PBXGroup;
			children = (
				1F0AF27628D8DCEB00ED01AE /* OnboardContainerView.swift */,
				1FB684E527F225A300612924 /* SubjectID.swift */,
				1FDE828A27EA463B00CD8368 /* DASI */,
			);
			path = "App Stages";
			sourceTree = "<group>";
		};
		1F9A48A929C4F9AF00B956C9 /* Reformed Cards */ = {
			isa = PBXGroup;
			children = (
				1F9A48AB29C4FB2400B956C9 /* CardContent.swift */,
				1F9A48B329C4FBD500B956C9 /* CardErrorCodes.swift */,
				1F9A48AD29C4FB5900B956C9 /* SimplestCard.swift */,
				1F9A48AF29C4FB9900B956C9 /* InterCarousel.swift */,
				1F9A48B129C4FBA900B956C9 /* BackToolbarView.swift */,
			);
			path = "Reformed Cards";
			sourceTree = "<group>";
		};
		1FB2F53728D133B600593692 /* Time */ = {
			isa = PBXGroup;
			children = (
				1FB2F53828D133E700593692 /* MinSecAndFraction.swift */,
				1F32980728F4C652003B9827 /* Timekeeper.swift */,
			);
			path = Time;
			sourceTree = "<group>";
		};
		1FB2F54328D2619D00593692 /* Top container */ = {
			isa = PBXGroup;
			children = (
				1F09EE3128DB745900CFBE4B /* ConclusionView.swift */,
				1F21D06629CCCF9B001AD9F4 /* conclusion.json */,
				1F3543D12996D0BE003DD1D0 /* UploadCompletionNotification.swift */,
				1FA9EA192911C1CD00498D01 /* ReportingPhase.swift */,
				1FB2F54128D22FB600593692 /* TopContainerView.swift */,
				1F87E1A22919979C000908AE /* TopPhases.swift */,
			);
			path = "Top container";
			sourceTree = "<group>";
		};
		1FCBA9FD2835AA040088EAF2 /* Usability */ = {
			isa = PBXGroup;
			children = (
				1F1C4E1128D4D76900547C7A /* UsabilityContainer.swift */,
				1F1C4E0E28D4D76800547C7A /* UsabilityInterstitialView.swift */,
				1F1C4E0D28D4D76800547C7A /* UsabilityQuestions.swift */,
				1F1C4E1028D4D76800547C7A /* UsabilitySummaryView.swift */,
				1F1C4E0F28D4D76800547C7A /* UsabilityView.swift */,
				1F1C4E1428D4D76900547C7A /* USurveyQuestions.json */,
				1F1C79D6293E82290037B7AE /* WalkInfoResult.swift */,
				1FE86BF52941092D00BAF811 /* WalkUsabilityForm.swift */,
			);
			path = Usability;
			sourceTree = "<group>";
		};
		1FDBB3F9281C494F00D0A7E9 /* Instructions */ = {
			isa = PBXGroup;
			children = (
				1F1C4DEA28D39E6900547C7A /* InterstitialInfo.swift */,
				1F1C4DED28D3A27300547C7A /* InterstitalPageContainerView.swift */,
				1F1C4DEE28D3A27300547C7A /* InterstitialPageView.swift */,
			);
			path = Instructions;
			sourceTree = "<group>";
		};
		1FDE828A27EA463B00CD8368 /* DASI */ = {
			isa = PBXGroup;
			children = (
				1F8A338027E122130093C896 /* DASIUserResponse.swift */,
				1FA3B8C727D7C4170058F1AF /* DASIStages.swift */,
				1FD45690279F40B600B5429A /* DASIResponseList.swift */,
				1FFB30E0277BE5230099AE5E /* DASIQuestions.swift */,
				1F2432DF27FE11D9008A5418 /* DASIQuestions.json */,
			);
			path = DASI;
			sourceTree = "<group>";
		};
		1FF11B3A279A173D00E319ED /* DASI */ = {
			isa = PBXGroup;
			children = (
				1FA3B8C527D6C0250058F1AF /* DASIOnboardView.swift */,
				1FA3B8BF27D69C440058F1AF /* DASIQuestionView.swift */,
				1F8A065327A4724500477379 /* DASICompleteView.swift */,
				1FA3B8B727D699DB0058F1AF /* SurveyContainerView.swift */,
				1F59876429063A5E00B004CA /* SurveyContainerView+content.swift */,
			);
			path = DASI;
			sourceTree = "<group>";
		};
		1FF1B59627DA78C60017E90C /* Frameworks */ = {
			isa = PBXGroup;
			children = (
				1F1D8C0B2996EB1B00E7C4ED /* libstupload.a */,
				1FD458742996E767002178D6 /* libstupload.a */,
			);
			name = Frameworks;
			sourceTree = "<group>";
		};
		1FF3543D2790A958000894B8 /* Storage */ = {
			isa = PBXGroup;
			children = (
				1F6456F5294CFA3E0064DADA /* ActivityUIController.swift */,
				1F88683029479FF700085EC7 /* PhaseStorage.swift */,
				1F2B8AA9294A54F500075248 /* SeriesTag.swift */,
				1F6456F7294D29FA0064DADA /* TestXYZT.json */,
				1F56E73529439626001708F3 /* TimedXYZ.swift */,
				1FF354402790A99E000894B8 /* XYZ.swift */,
				1F66586729709D4900EE75FE /* ZIPArchiver.swift */,
			);
			path = Storage;
			sourceTree = "<group>";
		};
		1FF354492791FCD1000894B8 /* Accelerometry */ = {
			isa = PBXGroup;
			children = (
				1FF3544A2791FCFF000894B8 /* CoreMotion.swift */,
				1FC7477828EB59F300817041 /* CoreMotion+async.swift */,
				1FC7477628EB55F500817041 /* IncomingAccelerometry.swift */,
				1FC7477C28ECBE4500817041 /* IncomingAccelerometry+Marshalling.swift */,
				1F415DEA295F841F00F49E82 /* PedometryBuffer.swift */,
				1F8868322947A2EE00085EC7 /* SevenDayPedometry.swift */,
				1F2B8AAD294B688300075248 /* SevenDaysMockup.csv */,
			);
			path = Accelerometry;
			sourceTree = "<group>";
		};
		1FF3544F27921191000894B8 /* Extensions */ = {
			isa = PBXGroup;
			children = (
				1FD4568C279F217700B5429A /* CoreGraphics+Extensions.swift */,
				1FB684FC27F274CF00612924 /* CoreMotion+extensions.swift */,
				1FD4568A279F208400B5429A /* FileManager+extensions.swift */,
				1F56E67328F0C94E00746FF9 /* FloatEquatable.swift */,
				1FF3545027921204000894B8 /* Formatting+Extensions.swift */,
				1FB684F927F252BA00612924 /* Numeric+extensions.swift */,
			);
			path = Extensions;
			sourceTree = "<group>";
		};
		1FFB30DE277BE4FA0099AE5E /* Views */ = {
			isa = PBXGroup;
			children = (
				1FD0EAC429AFBD18003D9E7A /* SubjectIDFormatter.swift */,
				1F9A48A929C4F9AF00B956C9 /* Reformed Cards */,
				1FDBB3F9281C494F00D0A7E9 /* Instructions */,
				1FFB310B27879BC80099AE5E /* Walking */,
				1FF11B3A279A173D00E319ED /* DASI */,
				1FFB30E9277F89A70099AE5E /* YesNoView */,
				1F60B0A1276FCE410026D28B /* ReportView.swift */,
				1F60B09D276FB6E20026D28B /* GenericInstructionView.swift */,
				1F8A065727A4841400477379 /* ApplicationOnboardView.swift */,
				1FBCEEE8294CD4ED00A4D86F /* ApplicationGreetingView.swift */,
				1F1C4E0728D3DB0500547C7A /* TaggedField.swift */,
			);
			path = Views;
			sourceTree = "<group>";
		};
		1FFB30E9277F89A70099AE5E /* YesNoView */ = {
			isa = PBXGroup;
			children = (
				1F9A28A928F9D7F80099F5D8 /* YesNoButtonView.swift */,
				1FA3B8B927D69BFC0058F1AF /* YesNoStack.swift */,
			);
			path = YesNoView;
			sourceTree = "<group>";
		};
		1FFB310B27879BC80099AE5E /* Walking */ = {
			isa = PBXGroup;
			children = (
				1F2B8AAB294A7A5400075248 /* WalkingContainer+Phases.swift */,
				1FEA9ED6279A23B3004F3B83 /* SubsecondHandView.swift */,
				1FF11B3B279A184A00E319ED /* SweepSecondView.swift */,
				1F1C4DF328D3A2CC00547C7A /* DigitalTimerView.swift */,
				1F1C4DE828D39E3C00547C7A /* WalkingContainerView.swift */,
				1FFB31092787997E0099AE5E /* MinSecFormatter.swift */,
			);
			path = Walking;
			sourceTree = "<group>";
		};
/* End PBXGroup section */

/* Begin PBXNativeTarget section */
		1F0B675D276FA6CA00011A7E /* Better StepTests */ = {
			isa = PBXNativeTarget;
			buildConfigurationList = 1F0B6775276FA6CA00011A7E /* Build configuration list for PBXNativeTarget "Better StepTests" */;
			buildPhases = (
				1F0B675A276FA6CA00011A7E /* Sources */,
				1F0B675B276FA6CA00011A7E /* Frameworks */,
				1F0B675C276FA6CA00011A7E /* Resources */,
			);
			buildRules = (
			);
			dependencies = (
			);
			name = "Better StepTests";
			productName = "Better StepTests";
			productReference = 1F0B675E276FA6CA00011A7E /* Better StepTests.xctest */;
			productType = "com.apple.product-type.bundle.unit-test";
		};
		1F0B6767276FA6CA00011A7E /* Better StepUITests */ = {
			isa = PBXNativeTarget;
			buildConfigurationList = 1F0B6778276FA6CA00011A7E /* Build configuration list for PBXNativeTarget "Better StepUITests" */;
			buildPhases = (
				1F0B6764276FA6CA00011A7E /* Sources */,
				1F0B6765276FA6CA00011A7E /* Frameworks */,
				1F0B6766276FA6CA00011A7E /* Resources */,
			);
			buildRules = (
			);
			dependencies = (
			);
			name = "Better StepUITests";
			productName = "Better StepUITests";
			productReference = 1F0B6768276FA6CA00011A7E /* Better StepUITests.xctest */;
			productType = "com.apple.product-type.bundle.ui-testing";
		};
		1FA281CD28DBBA160038353E /* Better Step */ = {
			isa = PBXNativeTarget;
			buildConfigurationList = 1FA281D928DBBA170038353E /* Build configuration list for PBXNativeTarget "Better Step" */;
			buildPhases = (
				1FA281CA28DBBA160038353E /* Sources */,
				1FA281CB28DBBA160038353E /* Frameworks */,
				1FA281CC28DBBA160038353E /* Resources */,
			);
			buildRules = (
			);
			dependencies = (
			);
			name = "Better Step";
			packageProductDependencies = (
				1FA2823328DBBC3F0038353E /* Collections */,
				1FA2823528DBBC3F0038353E /* DequeModule */,
				1FA2823728DBBC3F0038353E /* OrderedCollections */,
				1FA2823928DBBC3F0038353E /* Algorithms */,
				1FA2823B28DBBC3F0038353E /* ActivityView */,
				1FA2823D28DBBC3F0038353E /* ZIPFoundation */,
				1FA2823F28DBBC800038353E /* RealModule */,
			);
			productName = "Better Step";
			productReference = 1FA281CE28DBBA160038353E /* Better Step.app */;
			productType = "com.apple.product-type.application";
		};
/* End PBXNativeTarget section */

/* Begin PBXProject section */
		1F0B6746276FA6C900011A7E /* Project object */ = {
			isa = PBXProject;
			attributes = {
				BuildIndependentTargetsInParallel = 1;
				LastSwiftUpdateCheck = 1420;
				LastUpgradeCheck = 1320;
				TargetAttributes = {
					1F0B675D276FA6CA00011A7E = {
						CreatedOnToolsVersion = 13.2.1;
						TestTargetID = 1F0B674D276FA6C900011A7E;
					};
					1F0B6767276FA6CA00011A7E = {
						CreatedOnToolsVersion = 13.2.1;
						TestTargetID = 1F0B674D276FA6C900011A7E;
					};
					1FA281CD28DBBA160038353E = {
						CreatedOnToolsVersion = 14.0;
					};
				};
			};
			buildConfigurationList = 1F0B6749276FA6C900011A7E /* Build configuration list for PBXProject "Better Step" */;
			compatibilityVersion = "Xcode 14.0";
			developmentRegion = en;
			hasScannedForEncodings = 0;
			knownRegions = (
				en,
				Base,
			);
			mainGroup = 1F0B6745276FA6C900011A7E;
			packageReferences = (
				1FF354422790D1F5000894B8 /* XCRemoteSwiftPackageReference "swift-collections" */,
				1F8A064E27A3528E00477379 /* XCRemoteSwiftPackageReference "swift-algorithms" */,
				1F1BD8D327D1450300568ADF /* XCRemoteSwiftPackageReference "swift-numerics" */,
				1FDE826227E3D7F700CD8368 /* XCRemoteSwiftPackageReference "ActivityView" */,
				1F3B49E928DA37B700133765 /* XCRemoteSwiftPackageReference "ZIPFoundation" */,
			);
			productRefGroup = 1F0B674F276FA6C900011A7E /* Products */;
			projectDirPath = "";
			projectRoot = "";
			targets = (
				1FA281CD28DBBA160038353E /* Better Step */,
				1F0B675D276FA6CA00011A7E /* Better StepTests */,
				1F0B6767276FA6CA00011A7E /* Better StepUITests */,
			);
		};
/* End PBXProject section */

/* Begin PBXResourcesBuildPhase section */
		1F0B675C276FA6CA00011A7E /* Resources */ = {
			isa = PBXResourcesBuildPhase;
			buildActionMask = 2147483647;
			files = (
			);
			runOnlyForDeploymentPostprocessing = 0;
		};
		1F0B6766276FA6CA00011A7E /* Resources */ = {
			isa = PBXResourcesBuildPhase;
			buildActionMask = 2147483647;
			files = (
			);
			runOnlyForDeploymentPostprocessing = 0;
		};
		1FA281CC28DBBA160038353E /* Resources */ = {
			isa = PBXResourcesBuildPhase;
			buildActionMask = 2147483647;
			files = (
				1FA2822E28DBBB940038353E /* onboard-intro.json in Resources */,
				1FA2822B28DBBB940038353E /* walk-intro.json in Resources */,
				1F21D06729CCCF9B001AD9F4 /* conclusion.json in Resources */,
				1FC7477228E787AD00817041 /* A.ahap in Resources */,
				1F2FA76528F7585E007B2D74 /* AAAbeep.ahap in Resources */,
				1FA2822C28DBBB940038353E /* usability-intro.json in Resources */,
				1FC7477328E787AD00817041 /* N.ahap in Resources */,
				1FAC0893299C2F9200772455 /* Assets.xcassets in Resources */,
				1FA2822D28DBBB940038353E /* USurveyQuestions.json in Resources */,
				1F2FA76428F7585E007B2D74 /* NNNbeep.ahap in Resources */,
				1FA2823228DBBC070038353E /* Countdowns.m4a in Resources */,
				1FA2822928DBBB620038353E /* LaunchScreen.storyboard in Resources */,
				1FA2823128DBBB940038353E /* second-walk-intro.json in Resources */,
				1F6456F8294D29FA0064DADA /* TestXYZT.json in Resources */,
				1FC7477428E787AD00817041 /* AAA.ahap in Resources */,
				1FA2822F28DBBB940038353E /* DASIQuestions.json in Resources */,
				1FC7477528E787AD00817041 /* NNN.ahap in Resources */,
				1F2B8AAE294B688300075248 /* SevenDaysMockup.csv in Resources */,
			);
			runOnlyForDeploymentPostprocessing = 0;
		};
/* End PBXResourcesBuildPhase section */

/* Begin PBXSourcesBuildPhase section */
		1F0B675A276FA6CA00011A7E /* Sources */ = {
			isa = PBXSourcesBuildPhase;
			buildActionMask = 2147483647;
			files = (
				1FF1331627A1D0DF004D6647 /* FMExtensionsTests.swift in Sources */,
				1FF1331327A0BE78004D6647 /* DASIReportTests.swift in Sources */,
				1FD5139928DCF8AC00418F38 /* DASIResponseTests.swift in Sources */,
				1F0B6763276FA6CA00011A7E /* Better_StepTests.swift in Sources */,
			);
			runOnlyForDeploymentPostprocessing = 0;
		};
		1F0B6764276FA6CA00011A7E /* Sources */ = {
			isa = PBXSourcesBuildPhase;
			buildActionMask = 2147483647;
			files = (
				1F8A064D27A34EAC00477379 /* Better_StepUITestsLaunchTests.swift in Sources */,
				1FA2824228DBBDD10038353E /* Better_StepUITests.swift in Sources */,
			);
			runOnlyForDeploymentPostprocessing = 0;
		};
		1FA281CA28DBBA160038353E /* Sources */ = {
			isa = PBXSourcesBuildPhase;
			buildActionMask = 2147483647;
			files = (
				1F87E1A32919979C000908AE /* TopPhases.swift in Sources */,
				1FC7477728EB55F500817041 /* IncomingAccelerometry.swift in Sources */,
				1FA2820F28DBBB270038353E /* Numeric+extensions.swift in Sources */,
				1FA281F428DBBB270038353E /* DASIUserResponse.swift in Sources */,
				1FA2821D28DBBB270038353E /* DASIResponseList.swift in Sources */,
				1F5D7CAC2999B88200FFB414 /* error-support.swift in Sources */,
				1F9A48AC29C4FB2400B956C9 /* CardContent.swift in Sources */,
				1FA61F1A2909D393000D4824 /* UsabilityInterstitialView.swift in Sources */,
				1F56E67428F0C94E00746FF9 /* FloatEquatable.swift in Sources */,
				1FA281DF28DBBB270038353E /* Formatting+Extensions.swift in Sources */,
				1FA2821828DBBB270038353E /* MinSecAndFraction.swift in Sources */,
				1FD0EAC529AFBD18003D9E7A /* SubjectIDFormatter.swift in Sources */,
				1FA9EA1F29144C4A00498D01 /* UsabilityContainer.swift in Sources */,
				1F9A28AA28F9D7F80099F5D8 /* YesNoButtonView.swift in Sources */,
				1FA2822428DBBB270038353E /* CoreGraphics+Extensions.swift in Sources */,
				1F2B8AAC294A7A5400075248 /* WalkingContainer+Phases.swift in Sources */,
				1F9A48B429C4FBD500B956C9 /* CardErrorCodes.swift in Sources */,
				1FA281E028DBBB270038353E /* ConclusionView.swift in Sources */,
				1FA2820B28DBBB270038353E /* OnboardContainerView.swift in Sources */,
				1FA2820728DBBB270038353E /* UsabilitySummaryView.swift in Sources */,
				1FA17C0129CA310F0082FB53 /* UploadCompletionNotification.swift in Sources */,
				1FA281E928DBBB270038353E /* DASICompleteView.swift in Sources */,
				1FE86BF62941092D00BAF811 /* WalkUsabilityForm.swift in Sources */,
				1FA2820828DBBB270038353E /* WalkingContainerView.swift in Sources */,
				1FA281FC28DBBB270038353E /* DASIOnboardView.swift in Sources */,
				1F9A48B229C4FBA900B956C9 /* BackToolbarView.swift in Sources */,
				1FA2821028DBBB270038353E /* MinSecFormatter.swift in Sources */,
				1F6998332999A67A00A0AC80 /* PerformUpload.swift in Sources */,
				1F59876529063A5E00B004CA /* SurveyContainerView+content.swift in Sources */,
				1F891BB82950E9B3006C09DF /* Better_StepApp.swift in Sources */,
				1FA2820528DBBB270038353E /* XYZ.swift in Sources */,
				1F32980828F4C652003B9827 /* Timekeeper.swift in Sources */,
				1FA281EC28DBBB270038353E /* DASIStages.swift in Sources */,
				1F6456F4294CF6910064DADA /* TimedXYZ.swift in Sources */,
				1F9A48B029C4FB9900B956C9 /* InterCarousel.swift in Sources */,
				1F66586829709D4900EE75FE /* ZIPArchiver.swift in Sources */,
				1FA281FB28DBBB270038353E /* SweepSecondView.swift in Sources */,
				1FDEAB8629A80C5C008A6919 /* GenericInstructionView.swift in Sources */,
				1F1C79D7293E82290037B7AE /* WalkInfoResult.swift in Sources */,
				1F373C1B2953B8CC00126C9C /* PhaseStorage.swift in Sources */,
				1FA281EB28DBBB270038353E /* SubjectID.swift in Sources */,
				1FA281DC28DBBB270038353E /* TaggedField.swift in Sources */,
				1FC7477928EB59F300817041 /* CoreMotion+async.swift in Sources */,
				1FA281E528DBBB270038353E /* ASKeys.swift in Sources */,
				1F2B8AAA294A54F500075248 /* SeriesTag.swift in Sources */,
				1F6998342999A67A00A0AC80 /* UploadCreds.swift in Sources */,
				1FA2821428DBBB270038353E /* DASIQuestions.swift in Sources */,
				1FA2820928DBBB270038353E /* TopContainerView.swift in Sources */,
				1FA281FE28DBBB270038353E /* SubsecondHandView.swift in Sources */,
				1FA281F028DBBB270038353E /* MorseHaptic.swift in Sources */,
				1FA2821728DBBB270038353E /* ReportView.swift in Sources */,
				1F6998322999A67A00A0AC80 /* UploadTaskDelegate.swift in Sources */,
				1FA281FD28DBBB270038353E /* CoreMotion+extensions.swift in Sources */,
				1FA2822128DBBB270038353E /* SurveyContainerView.swift in Sources */,
				1FA2820D28DBBB270038353E /* FileManager+extensions.swift in Sources */,
				1FA281F328DBBB270038353E /* UsabilityQuestions.swift in Sources */,
				1F415DEB295F841F00F49E82 /* PedometryBuffer.swift in Sources */,
				1FA2821928DBBB270038353E /* InterstitialInfo.swift in Sources */,
				1F6998372999A67A00A0AC80 /* UPLData.swift in Sources */,
				1FC7477D28ECBE4500817041 /* IncomingAccelerometry+Marshalling.swift in Sources */,
				1FA2820628DBBB270038353E /* ApplicationOnboardView.swift in Sources */,
				1FA281F828DBBB270038353E /* DigitalTimerView.swift in Sources */,
				1F9A48AE29C4FB5900B956C9 /* SimplestCard.swift in Sources */,
				1FA2821528DBBB270038353E /* UsabilityView.swift in Sources */,
				1FA281F928DBBB270038353E /* DASIQuestionView.swift in Sources */,
				1FA9EA1A2911C1CD00498D01 /* ReportingPhase.swift in Sources */,
				1FA2822028DBBB270038353E /* InterstitialPageView.swift in Sources */,
				1F6998362999A67A00A0AC80 /* SessionDelegate.swift in Sources */,
				1FA2820C28DBBB270038353E /* CoreMotion.swift in Sources */,
				1FA281E128DBBB270038353E /* PlaybackMilestone.swift in Sources */,
				1F8868332947A2EE00085EC7 /* SevenDayPedometry.swift in Sources */,
				1FBCEEE9294CD4ED00A4D86F /* ApplicationGreetingView.swift in Sources */,
				1FA2820328DBBB270038353E /* YesNoStack.swift in Sources */,
				1FDEAB8529A80AE6008A6919 /* InterstitalPageContainerView.swift in Sources */,
			);
			runOnlyForDeploymentPostprocessing = 0;
		};
/* End PBXSourcesBuildPhase section */

/* Begin XCBuildConfiguration section */
		1F0B6770276FA6CA00011A7E /* Debug */ = {
			isa = XCBuildConfiguration;
			buildSettings = {
				ALWAYS_SEARCH_USER_PATHS = NO;
				CLANG_ANALYZER_NONNULL = YES;
				CLANG_ANALYZER_NUMBER_OBJECT_CONVERSION = YES_AGGRESSIVE;
				CLANG_CXX_LANGUAGE_STANDARD = "gnu++17";
				CLANG_CXX_LIBRARY = "libc++";
				CLANG_ENABLE_MODULES = YES;
				CLANG_ENABLE_OBJC_ARC = YES;
				CLANG_ENABLE_OBJC_WEAK = YES;
				CLANG_WARN_BLOCK_CAPTURE_AUTORELEASING = YES;
				CLANG_WARN_BOOL_CONVERSION = YES;
				CLANG_WARN_COMMA = YES;
				CLANG_WARN_CONSTANT_CONVERSION = YES;
				CLANG_WARN_DEPRECATED_OBJC_IMPLEMENTATIONS = YES;
				CLANG_WARN_DIRECT_OBJC_ISA_USAGE = YES_ERROR;
				CLANG_WARN_DOCUMENTATION_COMMENTS = YES;
				CLANG_WARN_EMPTY_BODY = YES;
				CLANG_WARN_ENUM_CONVERSION = YES;
				CLANG_WARN_INFINITE_RECURSION = YES;
				CLANG_WARN_INT_CONVERSION = YES;
				CLANG_WARN_NON_LITERAL_NULL_CONVERSION = YES;
				CLANG_WARN_OBJC_IMPLICIT_RETAIN_SELF = YES;
				CLANG_WARN_OBJC_LITERAL_CONVERSION = YES;
				CLANG_WARN_OBJC_ROOT_CLASS = YES_ERROR;
				CLANG_WARN_QUOTED_INCLUDE_IN_FRAMEWORK_HEADER = YES;
				CLANG_WARN_RANGE_LOOP_ANALYSIS = YES;
				CLANG_WARN_STRICT_PROTOTYPES = YES;
				CLANG_WARN_SUSPICIOUS_MOVE = YES;
				CLANG_WARN_UNGUARDED_AVAILABILITY = YES_AGGRESSIVE;
				CLANG_WARN_UNREACHABLE_CODE = YES;
				CLANG_WARN__DUPLICATE_METHOD_MATCH = YES;
				CODE_SIGN_IDENTITY = "Apple Development";
				COPY_PHASE_STRIP = NO;
				DEBUG_INFORMATION_FORMAT = dwarf;
				ENABLE_STRICT_OBJC_MSGSEND = YES;
				ENABLE_TESTABILITY = YES;
				GCC_C_LANGUAGE_STANDARD = gnu11;
				GCC_DYNAMIC_NO_PIC = NO;
				GCC_NO_COMMON_BLOCKS = YES;
				GCC_OPTIMIZATION_LEVEL = 0;
				GCC_PREPROCESSOR_DEFINITIONS = (
					"DEBUG=1",
					"$(inherited)",
				);
				GCC_WARN_64_TO_32_BIT_CONVERSION = YES;
				GCC_WARN_ABOUT_RETURN_TYPE = YES_ERROR;
				GCC_WARN_UNDECLARED_SELECTOR = YES;
				GCC_WARN_UNINITIALIZED_AUTOS = YES_AGGRESSIVE;
				GCC_WARN_UNUSED_FUNCTION = YES;
				GCC_WARN_UNUSED_VARIABLE = YES;
				GENERATE_INFOPLIST_FILE = YES;
				GENERATE_PKGINFO_FILE = YES;
				INFOPLIST_KEY_NSMotionUsageDescription = "Please allow this app to measure your activity by sampling your motions.";
				IPHONEOS_DEPLOYMENT_TARGET = 15.6;
				MACOSX_DEPLOYMENT_TARGET = 13.0;
				MTL_ENABLE_DEBUG_INFO = INCLUDE_SOURCE;
				MTL_FAST_MATH = YES;
				ONLY_ACTIVE_ARCH = YES;
				SDKROOT = iphoneos;
				SWIFT_ACTIVE_COMPILATION_CONDITIONS = "DEBUG BETA_API";
				SWIFT_OPTIMIZATION_LEVEL = "-Onone";
			};
			name = Debug;
		};
		1F0B6771276FA6CA00011A7E /* Release */ = {
			isa = XCBuildConfiguration;
			buildSettings = {
				ALWAYS_SEARCH_USER_PATHS = NO;
				CLANG_ANALYZER_NONNULL = YES;
				CLANG_ANALYZER_NUMBER_OBJECT_CONVERSION = YES_AGGRESSIVE;
				CLANG_CXX_LANGUAGE_STANDARD = "gnu++17";
				CLANG_CXX_LIBRARY = "libc++";
				CLANG_ENABLE_MODULES = YES;
				CLANG_ENABLE_OBJC_ARC = YES;
				CLANG_ENABLE_OBJC_WEAK = YES;
				CLANG_WARN_BLOCK_CAPTURE_AUTORELEASING = YES;
				CLANG_WARN_BOOL_CONVERSION = YES;
				CLANG_WARN_COMMA = YES;
				CLANG_WARN_CONSTANT_CONVERSION = YES;
				CLANG_WARN_DEPRECATED_OBJC_IMPLEMENTATIONS = YES;
				CLANG_WARN_DIRECT_OBJC_ISA_USAGE = YES_ERROR;
				CLANG_WARN_DOCUMENTATION_COMMENTS = YES;
				CLANG_WARN_EMPTY_BODY = YES;
				CLANG_WARN_ENUM_CONVERSION = YES;
				CLANG_WARN_INFINITE_RECURSION = YES;
				CLANG_WARN_INT_CONVERSION = YES;
				CLANG_WARN_NON_LITERAL_NULL_CONVERSION = YES;
				CLANG_WARN_OBJC_IMPLICIT_RETAIN_SELF = YES;
				CLANG_WARN_OBJC_LITERAL_CONVERSION = YES;
				CLANG_WARN_OBJC_ROOT_CLASS = YES_ERROR;
				CLANG_WARN_QUOTED_INCLUDE_IN_FRAMEWORK_HEADER = YES;
				CLANG_WARN_RANGE_LOOP_ANALYSIS = YES;
				CLANG_WARN_STRICT_PROTOTYPES = YES;
				CLANG_WARN_SUSPICIOUS_MOVE = YES;
				CLANG_WARN_UNGUARDED_AVAILABILITY = YES_AGGRESSIVE;
				CLANG_WARN_UNREACHABLE_CODE = YES;
				CLANG_WARN__DUPLICATE_METHOD_MATCH = YES;
				CODE_SIGN_IDENTITY = "Apple Development";
				COPY_PHASE_STRIP = NO;
				DEBUG_INFORMATION_FORMAT = "dwarf-with-dsym";
				ENABLE_NS_ASSERTIONS = NO;
				ENABLE_STRICT_OBJC_MSGSEND = YES;
				GCC_C_LANGUAGE_STANDARD = gnu11;
				GCC_NO_COMMON_BLOCKS = YES;
				GCC_WARN_64_TO_32_BIT_CONVERSION = YES;
				GCC_WARN_ABOUT_RETURN_TYPE = YES_ERROR;
				GCC_WARN_UNDECLARED_SELECTOR = YES;
				GCC_WARN_UNINITIALIZED_AUTOS = YES_AGGRESSIVE;
				GCC_WARN_UNUSED_FUNCTION = YES;
				GCC_WARN_UNUSED_VARIABLE = YES;
				GENERATE_INFOPLIST_FILE = YES;
				GENERATE_PKGINFO_FILE = YES;
				INFOPLIST_KEY_NSMotionUsageDescription = "Please allow this app to measure your activity by sampling your motions.";
				IPHONEOS_DEPLOYMENT_TARGET = 15.6;
				MACOSX_DEPLOYMENT_TARGET = 13.0;
				MTL_ENABLE_DEBUG_INFO = NO;
				MTL_FAST_MATH = YES;
				SDKROOT = iphoneos;
				SWIFT_ACTIVE_COMPILATION_CONDITIONS = BETA_API;
				SWIFT_COMPILATION_MODE = wholemodule;
				SWIFT_OPTIMIZATION_LEVEL = "-O";
				VALIDATE_PRODUCT = YES;
			};
			name = Release;
		};
		1F0B6776276FA6CA00011A7E /* Debug */ = {
			isa = XCBuildConfiguration;
			buildSettings = {
				ALWAYS_EMBED_SWIFT_STANDARD_LIBRARIES = YES;
				BUNDLE_LOADER = "$(TEST_HOST)";
				CODE_SIGN_STYLE = Automatic;
				CURRENT_PROJECT_VERSION = 1;
				DEVELOPMENT_TEAM = J2E8MMY7GM;
				GENERATE_INFOPLIST_FILE = YES;
				MARKETING_VERSION = 1.0;
				PRODUCT_BUNDLE_IDENTIFIER = "com.wt9t.Better-StepTests";
				PRODUCT_NAME = "$(TARGET_NAME)";
				SWIFT_ACTIVE_COMPILATION_CONDITIONS = "";
				SWIFT_EMIT_LOC_STRINGS = NO;
				SWIFT_VERSION = 5.0;
				TARGETED_DEVICE_FAMILY = "1,2";
				TEST_HOST = "$(BUILT_PRODUCTS_DIR)/Better Step.app/Better Step";
			};
			name = Debug;
		};
		1F0B6777276FA6CA00011A7E /* Release */ = {
			isa = XCBuildConfiguration;
			buildSettings = {
				ALWAYS_EMBED_SWIFT_STANDARD_LIBRARIES = YES;
				BUNDLE_LOADER = "$(TEST_HOST)";
				CODE_SIGN_STYLE = Automatic;
				CURRENT_PROJECT_VERSION = 1;
				DEVELOPMENT_TEAM = J2E8MMY7GM;
				GENERATE_INFOPLIST_FILE = YES;
				MARKETING_VERSION = 1.0;
				PRODUCT_BUNDLE_IDENTIFIER = "com.wt9t.Better-StepTests";
				PRODUCT_NAME = "$(TARGET_NAME)";
				SWIFT_EMIT_LOC_STRINGS = NO;
				SWIFT_VERSION = 5.0;
				TARGETED_DEVICE_FAMILY = "1,2";
				TEST_HOST = "$(BUILT_PRODUCTS_DIR)/Better Step.app/Better Step";
			};
			name = Release;
		};
		1F0B6779276FA6CA00011A7E /* Debug */ = {
			isa = XCBuildConfiguration;
			buildSettings = {
				ALWAYS_EMBED_SWIFT_STANDARD_LIBRARIES = YES;
				CODE_SIGN_STYLE = Automatic;
				CURRENT_PROJECT_VERSION = 1;
				DEVELOPMENT_TEAM = J2E8MMY7GM;
				GENERATE_INFOPLIST_FILE = YES;
				MARKETING_VERSION = 1.0;
				PRODUCT_BUNDLE_IDENTIFIER = "com.wt9t.Better-StepUITests";
				PRODUCT_NAME = "$(TARGET_NAME)";
				SWIFT_EMIT_LOC_STRINGS = NO;
				SWIFT_VERSION = 5.0;
				TARGETED_DEVICE_FAMILY = "1,2";
				TEST_TARGET_NAME = "Better Step";
			};
			name = Debug;
		};
		1F0B677A276FA6CA00011A7E /* Release */ = {
			isa = XCBuildConfiguration;
			buildSettings = {
				ALWAYS_EMBED_SWIFT_STANDARD_LIBRARIES = YES;
				CODE_SIGN_STYLE = Automatic;
				CURRENT_PROJECT_VERSION = 1;
				DEVELOPMENT_TEAM = J2E8MMY7GM;
				GENERATE_INFOPLIST_FILE = YES;
				MARKETING_VERSION = 1.0;
				PRODUCT_BUNDLE_IDENTIFIER = "com.wt9t.Better-StepUITests";
				PRODUCT_NAME = "$(TARGET_NAME)";
				SWIFT_EMIT_LOC_STRINGS = NO;
				SWIFT_VERSION = 5.0;
				TARGETED_DEVICE_FAMILY = "1,2";
				TEST_TARGET_NAME = "Better Step";
			};
			name = Release;
		};
		1FA281DA28DBBA170038353E /* Debug */ = {
			isa = XCBuildConfiguration;
			buildSettings = {
				ASSETCATALOG_COMPILER_APPICON_NAME = AppIcon;
				ASSETCATALOG_COMPILER_GLOBAL_ACCENT_COLOR_NAME = AccentColor;
				CLANG_CXX_LANGUAGE_STANDARD = "gnu++20";
				CODE_SIGN_ENTITLEMENTS = "Better Step/Better Step.entitlements";
				CODE_SIGN_STYLE = Automatic;
				CURRENT_PROJECT_VERSION = 9;
				DEBUG_INFORMATION_FORMAT = "dwarf-with-dsym";
				DEVELOPMENT_ASSET_PATHS = "\"Better Step/Preview Content\"";
				DEVELOPMENT_TEAM = J2E8MMY7GM;
				ENABLE_PREVIEWS = YES;
				GENERATE_INFOPLIST_FILE = YES;
				INFOPLIST_FILE = "Better-Step-Info.plist";
				INFOPLIST_KEY_LSApplicationCategoryType = NO;
				INFOPLIST_KEY_NSHealthClinicalHealthRecordsShareUsageDescription = "[OUR APP] Needs access to your records to report your daily steps.";
				INFOPLIST_KEY_NSHealthShareUsageDescription = "[OUR APP] Needs access to your records to report your daily steps.";
				INFOPLIST_KEY_NSHealthUpdateUsageDescription = "[OUR APP] Needs access to your records to report your daily steps.";
				INFOPLIST_KEY_NSMotionUsageDescription = "Please allow this app to measure your activity by sampling your motions.";
				INFOPLIST_KEY_UIApplicationSupportsIndirectInputEvents = YES;
				INFOPLIST_KEY_UILaunchScreen_Generation = YES;
				INFOPLIST_KEY_UISupportedInterfaceOrientations = UIInterfaceOrientationPortrait;
				INFOPLIST_KEY_UISupportedInterfaceOrientations_iPad = "UIInterfaceOrientationLandscapeLeft UIInterfaceOrientationLandscapeRight UIInterfaceOrientationPortrait UIInterfaceOrientationPortraitUpsideDown";
				IPHONEOS_DEPLOYMENT_TARGET = 16.2;
				LD_RUNPATH_SEARCH_PATHS = (
					"$(inherited)",
					"@executable_path/Frameworks",
				);
				MARKETING_VERSION = 1.0;
				PRODUCT_BUNDLE_IDENTIFIER = "com.wt9t.Better-Step";
				PRODUCT_NAME = "$(TARGET_NAME)";
				SUPPORTED_PLATFORMS = "iphoneos iphonesimulator";
				SUPPORTS_MACCATALYST = NO;
				SUPPORTS_MAC_DESIGNED_FOR_IPHONE_IPAD = NO;
				SWIFT_EMIT_LOC_STRINGS = YES;
				SWIFT_VERSION = 5.0;
				TARGETED_DEVICE_FAMILY = 1;
			};
			name = Debug;
		};
		1FA281DB28DBBA170038353E /* Release */ = {
			isa = XCBuildConfiguration;
			buildSettings = {
				ASSETCATALOG_COMPILER_APPICON_NAME = AppIcon;
				ASSETCATALOG_COMPILER_GLOBAL_ACCENT_COLOR_NAME = AccentColor;
				CLANG_CXX_LANGUAGE_STANDARD = "gnu++20";
				CODE_SIGN_ENTITLEMENTS = "Better Step/Better Step.entitlements";
				CODE_SIGN_STYLE = Automatic;
				CURRENT_PROJECT_VERSION = 9;
				DEVELOPMENT_ASSET_PATHS = "\"Better Step/Preview Content\"";
				DEVELOPMENT_TEAM = J2E8MMY7GM;
				ENABLE_PREVIEWS = YES;
				GENERATE_INFOPLIST_FILE = YES;
				INFOPLIST_FILE = "Better-Step-Info.plist";
				INFOPLIST_KEY_LSApplicationCategoryType = NO;
				INFOPLIST_KEY_NSHealthClinicalHealthRecordsShareUsageDescription = "[OUR APP] Needs access to your records to report your daily steps.";
				INFOPLIST_KEY_NSHealthShareUsageDescription = "[OUR APP] Needs access to your records to report your daily steps.";
				INFOPLIST_KEY_NSHealthUpdateUsageDescription = "[OUR APP] Needs access to your records to report your daily steps.";
				INFOPLIST_KEY_NSMotionUsageDescription = "Please allow this app to measure your activity by sampling your motions.";
				INFOPLIST_KEY_UIApplicationSupportsIndirectInputEvents = YES;
				INFOPLIST_KEY_UILaunchScreen_Generation = YES;
				INFOPLIST_KEY_UISupportedInterfaceOrientations = UIInterfaceOrientationPortrait;
				INFOPLIST_KEY_UISupportedInterfaceOrientations_iPad = "UIInterfaceOrientationLandscapeLeft UIInterfaceOrientationLandscapeRight UIInterfaceOrientationPortrait UIInterfaceOrientationPortraitUpsideDown";
				IPHONEOS_DEPLOYMENT_TARGET = 16.2;
				LD_RUNPATH_SEARCH_PATHS = (
					"$(inherited)",
					"@executable_path/Frameworks",
				);
				MARKETING_VERSION = 1.0;
				PRODUCT_BUNDLE_IDENTIFIER = "com.wt9t.Better-Step";
				PRODUCT_NAME = "$(TARGET_NAME)";
				SUPPORTED_PLATFORMS = "iphoneos iphonesimulator";
				SUPPORTS_MACCATALYST = NO;
				SUPPORTS_MAC_DESIGNED_FOR_IPHONE_IPAD = NO;
				SWIFT_EMIT_LOC_STRINGS = YES;
				SWIFT_VERSION = 5.0;
				TARGETED_DEVICE_FAMILY = 1;
			};
			name = Release;
		};
/* End XCBuildConfiguration section */

/* Begin XCConfigurationList section */
		1F0B6749276FA6C900011A7E /* Build configuration list for PBXProject "Better Step" */ = {
			isa = XCConfigurationList;
			buildConfigurations = (
				1F0B6770276FA6CA00011A7E /* Debug */,
				1F0B6771276FA6CA00011A7E /* Release */,
			);
			defaultConfigurationIsVisible = 0;
			defaultConfigurationName = Release;
		};
		1F0B6775276FA6CA00011A7E /* Build configuration list for PBXNativeTarget "Better StepTests" */ = {
			isa = XCConfigurationList;
			buildConfigurations = (
				1F0B6776276FA6CA00011A7E /* Debug */,
				1F0B6777276FA6CA00011A7E /* Release */,
			);
			defaultConfigurationIsVisible = 0;
			defaultConfigurationName = Release;
		};
		1F0B6778276FA6CA00011A7E /* Build configuration list for PBXNativeTarget "Better StepUITests" */ = {
			isa = XCConfigurationList;
			buildConfigurations = (
				1F0B6779276FA6CA00011A7E /* Debug */,
				1F0B677A276FA6CA00011A7E /* Release */,
			);
			defaultConfigurationIsVisible = 0;
			defaultConfigurationName = Release;
		};
		1FA281D928DBBA170038353E /* Build configuration list for PBXNativeTarget "Better Step" */ = {
			isa = XCConfigurationList;
			buildConfigurations = (
				1FA281DA28DBBA170038353E /* Debug */,
				1FA281DB28DBBA170038353E /* Release */,
			);
			defaultConfigurationIsVisible = 0;
			defaultConfigurationName = Release;
		};
/* End XCConfigurationList section */

/* Begin XCRemoteSwiftPackageReference section */
		1F1BD8D327D1450300568ADF /* XCRemoteSwiftPackageReference "swift-numerics" */ = {
			isa = XCRemoteSwiftPackageReference;
			repositoryURL = "https://github.com/apple/swift-numerics.git";
			requirement = {
				kind = upToNextMajorVersion;
				minimumVersion = 1.0.0;
			};
		};
		1F3B49E928DA37B700133765 /* XCRemoteSwiftPackageReference "ZIPFoundation" */ = {
			isa = XCRemoteSwiftPackageReference;
			repositoryURL = "https://github.com/weichsel/ZIPFoundation";
			requirement = {
				branch = development;
				kind = branch;
			};
		};
		1F8A064E27A3528E00477379 /* XCRemoteSwiftPackageReference "swift-algorithms" */ = {
			isa = XCRemoteSwiftPackageReference;
			repositoryURL = "https://github.com/apple/swift-algorithms.git";
			requirement = {
				kind = upToNextMinorVersion;
				minimumVersion = 1.0.0;
			};
		};
		1FDE826227E3D7F700CD8368 /* XCRemoteSwiftPackageReference "ActivityView" */ = {
			isa = XCRemoteSwiftPackageReference;
			repositoryURL = "https://github.com/SwiftUI-Plus/ActivityView";
			requirement = {
				kind = upToNextMajorVersion;
				minimumVersion = 1.0.0;
			};
		};
		1FF354422790D1F5000894B8 /* XCRemoteSwiftPackageReference "swift-collections" */ = {
			isa = XCRemoteSwiftPackageReference;
			repositoryURL = "https://github.com/apple/swift-collections.git";
			requirement = {
				kind = upToNextMinorVersion;
				minimumVersion = 1.0.0;
			};
		};
/* End XCRemoteSwiftPackageReference section */

/* Begin XCSwiftPackageProductDependency section */
		1FA2823328DBBC3F0038353E /* Collections */ = {
			isa = XCSwiftPackageProductDependency;
			package = 1FF354422790D1F5000894B8 /* XCRemoteSwiftPackageReference "swift-collections" */;
			productName = Collections;
		};
		1FA2823528DBBC3F0038353E /* DequeModule */ = {
			isa = XCSwiftPackageProductDependency;
			package = 1FF354422790D1F5000894B8 /* XCRemoteSwiftPackageReference "swift-collections" */;
			productName = DequeModule;
		};
		1FA2823728DBBC3F0038353E /* OrderedCollections */ = {
			isa = XCSwiftPackageProductDependency;
			package = 1FF354422790D1F5000894B8 /* XCRemoteSwiftPackageReference "swift-collections" */;
			productName = OrderedCollections;
		};
		1FA2823928DBBC3F0038353E /* Algorithms */ = {
			isa = XCSwiftPackageProductDependency;
			package = 1F8A064E27A3528E00477379 /* XCRemoteSwiftPackageReference "swift-algorithms" */;
			productName = Algorithms;
		};
		1FA2823B28DBBC3F0038353E /* ActivityView */ = {
			isa = XCSwiftPackageProductDependency;
			package = 1FDE826227E3D7F700CD8368 /* XCRemoteSwiftPackageReference "ActivityView" */;
			productName = ActivityView;
		};
		1FA2823D28DBBC3F0038353E /* ZIPFoundation */ = {
			isa = XCSwiftPackageProductDependency;
			package = 1F3B49E928DA37B700133765 /* XCRemoteSwiftPackageReference "ZIPFoundation" */;
			productName = ZIPFoundation;
		};
		1FA2823F28DBBC800038353E /* RealModule */ = {
			isa = XCSwiftPackageProductDependency;
			package = 1F1BD8D327D1450300568ADF /* XCRemoteSwiftPackageReference "swift-numerics" */;
			productName = RealModule;
		};
/* End XCSwiftPackageProductDependency section */
	};
	rootObject = 1F0B6746276FA6C900011A7E /* Project object */;
}
